github.com/aws/aws-sdk-go-v2 v1.4.0 h1:Ryh4fNebT9SwLyCKPSk83dyEZj+KB6KzDyb1gXii7EI=
github.com/aws/aws-sdk-go-v2 v1.4.0/go.mod h1:tI4KhsR5VkzlUa2DZAdwx7wCAYGwkZZ1H31PYrBFx1w=
github.com/aws/aws-sdk-go-v2/config v1.1.7 h1:I9AsaodDiw1WbUBn8b4Ktvr2ltPBe7QfLq4UUZY4GsY=
github.com/aws/aws-sdk-go-v2/config v1.1.7/go.mod h1:6GFyKv06rDCBCIOmWe9vLi7ofCkE7y8aqI6a3tFWNQ0=
github.com/aws/aws-sdk-go-v2/credentials v1.1.7 h1:hpg13GGT/j7Zv+xkJ+0p2Pj1NvnRSNIX1XI4WI02kq8=
github.com/aws/aws-sdk-go-v2/credentials v1.1.7/go.mod h1:xYCvIyeVCRC9DmG3Zv/pxlZEEIBYf4fY/jSUVSrr58M=
github.com/aws/aws-sdk-go-v2/feature/ec2/imds v1.0.7 h1:WdPPgbL9Kl4UrEdiy6IdQioPuXSBg8HJcU9eihiCWOE=
github.com/aws/aws-sdk-go-v2/feature/ec2/imds v1.0.7/go.mod h1:51hY5nMAiL2EF8ny/pFovWYoKZTcEfOw0WWKcq2E9AQ=
github.com/aws/aws-sdk-go-v2/service/accessanalyzer v1.3.1 h1:dezlUNb/VpSprpfEP6YoDfRMh8po/AXLQV8gBl34lik=
github.com/aws/aws-sdk-go-v2/service/accessanalyzer v1.3.1/go.mod h1:LvYvfq2H/CxtMDkIGKC5TtLxS2epadHDFdLQb/+bo00=
github.com/aws/aws-sdk-go-v2/service/acm v1.2.3 h1:enz1WrQC0p4hjX2yuam+tabBxlS/LwBQbiIw0lcMsik=
github.com/aws/aws-sdk-go-v2/service/acm v1.2.3/go.mod h1:SRObyrV2zRh671s0IpiwJKhQ2v9cluQw451xWYAGW6w=
github.com/aws/aws-sdk-go-v2/service/amplify v1.1.6 h1:LliOlsYpPAIybIbnKhGPeLIGAvUeWnc//NU0w+vPo+w=
github.com/aws/aws-sdk-go-v2/service/amplify v1.1.6/go.mod h1:ZnnQjH+fE2NnHze3ghwzG/yOsihpGU6bFNjUs22Rhj4=
github.com/aws/aws-sdk-go-v2/service/apigateway v1.3.0 h1:r/dtValu/nWQKVSbqNTIZ1MLIq7wJ0CVfcaBcg0xzT4=
github.com/aws/aws-sdk-go-v2/service/apigateway v1.3.0/go.mod h1:vM1HppGyxOGGOtfUpQpueXrAFMVdciKmtopQYHPOC4c=
github.com/aws/aws-sdk-go-v2/service/apigatewayv2 v1.2.3 h1:HiUx+yK3hhzyBLxbBCfZiKIoz2cSoHlJshdpOR5yjnA=
github.com/aws/aws-sdk-go-v2/service/apigatewayv2 v1.2.3/go.mod h1:jvobJKbHobQfWBfFPHLZSgt0eRmbrs0YXh6BvyTo/4Q=
github.com/aws/aws-sdk-go-v2/service/applicationautoscaling v1.2.3 h1:qJJWyG7RyWTliejTA0K6oO2YacdL7DpbfMx/DLDolVo=
github.com/aws/aws-sdk-go-v2/service/applicationautoscaling v1.2.3/go.mod h1:JFHIoyxEKMUjjFDnOqMOdMRPBQIlSRIxwvQIFk5uw+s=
github.com/aws/aws-sdk-go-v2/service/appmesh v1.2.3 h1:qAngjUAYQTOGJ6dCLtdfEJg0Pnbjo5YPhPKWD37o7G0=
github.com/aws/aws-sdk-go-v2/service/appmesh v1.2.3/go.mod h1:s9ipoeAbsQK/Q6m6jfvkvtJw9DuSYvO8tflLUqP1v70=
github.com/aws/aws-sdk-go-v2/service/appsync v1.2.3 h1:MBncpPZFbVZw1RpcnEhDMsB+ZaVsjTsqjFKg5QL+quE=
github.com/aws/aws-sdk-go-v2/service/appsync v1.2.3/go.mod h1:05DZQ2rBQmV1Ms74L+Wth+a9e66aA7ygKov1fKeHbzA=
github.com/aws/aws-sdk-go-v2/service/athena v1.2.3 h1:1vGn37TL8L1mBglgOEPS6XJXijcqHZK/YzDkr1E87qs=
github.com/aws/aws-sdk-go-v2/service/athena v1.2.3/go.mod h1:V+Y7OG16nrKQs3ZBeNDmFS9UhZJ93ZeDGR7zVqQqQzA=
github.com/aws/aws-sdk-go-v2/service/autoscaling v1.3.1 h1:fQkypDE1Ll/W61tm8GoswgLjWfO8y1f50yXw5lA4uFo=
github.com/aws/aws-sdk-go-v2/service/autoscaling v1.3.1/go.mod h1:DVmOqpa3F7vhAuGfs2zse1f3N3mX64hCimRNSYiqnKE=
github.com/aws/aws-sdk-go-v2/service/backup v1.2.3 h1:rjGn5D3dJLiCH9Bks5aewphHfOku5vNg7rmOacikWys=
github.com/aws/aws-sdk-go-v2/service/backup v1.2.3/go.mod h1:9bPeudCNmGh3zW6jJe3MZrEawCMjyluaGdhDKWIfo30=
github.com/aws/aws-sdk-go-v2/service/batch v1.3.2 h1:1AQoiNlTORO4e/9u0czwDGRv2yhXbH4JRXzSlJK7j4E=
github.com/aws/aws-sdk-go-v2/service/batch v1.3.2/go.mod h1:mc5pIkFA9Tr1QjOkZHFwqYXxZkwOWyxNweNhIUsPQfY=
github.com/aws/aws-sdk-go-v2/service/budgets v1.1.6 h1:jZjZtk23oXfiJtIbhx5BWbOp8ywzzM1BJIvHVLgP+n0=
github.com/aws/aws-sdk-go-v2/service/budgets v1.1.6/go.mod h1:741VOFt+RKq8nd0Fk3Vjw+kxHecLS7rjiypNPcut1wg=
github.com/aws/aws-sdk-go-v2/service/cloud9 v1.3.1 h1:/8elymwDj+J8kr5GC+mnettLVvEZqoSgotpwcAb0HfI=
github.com/aws/aws-sdk-go-v2/service/cloud9 v1.3.1/go.mod h1:XX8fzKrgxDPGWgUh7u+OtIfXwwDD3QbU2OwJfg1XQ1U=
github.com/aws/aws-sdk-go-v2/service/cloudformation v1.4.0 h1:KMrvrZPwbaOQLh4EKGBWQzKQ4djf1I8Id5pWuUdM/lI=
github.com/aws/aws-sdk-go-v2/service/cloudformation v1.4.0/go.mod h1:62sOPaD3mMuhugnDIEACo8frus6RtSDTtI1uY4Ts8JA=
github.com/aws/aws-sdk-go-v2/service/cloudfront v1.4.0 h1:bTZhbZAR1pbAEvSzfNuPeh+UGI9FfdPxXYPWgZCSaYM=
github.com/aws/aws-sdk-go-v2/service/cloudfront v1.4.0/go.mod h1:qVEABePSf7seVKm3k+JiiCBFG7F2rbiVVCo7LgfZZlQ=
github.com/aws/aws-sdk-go-v2/service/cloudtrail v1.2.3 h1:4w6j+jaHNlt+EM3irmJh+adUaf2GiUZQV2Fi8j9arR8=
github.com/aws/aws-sdk-go-v2/service/cloudtrail v1.2.3/go.mod h1:lBZtlWyeCOQHdQkT8gWFKwn7C7WhkSJ0HV0gGtZc+OA=
github.com/aws/aws-sdk-go-v2/service/cloudwatch v1.3.2 h1:sRWlB51tRmNBxIUaFSsL221owoHmqZ5gpfOIUvBrhrg=
github.com/aws/aws-sdk-go-v2/service/cloudwatch v1.3.2/go.mod h1:DVgKFj53j+J3YjKjKyHMQEmXe2f+zsZqL7MOmuoHlfo=
github.com/aws/aws-sdk-go-v2/service/cloudwatchevents v1.3.2 h1:4u47k+v9zdLeptmHifLBGCFIqPfGLfNLmm3b3q2zRu4=
github.com/aws/aws-sdk-go-v2/service/cloudwatchevents v1.3.2/go.mod h1:GOU90Li766zlKWCfBXGUtq1c8PGvZG0p7NOXD06DbVk=
github.com/aws/aws-sdk-go-v2/service/cloudwatchlogs v1.2.3 h1:Nndr+JIWrHV7VZOYPvRfI0teEDxRXQuZ/IsPalo8Zg0=
github.com/aws/aws-sdk-go-v2/service/cloudwatchlogs v1.2.3/go.mod h1:SMDBeigW7S6RmOMSAwbukEb5JM5WHwUOvNOzZXDXRR4=
github.com/aws/aws-sdk-go-v2/service/codebuild v1.3.1 h1:3fYB9s3M2kOjDL1KTkvwDjeSh96KrzR/wliHThDWp0U=
github.com/aws/aws-sdk-go-v2/service/codebuild v1.3.1/go.mod h1:UIUENSiSOSImEijIXt7JSEaJiAnXD35T8ZoABKIfA0c=
github.com/aws/aws-sdk-go-v2/service/codecommit v1.1.6 h1:g58nlv2CLgnrlo+MtvwYhS7mHWqO8+JKS703pf6I9n8=
github.com/aws/aws-sdk-go-v2/service/codecommit v1.1.6/go.mod h1:4Of0fTS+6V+QBJFFRBAA0SKlaYKk3s7m/54uTA4wqhg=
github.com/aws/aws-sdk-go-v2/service/codedeploy v1.3.1 h1:fyDkDvL6zF6SL1CtfWrwabPeF9Yd1W/XM9AmJyKAU0s=
github.com/aws/aws-sdk-go-v2/service/codedeploy v1.3.1/go.mod h1:po2Zf3He+FIaJS9KihvxEU75fimxbKLMt742DbN/VoA=
github.com/aws/aws-sdk-go-v2/service/codepipeline v1.2.3 h1:6cvhmMOq7/CieCQL1EWp/OXdMD63SfQ1ikFIMJ1KOf4=
github.com/aws/aws-sdk-go-v2/service/codepipeline v1.2.3/go.mod h1:nZU1akYVWO04PYlQbmbuqWDbsJbtCmvCdPHvxiYDqTY=
github.com/aws/aws-sdk-go-v2/service/codestar v1.1.6 h1:eGyDJC1zGt/ROJmZ1DT9kQqFctG4/QiqaHraM2sPP7s=
github.com/aws/aws-sdk-go-v2/service/codestar v1.1.6/go.mod h1:6fdvraYRIfx2pGIGDZwxeEryAy6EZhGGVQN0tp5Y4SA=
github.com/aws/aws-sdk-go-v2/service/cognitoidentity v1.2.3 h1:CLRmeqXHLb4zkGJbJM1/GZUGTSLxGDevF7NZ4JWnU5k=
github.com/aws/aws-sdk-go-v2/service/cognitoidentity v1.2.3/go.mod h1:S35DCFtO0HRFMm1TgRZ2BYspTXqT7KwoCH2wbmNt+/E=
github.com/aws/aws-sdk-go-v2/service/cognitoidentityprovider v1.2.4 h1:NgX6UmUQD2s5J4t2R20NSSsSt/vkCadkjE9dy6suWdE=
github.com/aws/aws-sdk-go-v2/service/cognitoidentityprovider v1.2.4/go.mod h1:TbBcsVbPP7gbzeSVpC2Vc1SlqdOd+uBHPT99jpq5LFA=
github.com/aws/aws-sdk-go-v2/service/configservice v1.4.1 h1:5+PpDnl85WVejcTNH/NIWk4nNBdjSGEDcttO+vs6GQQ=
github.com/aws/aws-sdk-go-v2/service/configservice v1.4.1/go.mod h1:n3K2dALVksrldVgi5D2MCZ567zdmNSq9VhT8OTfxJp0=
github.com/aws/aws-sdk-go-v2/service/databasemigrationservice v1.3.1 h1:Z9kQ32Lx83+WIqqABaXbxD3thzfATMLfo21sgjVcff8=
github.com/aws/aws-sdk-go-v2/service/databasemigrationservice v1.3.1/go.mod h1:E/FkHn5wAkepUj50V/Sy54SnjWghofloqwKdNCQGobE=
github.com/aws/aws-sdk-go-v2/service/dax v1.1.6 h1:eybdFsaYXwgc5Iylr5BGJwy6wtsCKWQWbI1Ek/RFPRw=
github.com/aws/aws-sdk-go-v2/service/dax v1.1.6/go.mod h1:t0P2/Z9uL3FKJ9FSl8rYzPaV9lxBaLWKzOCxL4LE1KY=
github.com/aws/aws-sdk-go-v2/service/docdb v1.4.0 h1:qXmr1ku7LFuvsImX4++Hrv/SG04JmBL0gcV94++rP2U=
github.com/aws/aws-sdk-go-v2/service/docdb v1.4.0/go.mod h1:v8lHyqpwPe7V5aqk21Vk7ItcjEWJ/kqGBy9V0wWF+E8=
github.com/aws/aws-sdk-go-v2/service/dynamodb v1.2.3 h1:6riWCax3yf7BfWeqnrJb1b50X/qO8nYhqLefVWNdUbc=
github.com/aws/aws-sdk-go-v2/service/dynamodb v1.2.3/go.mod h1:KDrhOqQxtJ4F2wKeF43BS15LZgG5Zx4V1BuUIhPanCc=
github.com/aws/aws-sdk-go-v2/service/dynamodbstreams v1.1.6 h1:BCnc1qu4PCA1NgQ9jK/nykU5U3J0VND2gH8xwbb/4Ek=
github.com/aws/aws-sdk-go-v2/service/dynamodbstreams v1.1.6/go.mod h1:LYwl/0iiaro37VjlsnhpjSQ4KeoUkZSEU21qb3hmS5A=
github.com/aws/aws-sdk-go-v2/service/ec2 v1.6.0 h1:WCsqMxDpjs7y/D1rCu4jmnsUCppoIdpKPdMCuJW9JSQ=
github.com/aws/aws-sdk-go-v2/service/ec2 v1.6.0/go.mod h1:Jc0S3ebphyGkMRu4+heOtNgJrEIqDUULdQJBknRSojk=
github.com/aws/aws-sdk-go-v2/service/ecr v1.2.3 h1:r091VMBvuZbYWz0ufhyBA97OGtR1F4Butf+4iYXE4VE=
github.com/aws/aws-sdk-go-v2/service/ecr v1.2.3/go.mod h1:k/W1mhCAgepYQ8F5PHgNJCTNqp0gCqMjKJ0V8KKHk+4=
github.com/aws/aws-sdk-go-v2/service/ecs v1.3.0 h1:URwY8rW6NrkRudpZfnLFOhKzYihPccOL1NQDNAhJ1c4=
github.com/aws/aws-sdk-go-v2/service/ecs v1.3.0/go.mod h1:kxSXhwHFTLMVbhvlP9nQ58EW7H7kM9yBaKkQvGExm1o=
github.com/aws/aws-sdk-go-v2/service/efs v1.2.3 h1:CGUCg5RUChZ7jF0j8K+fJJp51uF5AZIS2ltD85pb0NM=
github.com/aws/aws-sdk-go-v2/service/efs v1.2.3/go.mod h1:fv43T3gGDhvXw3Qv9yGZwhjoURp8bMEoYHsLlK0SfhM=
github.com/aws/aws-sdk-go-v2/service/eks v1.3.0 h1:GmFCD3eXOUJdKBpwxxqCXRaIeEcPj1FFEjLD9DbTAbc=
github.com/aws/aws-sdk-go-v2/service/eks v1.3.0/go.mod h1:xZlQ3VdyhaXOKPdiFKofTs25knyF8qOOZ7BFyrRZACw=
github.com/aws/aws-sdk-go-v2/service/elasticache v1.4.1 h1:kLhIMpbdLcA0d6zHp2aD8BIiZ7jt0UqEjrivLU8wRpQ=
github.com/aws/aws-sdk-go-v2/service/elasticache v1.4.1/go.mod h1:yzxg/zRsjQXlyLtepYkFbOarc7GhTP+q2tsxowBMO8c=
github.com/aws/aws-sdk-go-v2/service/elasticbeanstalk v1.2.3 h1:yq1OYKaNyArQLDEAL8rt8mj+Y8HLbQlSZYC8joHfE7Y=
github.com/aws/aws-sdk-go-v2/service/elasticbeanstalk v1.2.3/go.mod h1:D6DO3ne0oAtl3SoAlIK1bkNKkYny4X4fVYL4Nb3qOM0=
github.com/aws/aws-sdk-go-v2/service/elasticloadbalancing v1.2.3 h1:nM5GXAcrBJDxswsQjxKKI52PdzhZNbusRB5wARv94W4=
github.com/aws/aws-sdk-go-v2/service/elasticloadbalancing v1.2.3/go.mod h1:vXSKeCB7J5+zTOJ8DiRk4QoxatBvxvpXu0ezHK2DNf0=
github.com/aws/aws-sdk-go-v2/service/elasticloadbalancingv2 v1.2.3 h1:bldt44i55EsCYF3s6VcE7ZEgWIXeqQPHGAehpPNwHaU=
github.com/aws/aws-sdk-go-v2/service/elasticloadbalancingv2 v1.2.3/go.mod h1:99CMn2Q5YhzCpR9gjn/wn52zz+eY6FA4bpJevZL4ndg=
github.com/aws/aws-sdk-go-v2/service/elasticsearchservice v1.2.3 h1:qq48s/vm6sjP+2V2N1uoHzzbmgVYPk7VEeJ1ozAeOpw=
github.com/aws/aws-sdk-go-v2/service/elasticsearchservice v1.2.3/go.mod h1:0URIXiiM9SPCZc1xwhDlvKHQ08+m6Gx7Rg1whm7JVWM=
github.com/aws/aws-sdk-go-v2/service/emr v1.2.3 h1:EPKIvpsWlCuNtqUACfBruoENIO8i9jCw0RzTzhwRMUQ=
github.com/aws/aws-sdk-go-v2/service/emr v1.2.3/go.mod h1:93qZ4EdoHY8Y3qAodvtJHjtPg3cRrIjvK7iIRu+wCH4=
github.com/aws/aws-sdk-go-v2/service/firehose v1.2.3 h1:8IqZHUIXCMRSPScK5RX/OzBjSIRR0ZgrhSiYxFk19i8=
github.com/aws/aws-sdk-go-v2/service/firehose v1.2.3/go.mod h1:wYfBmoS1jSlXs/B8bIuIeGuNFMPPcF2+iFP5Qww+OPM=
github.com/aws/aws-sdk-go-v2/service/fsx v1.3.1 h1:VKpOWSOSxBrXzRHJPw8YeoZAMnuHeUvIl6E4G475ZUE=
github.com/aws/aws-sdk-go-v2/service/fsx v1.3.1/go.mod h1:d1TX8Z8meVFQvp4nMX+30GcM4XG5NUs+5k+QqjRBvOY=
github.com/aws/aws-sdk-go-v2/service/glue v1.4.0 h1:KyrfB3dhZNChtRNM6WYm7qtsrk+x5IRhRcFwR2uBwZ8=
github.com/aws/aws-sdk-go-v2/service/glue v1.4.0/go.mod h1:Uo7C8bh7aq+oCcWBXfv8phGEjBxI/FKZGR7f/anDXzI=
github.com/aws/aws-sdk-go-v2/service/greengrass v1.3.2 h1:aVoCvn/eee1DdDwmyRUWCzhAd5I4Ye6wvZ5o7/UXUKs=
github.com/aws/aws-sdk-go-v2/service/greengrass v1.3.2/go.mod h1:8DHsyKFT7dgd1PU4Bsi0Vnm0gJuQpCh8dmtnqUYGgqE=
github.com/aws/aws-sdk-go-v2/service/guardduty v1.2.3 h1:wYI8eQQsyRtG/TcEr8RzM8cTROK4rJjBP/lnYTwagHI=
github.com/aws/aws-sdk-go-v2/service/guardduty v1.2.3/go.mod h1:EKd1pSKUifU5WUC8UUQUb0oLL4ewSqqZQlWedpKUPAA=
github.com/aws/aws-sdk-go-v2/service/iam v1.3.2 h1:nvLUnBgxrh+V5y6NXFZj/bzmT3/nA5ZVmxGRD3vXOjo=
github.com/aws/aws-sdk-go-v2/service/iam v1.3.2/go.mod h1:+jZphfaThPcVZlyKBFEI+Ne+A/D71Yq+LSFXu63OKlk=
github.com/aws/aws-sdk-go-v2/service/imagebuilder v1.3.1 h1:3Htk4ZiesKnUYvJKTzFf77sTw+uLR78olaZ5YAzPoRs=
github.com/aws/aws-sdk-go-v2/service/imagebuilder v1.3.1/go.mod h1:ORmUhmyFd//7wsj3w1eGD9I8l2qREO+SiM4MY9PIHVk=
github.com/aws/aws-sdk-go-v2/service/internal/accept-encoding v1.0.5 h1:+mt5yscnvgVX40gMh4vzZL6DEvwBeG+FQ6Pod+mjBzE=
github.com/aws/aws-sdk-go-v2/service/internal/accept-encoding v1.0.5/go.mod h1:zdjOOy0ojUn3iNELo6ycIHSMCp4xUbycSHfb8PnbbyM=
github.com/aws/aws-sdk-go-v2/service/internal/presigned-url v1.0.7 h1:/XUEk2eY/QGzCHSX5LH4vp+UMKTSVVCroUfgkzPGIzE=
github.com/aws/aws-sdk-go-v2/service/internal/presigned-url v1.0.7/go.mod h1:Fl3kxN4ucBIPuAHKHRn+wTGylFzMCEjRfmfHqZuEh8o=
github.com/aws/aws-sdk-go-v2/service/internal/s3shared v1.2.3 h1:UdeR29h0zefxsGPfRUTyakG9q00asuRJRxf/0fXZOTc=
github.com/aws/aws-sdk-go-v2/service/internal/s3shared v1.2.3/go.mod h1:5Uu3K+MX4cwGfPbfheZ+OtYD8qJxANqpKDddRkaVpNM=
github.com/aws/aws-sdk-go-v2/service/iot v1.3.2 h1:2E8RKfnD2vNe4dtV7FesQ8cRBxa9AGkGUIe8+61la34=
github.com/aws/aws-sdk-go-v2/service/iot v1.3.2/go.mod h1:hC2shepIwZoAAz1UJY5PyglripA+qaIi5LzJLTUae/A=
github.com/aws/aws-sdk-go-v2/service/iotsitewise v1.3.0 h1:sqvS2Di3KI9xcNmHyGXBz6/+bF2xwe4N5wIh1t4chzg=
github.com/aws/aws-sdk-go-v2/service/iotsitewise v1.3.0/go.mod h1:hE5kTeOH1BuJ0vGbWDS7y+AmEWIxfGXVF1Y1C+sryo0=
github.com/aws/aws-sdk-go-v2/service/kafka v1.3.0 h1:ULCGoAny40qrVCH9DQO2zBVpW2+HYenYd2fuh6fLErE=
github.com/aws/aws-sdk-go-v2/service/kafka v1.3.0/go.mod h1:H7BtVBM+8m/xpyl5QUdxjGL8lYzBR8GMnPg0vdMGxxM=
github.com/aws/aws-sdk-go-v2/service/kinesis v1.2.3 h1:r/VIRVjgbKjI1jeJPVlmaf1rhPjnx3pl0+MjWURQKAY=
github.com/aws/aws-sdk-go-v2/service/kinesis v1.2.3/go.mod h1:+Dx6PpiqDI0+9XLt9bOnne1rnTxkKNThigGaWeA/dFg=
github.com/aws/aws-sdk-go-v2/service/kms v1.2.3 h1:Sn7FAHwdN5/Rnuwg1l0q36oeTFt963FVIoSNyQUYUCM=
github.com/aws/aws-sdk-go-v2/service/kms v1.2.3/go.mod h1:byvZ9ldlrnT6qZK2n5PxpGIQwP8Th8q2JKjenKCuLso=
github.com/aws/aws-sdk-go-v2/service/lambda v1.2.3 h1:F4GGFhEElB1sY7XuKUPIdFM5Iwm11ZbrUUl3fEBO9QU=
github.com/aws/aws-sdk-go-v2/service/lambda v1.2.3/go.mod h1:sbDXqYWU5BzLGQ1xQY1+spn6Ir6voyH/omxUkx8tTBE=
github.com/aws/aws-sdk-go-v2/service/mq v1.1.6 h1:BQKOKJfOXOwP+iyl3IGx+5e2Yk7dJJ/by/SzdF3qswg=
github.com/aws/aws-sdk-go-v2/service/mq v1.1.6/go.mod h1:fyCSKMlNs2vdFkK/ccb6cu2Lyr5gg5EHMO9PfBes/XA=
github.com/aws/aws-sdk-go-v2/service/neptune v1.3.3 h1:/BXaYz+nU8hAXADnahCtgiei9TrxPYa0dNPrmgqwkB4=
github.com/aws/aws-sdk-go-v2/service/neptune v1.3.3/go.mod h1:BSNT2D26bWFDiVmjV99nP6c6MVvPHyoFuyQEx0E4Geg=
github.com/aws/aws-sdk-go-v2/service/qldb v1.1.6 h1:wmio1VXEVhBZTualcBSgo9XrNNoQy6N6aOfl388r+A4=
github.com/aws/aws-sdk-go-v2/service/qldb v1.1.6/go.mod h1:up0BrYznVWSxILAnhIWKIczwha5mVfEt8EvVfA4pDPQ=
github.com/aws/aws-sdk-go-v2/service/rds v1.3.1 h1:bxypysGps7elizmzMhTtHU4vdzbLqnfcCkd6pKCE2+A=
github.com/aws/aws-sdk-go-v2/service/rds v1.3.1/go.mod h1:YUJlJOT4dDHdfZhxR+YYQJT+lWQRcO4PGtMfetqlrmI=
github.com/aws/aws-sdk-go-v2/service/redshift v1.5.1 h1:f8wgSUdlwLKZI/6/RvypUbNqUOO6/aTU+igRyivXjkE=
github.com/aws/aws-sdk-go-v2/service/redshift v1.5.1/go.mod h1:IviRi4znfIqsJXN2gVMDKNnkDrGYGyxqnmxYXJmUjKY=
github.com/aws/aws-sdk-go-v2/service/route53 v1.5.0 h1:pElmeJjj+4a/eyOiY7Fhj9cBTuvQP16FrRHcY4YBmVE=
github.com/aws/aws-sdk-go-v2/service/route53 v1.5.0/go.mod h1:rc8BFfeKArrCF8I1wmYOF3Bhm+DW/LWVOZEpSG12v2o=
github.com/aws/aws-sdk-go-v2/service/s3 v1.6.0 h1:EMihU4D4F9S/TytkQGcHSLeUHjRRjnPi0D+Xkoq6odU=
github.com/aws/aws-sdk-go-v2/service/s3 v1.6.0/go.mod h1:ZL2jsEchmM8FG2h+vzb06zoZR3WA2ykKidyT6AopGzA=
github.com/aws/aws-sdk-go-v2/service/sagemaker v1.4.0 h1:zw6b3ADzKdnfYPfgrmtIvgL8Qr/USraxLbNumcwE5X8=
github.com/aws/aws-sdk-go-v2/service/sagemaker v1.4.0/go.mod h1:gvrdbKSSuBwrVLk/ouBnR2pMdCfR1biuZ9pU9zY43mI=
github.com/aws/aws-sdk-go-v2/service/secretsmanager v1.2.3 h1:6uyBa84gephbdxbqQIugV2GyiLxIw9+6cF851Zxrszc=
github.com/aws/aws-sdk-go-v2/service/secretsmanager v1.2.3/go.mod h1:TPZqqdD2BruNpa7ztaCwkoSqwWn6hJNeg5CpeynTsVE=
github.com/aws/aws-sdk-go-v2/service/servicecatalog v1.2.3 h1:Gni38sLAJVvAe1KqX2N+JMaXt4BSEFtGdb5puxiua/c=
github.com/aws/aws-sdk-go-v2/service/servicecatalog v1.2.3/go.mod h1:LvYUZqEoqH6FnvXZSQ0vwIWyQVmEnTZjxU/aQIb76Ec=
github.com/aws/aws-sdk-go-v2/service/servicediscovery v1.3.0 h1:ycgJ3hRGzuAtkaHlq1w2vX6YnXovwi04BqqUBP/BFUo=
github.com/aws/aws-sdk-go-v2/service/servicediscovery v1.3.0/go.mod h1:6eFiGCh9Ex6xMi4lHpN9VyynrgSDOysUsAk94qYcbyE=
github.com/aws/aws-sdk-go-v2/service/ses v1.2.3 h1:TLNw9hJCQXWf9edJBzDBUtBP/KJb1mGOHfOECuaTitc=
github.com/aws/aws-sdk-go-v2/service/ses v1.2.3/go.mod h1:qvxM/k7JRj7WjZdeczT2JNSo49N7B7VOu8X65ocOeh0=
github.com/aws/aws-sdk-go-v2/service/sfn v1.2.3 h1:8PRS0mYtXfgkiqyxbdFEj78MjbAuQLonpez3t4gg1WA=
github.com/aws/aws-sdk-go-v2/service/sfn v1.2.3/go.mod h1:JELe8/vYREOpHJQeyo2pVkYYqYq4wr1D2cDokyBa/W4=
github.com/aws/aws-sdk-go-v2/service/signer v1.2.3 h1:H97q6yow+PWhMH5/MBdSN0pBEqW29kax9o4Wyy1e37A=
github.com/aws/aws-sdk-go-v2/service/signer v1.2.3/go.mod h1:ViWLCguda5cV90/7dIHUNODs15CaWOfdfFRbGJefWgI=
github.com/aws/aws-sdk-go-v2/service/sns v1.3.0 h1:f8P9Ib+rUInjcnzp3rEOPEIpOPq91howcLicjHnLaYg=
github.com/aws/aws-sdk-go-v2/service/sns v1.3.0/go.mod h1:UK0TgCWPIzyrg1V50xUZeZ0jnuZPtRInH9qvHcESTk4=
github.com/aws/aws-sdk-go-v2/service/sqs v1.3.2 h1:h+MQ5ak5pvIaQU2U7js7/jmU6s8cuPt9tKuSF7tXzYE=
github.com/aws/aws-sdk-go-v2/service/sqs v1.3.2/go.mod h1:azU2fdsGG7VXFyFLUT5LhN19DjGIJIbUFacx29jR6H4=
github.com/aws/aws-sdk-go-v2/service/ssm v1.5.0 h1:i9s2HQ8KSLiSIFHKJ6s2eovQSmmlJqovwMwl4LA4E88=
github.com/aws/aws-sdk-go-v2/service/ssm v1.5.0/go.mod h1:lIltYbvDsd6wW7q0Wj7ao70lcoaIPSOL6QmN6aVu7o4=
github.com/aws/aws-sdk-go-v2/service/sso v1.1.6 h1:oS6Jdb6ZwD7U1OqJYqyGbgcU0VJ15E3XbiIIp0clge8=
github.com/aws/aws-sdk-go-v2/service/sso v1.1.6/go.mod h1:EO4s+JzAllrWKgNjS/Q4mj43vGimSvhWCB6BLognegc=
github.com/aws/aws-sdk-go-v2/service/sts v1.3.1 h1:tAn9Kvjfq2F2rCeTbMOLtDBQVjLLSIvm21BTUFoswss=
github.com/aws/aws-sdk-go-v2/service/sts v1.3.1/go.mod h1:QPpnumNNgybBiz3HXGgDRf/QypAMOOsh4+JdOhG5mLU=
github.com/aws/aws-sdk-go-v2/service/transfer v1.2.3 h1:yRSSYF2Rh6DN7t3dXDTgGj3qrOt/ihi7F10qxHaiVHE=
github.com/aws/aws-sdk-go-v2/service/transfer v1.2.3/go.mod h1:Fqbr/zVcpuQLnkjQ67RkBXt6WB6q5tPIZmkaQ1OSMJM=
github.com/aws/aws-sdk-go-v2/service/waf v1.1.6 h1:hb2yAI0jsa4XZucMEuzAxvUKwgckQV6PDY6tqb4bSnE=
github.com/aws/aws-sdk-go-v2/service/waf v1.1.6/go.mod h1:I6qTRDkuVdjPb+SowaRasCAqt6M4DYsZ34MyvK73QYU=
github.com/aws/aws-sdk-go-v2/service/wafregional v1.2.3 h1:Ha7rl4hiTHrkU+UPcrJ7f4ktxWyVDLlghevb1kuRqdc=
github.com/aws/aws-sdk-go-v2/service/wafregional v1.2.3/go.mod h1:DA2C5K40/NxZvj4SLxnEaVTiY7DapGmAs7W3aJtwmO8=
github.com/aws/aws-sdk-go-v2/service/wafv2 v1.4.1 h1:F8QKT/8Jk50VeXs0XO1fEefBjzNSLs6FLMfHAEdyuEw=
github.com/aws/aws-sdk-go-v2/service/wafv2 v1.4.1/go.mod h1:OWjvL5LRjkpCIqaGqSq1lATV/A95wgwARoeSFsuxYCU=
github.com/aws/aws-sdk-go-v2/service/workspaces v1.2.3 h1:vl1Xoipf+BC2YiYfWUDZVoS4tCBf46WCenkbtm58yFE=
github.com/aws/aws-sdk-go-v2/service/workspaces v1.2.3/go.mod h1:11aF0BjHAHTp+4oxHAFuNhEe1hyuyI6JmLkZKj/C6jQ=
github.com/aws/smithy-go v1.4.0 h1:3rsQpgRe+OoQgJhEwGNpIkosl0fJLdmQqF4gSFRjg+4=
github.com/aws/smithy-go v1.4.0/go.mod h1:SObp3lf9smib00L/v3U2eAKG8FyQ7iLrJnQiAmR5n+E=
github.com/davecgh/go-spew v1.1.0 h1:ZDRjVQ15GmhC3fiQ8ni8+OwkZQO4DARzQgrnXU1Liz8=
github.com/davecgh/go-spew v1.1.0/go.mod h1:J7Y8YcW2NihsgmVo/mv3lAwl/skON4iLHjSsI+c5H38=
github.com/fatih/structs v1.1.0 h1:Q7juDM0QtcnhCpeyLGQKyg4TOIghuNXrkL32pHAUMxo=
github.com/fatih/structs v1.1.0/go.mod h1:9NiDSp5zOcgEDl+j00MP/WkGVPOlPRLejGD8Ga6PJ7M=
github.com/google/go-cmp v0.5.4 h1:L8R9j+yAqZuZjsqh/z+F1NCffTKKLShY6zXTItVIZ8M=
github.com/google/go-cmp v0.5.4/go.mod h1:v8dTdLbMG2kIc/vJvl+f65V22dbkXbowE6jgT/gNBxE=
github.com/jmespath/go-jmespath v0.4.0 h1:BEgLn5cpjn8UN1mAw4NjwDrS35OdebyEtFe+9YPoQUg=
github.com/jmespath/go-jmespath v0.4.0/go.mod h1:T8mJZnbsbmF+m6zOOFylbeCJqk5+pHWvzYPziyZiYoo=
github.com/jmespath/go-jmespath/internal/testify v1.5.1 h1:shLQSRRSCCPj3f2gpwzGwWFoC7ycTf1rcQZHOlsJ6N8=
github.com/jmespath/go-jmespath/internal/testify v1.5.1/go.mod h1:L3OGu8Wl2/fWfCI6z80xFu9LTZmf1ZRjMHUOPmWr69U=
github.com/pmezard/go-difflib v1.0.0 h1:4DBwDE0NGyQoBHbLQYPwSUPoCMWR5BEzIk/f1lZbAQM=
github.com/pmezard/go-difflib v1.0.0/go.mod h1:iKH77koFhYxTK1pcRnkKkqfTogsbg7gZNVY4sRDYZ/4=
github.com/stretchr/objx v0.1.0/go.mod h1:HFkY916IF+rwdDfMAkV7OtwuqBVzrE8GR6GFx+wExME=
golang.org/x/xerrors v0.0.0-20191204190536-9bdfabe68543 h1:E7g+9GITq07hpfrRu66IVDexMakfv52eLZ2CXBWiKr4=
golang.org/x/xerrors v0.0.0-20191204190536-9bdfabe68543/go.mod h1:I/5z698sn9Ka8TeJc9MKroUUfqBBauWjQqLJ2OPfmY0=
gopkg.in/check.v1 v0.0.0-20161208181325-20d25e280405 h1:yhCVgyC4o1eVCa2tZl7eS0r+SDo693bJlVdllGtEeKM=
gopkg.in/check.v1 v0.0.0-20161208181325-20d25e280405/go.mod h1:Co6ibVJAznAaIkqp8huTwlJQCZ016jof/cbN4VW5Yz0=
gopkg.in/yaml.v2 v2.2.8/go.mod h1:hI93XBmqTisBFMUTm0b8Fm+jr3Dg1NNxqwp+5A1VGuI=
gopkg.in/yaml.v2 v2.4.0 h1:D8xgwECY7CYvx+Y2n4sBz93Jn9JRvxdiyyo8CTfuKaY=
gopkg.in/yaml.v2 v2.4.0/go.mod h1:RDklbk79AGWmwhnvt/jBztapEOGDOx6ZbXqjP6csGnQ=
