github.com/aws/aws-sdk-go-v2 v1.16.4 h1:swQTEQUyJF/UkEA94/Ga55miiKFoXmm/Zd67XHgmjSg=
github.com/aws/aws-sdk-go-v2 v1.16.4/go.mod h1:ytwTPBG6fXTZLxxeeCCWj2/EMYp/xDUgX+OET6TLNNU=
github.com/aws/aws-sdk-go-v2/aws/protocol/eventstream v1.4.1 h1:SdK4Ppk5IzLs64ZMvr6MrSficMtjY2oS0WOORXTlxwU=
github.com/aws/aws-sdk-go-v2/aws/protocol/eventstream v1.4.1/go.mod h1:n8Bs1ElDD2wJ9kCRTczA83gYbBmjSwZp3umc6zF4EeM=
github.com/aws/aws-sdk-go-v2/config v1.15.7 h1:PrzhYjDpWnGSpjedmEapldQKPW4x8cCNzUI8XOho1CM=
github.com/aws/aws-sdk-go-v2/config v1.15.7/go.mod h1:exERlvqx1OoUHrxQpMgrmfSW0H6B1+r3xziZD3bBXRg=
github.com/aws/aws-sdk-go-v2/credentials v1.12.2 h1:tX4EHQFU4+O9at5QjnwIKb/Qgv7MbgbUNtqTRF0Vu2M=
github.com/aws/aws-sdk-go-v2/credentials v1.12.2/go.mod h1:/XWqDVuzclEKvzileqtD7/t+wIhOogv//6JFlKEe0Wc=
github.com/aws/aws-sdk-go-v2/feature/ec2/imds v1.12.5 h1:YPxclBeE07HsLQE8vtjC8T2emcTjM9nzqsnDi2fv5UM=
github.com/aws/aws-sdk-go-v2/feature/ec2/imds v1.12.5/go.mod h1:WAPnuhG5IQ/i6DETFl5NmX3kKqCzw7aau9NHAGcm4QE=
github.com/aws/aws-sdk-go-v2/internal/configsources v1.1.11 h1:gsqHplNh1DaQunEKZISK56wlpbCg0yKxNVvGWCFuF1k=
github.com/aws/aws-sdk-go-v2/internal/configsources v1.1.11/go.mod h1:tmUB6jakq5DFNcXsXOA/ZQ7/C8VnSKYkx58OI7Fh79g=
github.com/aws/aws-sdk-go-v2/internal/endpoints/v2 v2.4.5 h1:PLFj+M2PgIDHG//hw3T0O0KLI4itVtAjtxrZx4AHPLg=
github.com/aws/aws-sdk-go-v2/internal/endpoints/v2 v2.4.5/go.mod h1:fV1AaS2gFc1tM0RCb015FJ0pvWVUfJZANzjwoO4YakM=
github.com/aws/aws-sdk-go-v2/internal/ini v1.3.12 h1:j0VqrjtgsY1Bx27tD0ysay36/K4kFMWRp9K3ieO9nLU=
github.com/aws/aws-sdk-go-v2/internal/ini v1.3.12/go.mod h1:00c7+ALdPh4YeEUPXJzyU0Yy01nPGOq2+9rUaz05z9g=
github.com/aws/aws-sdk-go-v2/internal/v4a v1.0.2 h1:1fs9WkbFcMawQjxEI0B5L0SqvBhJZebxWM6Z3x/qHWY=
github.com/aws/aws-sdk-go-v2/internal/v4a v1.0.2/go.mod h1:0jDVeWUFPbI3sOfsXXAsIdiawXcn7VBLx/IlFVTRP64=
github.com/aws/aws-sdk-go-v2/service/accessanalyzer v1.15.5 h1:m6vzH2JDfrhOkukTS50RIszLNwer6Kv2e8+WrUDhKXU=
github.com/aws/aws-sdk-go-v2/service/accessanalyzer v1.15.5/go.mod h1:1UQhhwzSiBVBCpxqAHMhmo4j0xJJtdrC7k3zCkMeWL0=
github.com/aws/aws-sdk-go-v2/service/acm v1.14.5 h1:E4a5n89GqNh2tMoBKOE07UGfW1bGjcTiM0qufc/WtlE=
github.com/aws/aws-sdk-go-v2/service/acm v1.14.5/go.mod h1:n3Y9MllDloWVyr8MLt+GYSm04rlo26CPwEp4iefuXNk=
github.com/aws/aws-sdk-go-v2/service/amplify v1.11.6 h1:W2cskkD3BhRGwuFwwiFhfYF1tuSqbvqjjS9NJG2AJBg=
github.com/aws/aws-sdk-go-v2/service/amplify v1.11.6/go.mod h1:XLZkL1ZWGLfNNqt++LArZD+zE4sPpfXRiB8ukO7DB/I=
github.com/aws/aws-sdk-go-v2/service/apigateway v1.15.5 h1:NELpurAcQG7X7iy+tVuqw5GOsKS5qQEKB8Cm0RR/oxI=
github.com/aws/aws-sdk-go-v2/service/apigateway v1.15.5/go.mod h1:LAEdbmsP4QcD052UMa1RreHQiQRh3BusHyCMomn/7MQ=
github.com/aws/aws-sdk-go-v2/service/apigatewayv2 v1.12.5 h1:6b2oPld50/hAEkjlBlxFqBQ46PGqP7DafAVPZII79j4=
github.com/aws/aws-sdk-go-v2/service/apigatewayv2 v1.12.5/go.mod h1:q37rkUszPKLoS6/Mml9HbxYws6TO/dQEFaE1K21NfwA=
github.com/aws/aws-sdk-go-v2/service/applicationautoscaling v1.15.5 h1:3vr2DcQ8mMqxJgLzDf5X+m9l5M6q6RCGmIEH7k2qxJI=
github.com/aws/aws-sdk-go-v2/service/applicationautoscaling v1.15.5/go.mod h1:leFEhwC8uWoK5Splvj/zgJwKFsiUGHDT+C9hcK752IA=
github.com/aws/aws-sdk-go-v2/service/appmesh v1.14.0 h1:7B7GNBkYBEEpw6mwlkzUouiF2/yc+WY+h9Km9jZGuNs=
github.com/aws/aws-sdk-go-v2/service/appmesh v1.14.0/go.mod h1:DNJIqpwLowXNg43zaxwRYweVCQZMTgfRMsbGRg+Ssps=
github.com/aws/aws-sdk-go-v2/service/appsync v1.14.5 h1:SeURPVydpI6uzP36yK+n/QTl9nEUuhkAfxe22dLG5a0=
github.com/aws/aws-sdk-go-v2/service/appsync v1.14.5/go.mod h1:6rOJZDu1KdNxWCbuY1os/r750EFzgpjp5JVhAPoAAnU=
github.com/aws/aws-sdk-go-v2/service/athena v1.15.2 h1:tpZmiegIitCn6bhWP/rcifu0SerVib5ut70O20myBDs=
github.com/aws/aws-sdk-go-v2/service/athena v1.15.2/go.mod h1:yFFLcW4/pTJ8uIvIjutYYNkz4zJT9ekbfXt/fd8WZ/A=
github.com/aws/aws-sdk-go-v2/service/autoscaling v1.23.2 h1:RQhRsMv7qcIQXI6KO5MytJYXVo3cSl4EJQmGI9FTdcU=
github.com/aws/aws-sdk-go-v2/service/autoscaling v1.23.2/go.mod h1:M2gcYyhXfaxkXahv2lQAff/RpGWE+7g0Ni+bTAAffXw=
github.com/aws/aws-sdk-go-v2/service/backup v1.16.1 h1:9WZFmzRyu6A3Go2BYov8L+bB2n8JauLNr+xzMJnrC9Y=
github.com/aws/aws-sdk-go-v2/service/backup v1.16.1/go.mod h1:e52hvOhD4I9Keb065FXzo2RXZLUU/OEdVh/S/4wXXPs=
github.com/aws/aws-sdk-go-v2/service/batch v1.18.3 h1:rPUscxhzF1h15j3Bfq9c9CfvUG8pMxzhjIIcmzJgnfQ=
github.com/aws/aws-sdk-go-v2/service/batch v1.18.3/go.mod h1:DDZ2V5SKtprQ0hvgqZL1uuGJBSKgXa+vw5E2Yz41DnU=
github.com/aws/aws-sdk-go-v2/service/budgets v1.12.5 h1:Qz/nd1LQG603UEsAGDWrG7gSoPAqCyG+XoziJKXRCeQ=
github.com/aws/aws-sdk-go-v2/service/budgets v1.12.5/go.mod h1:dOXa82wFmRtsteuR4APL4dAXNQvBk98Ct/hP78n4Fek=
github.com/aws/aws-sdk-go-v2/service/cloud9 v1.16.5 h1:VfAThHWXoiMA5l1Q0zZJE25pgthAudjiUjz8t/jWryg=
github.com/aws/aws-sdk-go-v2/service/cloud9 v1.16.5/go.mod h1:VvEd6QLY68GkyPErCmvMhgYdjaeIjtEDkwg1KmnzYDY=
github.com/aws/aws-sdk-go-v2/service/cloudformation v1.20.5 h1:ecQoqO5lGAhkqUa0OrZOs/ArydmKUXKz0Y2i8OVuPKc=
github.com/aws/aws-sdk-go-v2/service/cloudformation v1.20.5/go.mod h1:huercjBWqY2xTjzk/oxYfClRmtrjmYOda06piALZMCo=
github.com/aws/aws-sdk-go-v2/service/cloudfront v1.18.1 h1:eH/c6pu/q2Q3gwhSrRAags/c0di4c9jkObjW9Gg65ig=
github.com/aws/aws-sdk-go-v2/service/cloudfront v1.18.1/go.mod h1:CzKvXyVuMlH+xe/CRAOS0JQZYn7uiu5+gVtHS2yducs=
github.com/aws/aws-sdk-go-v2/service/cloudtrail v1.16.1 h1:1dALZzDXZmZIgVX6N+oOSwSBH+BBWC1RCjUCvgQUQfs=
github.com/aws/aws-sdk-go-v2/service/cloudtrail v1.16.1/go.mod h1:ddq0bwfwHQ0QxV6vU9arKg31qfmg8fjcYZt/ef01AcI=
github.com/aws/aws-sdk-go-v2/service/cloudwatch v1.18.3 h1:PK6c4wYv3wbb88eH0X0FjJwRykEoJwAesuslNReY7iE=
github.com/aws/aws-sdk-go-v2/service/cloudwatch v1.18.3/go.mod h1:BrAJyOMrnwzYVQcP5ziqlCpnEuFfkNppZLzqDyW/YTg=
github.com/aws/aws-sdk-go-v2/service/cloudwatchevents v1.14.6 h1:yoR1OaGUgAmtQJKmX/q30atdPGykWl7b8zDHQiIPSUk=
github.com/aws/aws-sdk-go-v2/service/cloudwatchevents v1.14.6/go.mod h1:xFPYTJnWb21mthZPmuWSNSon5Aoa/Xk9AMvavdZlwFg=
github.com/aws/aws-sdk-go-v2/service/cloudwatchlogs v1.15.6 h1:s1ZVjXwY8mCQL/mJzGyuDh1aCHwnQ2J1b+CywvqBg2A=
github.com/aws/aws-sdk-go-v2/service/cloudwatchlogs v1.15.6/go.mod h1:21u3hbkLTcsbjH5fyXQc8NKJrq0zsuUH0Aan00i85Hk=
github.com/aws/aws-sdk-go-v2/service/codebuild v1.19.5 h1:xLsW7F6XT2RstG/Pcw52DC3U3Ekx5pLTBzI2GhY58BA=
github.com/aws/aws-sdk-go-v2/service/codebuild v1.19.5/go.mod h1:NAP7WLC9NvLudPK1ZZVp6beGoqwJ8zbCdTaJozCLvQs=
github.com/aws/aws-sdk-go-v2/service/codecommit v1.13.5 h1:Uvi5s+jqfYjOCZljKz4MlInAbM7o0UT9Q06cdGW2aTg=
github.com/aws/aws-sdk-go-v2/service/codecommit v1.13.5/go.mod h1:3xG0V7gQdTWC8LWDStYMkqy25e08u35Q7UkyaD456PA=
github.com/aws/aws-sdk-go-v2/service/codedeploy v1.14.5 h1:njeCwFAD1Nph506cxgOAxWdk74G/3/MMSHj893aLzBw=
github.com/aws/aws-sdk-go-v2/service/codedeploy v1.14.5/go.mod h1:gEkxejTkk7GK78SQmkT9I6WA1V2tlKtF2y30V8fhWJc=
github.com/aws/aws-sdk-go-v2/service/codepipeline v1.13.5 h1:OmUTKON94vOlcca0Ff0BPzSi8Ty49UYkkuu4FFaZEuI=
github.com/aws/aws-sdk-go-v2/service/codepipeline v1.13.5/go.mod h1:wz0YwGLKNBXqq4SnNFr7NXrejAD8PfjtqsanijN7OMo=
github.com/aws/aws-sdk-go-v2/service/codestar v1.11.5 h1:VsoO8ky5acDWH0E9Je4BKKSnEU/VKhqodkH6TsKjIZo=
github.com/aws/aws-sdk-go-v2/service/codestar v1.11.5/go.mod h1:cVfr8H0Zfnfv/yMliFZZu0Z0cEe0sr242rF4vtei2Q0=
github.com/aws/aws-sdk-go-v2/service/cognitoidentity v1.13.5 h1:Xmg+xcnratdrzPHUS0lQj8sNflaP7kGQk+FSyfIDzXo=
github.com/aws/aws-sdk-go-v2/service/cognitoidentity v1.13.5/go.mod h1:2j3XK4GO6uYOD56R5kow4BDUcS1ogD8WP2+spmo35ec=
github.com/aws/aws-sdk-go-v2/service/cognitoidentityprovider v1.15.5 h1:3Vese5V6X3Mt2oR4nAPGWGgyRcRnfAF6wy/kibXfQAk=
github.com/aws/aws-sdk-go-v2/service/cognitoidentityprovider v1.15.5/go.mod h1:k1bjVVQIn8G0YNH4ixxferJWyzFClFa2DidiMwpT3ik=
github.com/aws/aws-sdk-go-v2/service/configservice v1.21.2 h1:I+8gMjnMk7t5Px9A8jMGzMNykv3ApZz4kehqxzR+4t0=
github.com/aws/aws-sdk-go-v2/service/configservice v1.21.2/go.mod h1:uopHmGSmpkQav6UGjqVfguJIyG8RtL4ORjam8/GlQoo=
github.com/aws/aws-sdk-go-v2/service/databasemigrationservice v1.18.5 h1:A+mRcxfFuj59Ro9MdHJa9QpgGO9/BqXkYOf0o8yt61U=
github.com/aws/aws-sdk-go-v2/service/databasemigrationservice v1.18.5/go.mod h1:OlImSfWp/x2cJH71OkZnWGLMAu++nF8yxHecGtnqLU8=
github.com/aws/aws-sdk-go-v2/service/dax v1.11.5 h1:F87CUlfwdckUiVugZJAtjXTBpyuIzjM1LmvBxS6m584=
github.com/aws/aws-sdk-go-v2/service/dax v1.11.5/go.mod h1:bVEK7MuMO0PayuOPKVKhhvGiC/mAKOu7ZLTuwH0Vr/k=
github.com/aws/aws-sdk-go-v2/service/docdb v1.18.2 h1:q2DOsVexEvWZI+PMUyGDJglillss9a1/kUMc+0EouOI=
github.com/aws/aws-sdk-go-v2/service/docdb v1.18.2/go.mod h1:55iwvYJxun037RxO8pcpTBjYg22Au+OreBgl6sHhGBE=
github.com/aws/aws-sdk-go-v2/service/dynamodb v1.15.5 h1:tXJao3ARBuz1eBvBxbycMbLudRoCyBi/K3SoWYtraYw=
github.com/aws/aws-sdk-go-v2/service/dynamodb v1.15.5/go.mod h1:cgX8pdAf5SIWPyACqtk9XIRFcCfpp+YdSFRyg0EcB0M=
github.com/aws/aws-sdk-go-v2/service/dynamodbstreams v1.13.5 h1:8iA9hJOA1x5Y+71JFfTnN7qGe2IZpnToRWdS85Q3sVc=
github.com/aws/aws-sdk-go-v2/service/dynamodbstreams v1.13.5/go.mod h1:HqsSXgiAga9ASwy5BFJikIZ0jiyOd9+Wo/gtahNjZWI=
github.com/aws/aws-sdk-go-v2/service/ec2 v1.43.1 h1:+0rQtxwNGYbgTXUik6+pA30yeuleipjgUNbbevaGxo4=
github.com/aws/aws-sdk-go-v2/service/ec2 v1.43.1/go.mod h1:b2SVOmsP7A9VlTpfkJAVbU3d+TQfD76x9IUNbvynAbM=
github.com/aws/aws-sdk-go-v2/service/ecr v1.17.5 h1:W9vzPbvX7rOa/FacbQIDfnNrwxHkn5O+DdfmiIS4cHc=
github.com/aws/aws-sdk-go-v2/service/ecr v1.17.5/go.mod h1:vk2+DbeZQFXznxJZSMnYrfnCHYxg4oT4Mdh59wSCkw4=
github.com/aws/aws-sdk-go-v2/service/ecs v1.18.7 h1:TQuuBT5rxK8YLvGhbwIG+pVpoAuhjSG5cbitpIQgzw4=
github.com/aws/aws-sdk-go-v2/service/ecs v1.18.7/go.mod h1:39n31o3Oxv0il3NMX161v0D6Xhzkx5HYpuh3cbGQ224=
github.com/aws/aws-sdk-go-v2/service/efs v1.17.3 h1:fvf6lXrKDPwKSzJVqnIoNkeEnKwcyuOQBGC+id1O+e0=
github.com/aws/aws-sdk-go-v2/service/efs v1.17.3/go.mod h1:rS5GNxk8C5VrWTlpNBb95sghJ3MwoGYj+Bb3E2y/dn4=
github.com/aws/aws-sdk-go-v2/service/eks v1.21.1 h1:CYRfUZNq2krWxqLE1ntvy40uVT/I6X1PniNHrE/W3ps=
github.com/aws/aws-sdk-go-v2/service/eks v1.21.1/go.mod h1:kLodo8S0UEoVEd3mHTKtGnAhCT2uvCUM/Jjfr3og1yI=
github.com/aws/aws-sdk-go-v2/service/elasticache v1.20.7 h1:tMrH+9inQX/4qcIknvyyspHZjcIScyIKAwFwL2NdpY0=
github.com/aws/aws-sdk-go-v2/service/elasticache v1.20.7/go.mod h1:pZRQKRMiiLpuHCS4+W/sTT+H3pZpcmQe18dB/arQo2w=
github.com/aws/aws-sdk-go-v2/service/elasticbeanstalk v1.14.5 h1:7XrGW4Te6Z+cF66M6YsfFhCsYCcGYeMR0isGNpEp+84=
github.com/aws/aws-sdk-go-v2/service/elasticbeanstalk v1.14.5/go.mod h1:yWzmq5U+liS3DXaZmYi/OL9teB/qopJTNZfHfq0xZSo=
github.com/aws/aws-sdk-go-v2/service/elasticloadbalancing v1.14.5 h1:VWVDqUz2P9qQ4oarjkq3kfpn2KSkYNoosS2zWGM3luI=
github.com/aws/aws-sdk-go-v2/service/elasticloadbalancing v1.14.5/go.mod h1:vM0U7a/Exi1ziX/u9QCSuevrPgmH+qbhwDi81CfEHTw=
github.com/aws/aws-sdk-go-v2/service/elasticloadbalancingv2 v1.18.5 h1:OR1FrOPrNISfOeYGXN3Tlj35meOpYkW0gdXQ2jvu4U0=
github.com/aws/aws-sdk-go-v2/service/elasticloadbalancingv2 v1.18.5/go.mod h1:v+U73J9xr5bwN0IYXIUlQnfWGVrcIGlY1wuq+vDsCyg=
github.com/aws/aws-sdk-go-v2/service/elasticsearchservice v1.15.5 h1:+6ucHwYTQsga3zU7X1bCimCPatHh6o5t9ctQTwPLkgk=
github.com/aws/aws-sdk-go-v2/service/elasticsearchservice v1.15.5/go.mod h1:bcXtvg9X91Eatm7lszR9lecNWRJt1drLbc8ncj3zQyA=
github.com/aws/aws-sdk-go-v2/service/emr v1.18.1 h1:3+ydwyupp6PStpZz8HxxqsJnkvBB8kKVdpcycLb89lo=
github.com/aws/aws-sdk-go-v2/service/emr v1.18.1/go.mod h1:7sKu27aqOXZWkfgotXG6aF8dRgwshlkZe9vbda8d2kQ=
github.com/aws/aws-sdk-go-v2/service/firehose v1.14.6 h1:60pRwpp9ehcXyB96pSAQgP4G0AuL2AJsmZMvGktl5Sk=
github.com/aws/aws-sdk-go-v2/service/firehose v1.14.6/go.mod h1:jSVWwfPpgWHr1leGbbzorx5CqsfbmyaO9dKo844Nmpw=
github.com/aws/aws-sdk-go-v2/service/fsx v1.23.2 h1:X5LOJkXqVYXAv3wdWTgryH1W+KiD2oO+yNI1zDIfYv0=
github.com/aws/aws-sdk-go-v2/service/fsx v1.23.2/go.mod h1:RUqizIPPaDzodsQQ8u/LthJFmX35yKuv3+Z+8uQ1w9c=
github.com/aws/aws-sdk-go-v2/service/glue v1.25.0 h1:KbbXu7JbPbIr1WVP5QHDtbaMmlYfKb+Ue+UR2CXX3p8=
github.com/aws/aws-sdk-go-v2/service/glue v1.25.0/go.mod h1:qNFZCUK48yrkjt5f68x+EGsA8h/KnoqORqsv5GR6IYI=
github.com/aws/aws-sdk-go-v2/service/greengrass v1.13.5 h1:+XZetibHil/xen1CtonrTIJ/Mx+y46oQ5Dh/jYZYgR8=
github.com/aws/aws-sdk-go-v2/service/greengrass v1.13.5/go.mod h1:Rh8iG5iqZQgm/j7IcZtxTM+/GYXW0rbd2ijtpMhHTR4=
github.com/aws/aws-sdk-go-v2/service/guardduty v1.13.6 h1:MQeSdI/rJp7MZReaHC7kU0wKDx1DwTdFhhWiU8rgS7c=
github.com/aws/aws-sdk-go-v2/service/guardduty v1.13.6/go.mod h1:8CzIMHTwuK+CXB4nWuPKc3oojjcmH11oSFgFPk1J1WM=
github.com/aws/aws-sdk-go-v2/service/iam v1.18.5 h1:NUT8HreIoLAfPAP7eEYN8jwidvY+4TjZ86xqS/iGDQI=
github.com/aws/aws-sdk-go-v2/service/iam v1.18.5/go.mod h1:0YrrF3m5qWi/EItvW0wmZCydlgr8lzJ882P2mXoHo7U=
github.com/aws/aws-sdk-go-v2/service/imagebuilder v1.19.5 h1:OutPyM2T6o+49ah5D49/XF3Dh9bWOtfv7htnqB54SHg=
github.com/aws/aws-sdk-go-v2/service/imagebuilder v1.19.5/go.mod h1:v1bWYrIiFhs063Ao/racmKpaBiIhND1tPrbwj4Kefo4=
github.com/aws/aws-sdk-go-v2/service/internal/accept-encoding v1.9.1 h1:T4pFel53bkHjL2mMo+4DKE6r6AuoZnM0fg7k1/ratr4=
github.com/aws/aws-sdk-go-v2/service/internal/accept-encoding v1.9.1/go.mod h1:GeUru+8VzrTXV/83XyMJ80KpH8xO89VPoUileyNQ+tc=
github.com/aws/aws-sdk-go-v2/service/internal/checksum v1.1.6 h1:9mvDAsMiN+07wcfGM+hJ1J3dOKZ2YOpDiPZ6ufRJcgw=
github.com/aws/aws-sdk-go-v2/service/internal/checksum v1.1.6/go.mod h1:Eus+Z2iBIEfhOvhSdMTcscNOMy6n3X9/BJV0Zgax98w=
github.com/aws/aws-sdk-go-v2/service/internal/endpoint-discovery v1.7.5 h1:5luSEBzszJUfcjtGExZ6+T8h/fc0Vq7foE3D2b4LrP8=
github.com/aws/aws-sdk-go-v2/service/internal/endpoint-discovery v1.7.5/go.mod h1:yu4bJTJjxrsTWxt/Hn90WT5lhGV6auJNyey1+dVW2yA=
github.com/aws/aws-sdk-go-v2/service/internal/presigned-url v1.9.5 h1:gRW1ZisKc93EWEORNJRvy/ZydF3o6xLSveJHdi1Oa0U=
github.com/aws/aws-sdk-go-v2/service/internal/presigned-url v1.9.5/go.mod h1:ZbkttHXaVn3bBo/wpJbQGiiIWR90eTBUVBrEHUEQlho=
github.com/aws/aws-sdk-go-v2/service/internal/s3shared v1.13.5 h1:DyPYkrH4R2zn+Pdu6hM3VTuPsQYAE6x2WB24X85Sgw0=
github.com/aws/aws-sdk-go-v2/service/internal/s3shared v1.13.5/go.mod h1:XtL92YWo0Yq80iN3AgYRERJqohg4TozrqRlxYhHGJ7g=
github.com/aws/aws-sdk-go-v2/service/iot v1.25.2 h1:6P+GB79Ql7gmRyy4d8GK+J/ZVBySF18hx/SqGbzgOBE=
github.com/aws/aws-sdk-go-v2/service/iot v1.25.2/go.mod h1:dbEUzLSz7KzwjIUV1W6qNB1WfUbkpshAX3uYfIt/UiE=
github.com/aws/aws-sdk-go-v2/service/iotsitewise v1.21.2 h1:2IOAoe94yXF26i0fWFlvdxfcCJZMaeUrBBg1UbBlN/Y=
github.com/aws/aws-sdk-go-v2/service/iotsitewise v1.21.2/go.mod h1:h+PRyO9I/J5IlUzfFeR3/EQUj0gjOSjpIUkPebmIy3I=
github.com/aws/aws-sdk-go-v2/service/kafka v1.17.5 h1:Ul/pPoQ+ZJBIf8+1UA/pRgPD8WahqShvxO6yIID8H6U=
github.com/aws/aws-sdk-go-v2/service/kafka v1.17.5/go.mod h1:kln4ZaTKk7v+BhBlNoBpFje8PKSHDDVm1a4RXQvvhJ0=
github.com/aws/aws-sdk-go-v2/service/kinesis v1.15.6 h1:e+jFopLds34cHZVN4dNFs9H+WFHk6o3clbG6H2rYLfI=
github.com/aws/aws-sdk-go-v2/service/kinesis v1.15.6/go.mod h1:MEvVfxfUsSyIOQo3TCHoGE4FFqZfkkXwqzIpgHObDIU=
github.com/aws/aws-sdk-go-v2/service/kms v1.17.2 h1:g5sAKPf2OyQf6Qk/HmisWJvAbp3+vjfX1d2wLPUXo1Y=
github.com/aws/aws-sdk-go-v2/service/kms v1.17.2/go.mod h1:O99LMSMb/hDB0sQ3OI3SV1rMzwVH/g4608bps5k5dr8=
github.com/aws/aws-sdk-go-v2/service/lambda v1.23.1 h1:sDA1G6xYGxD13Payuk1DHdL3WP5M+ThXnu8B/jtq49U=
github.com/aws/aws-sdk-go-v2/service/lambda v1.23.1/go.mod h1:lKQt+LgUWCTmIqy+f42/QeususXmc6CbOtjnME6znCU=
github.com/aws/aws-sdk-go-v2/service/mq v1.13.1 h1:Uuz3+qqwuv2TbspZuaFE8oy3hiO1kJtBdOi/dCKkHRQ=
github.com/aws/aws-sdk-go-v2/service/mq v1.13.1/go.mod h1:07r8Y/d1rfafUJnx1VgE0YiSh99pmvLHGOFM3TCULUo=
github.com/aws/aws-sdk-go-v2/service/neptune v1.16.5 h1:dhQZkSf1KDperyCj4vRaWFyhw9kDT1Ys4RYQsVMN0ZE=
github.com/aws/aws-sdk-go-v2/service/neptune v1.16.5/go.mod h1:U90ZUJn7qxt5OVY7q69R+HWD1cexSAfDG/EKGHr44bA=
github.com/aws/aws-sdk-go-v2/service/qldb v1.14.6 h1:X3jg0iqbOStkFJIvPenwvLaL2pO0JLLBqZ5zO1FxpBc=
github.com/aws/aws-sdk-go-v2/service/qldb v1.14.6/go.mod h1:M694E4ePj41UsHvnKekPCeixT5c1n+Len4h324+QqQE=
github.com/aws/aws-sdk-go-v2/service/rds v1.21.2 h1:koOP7LTN1VngzNcVsiSsdjBTYEZPhj4idEhnq4EX2NE=
github.com/aws/aws-sdk-go-v2/service/rds v1.21.2/go.mod h1:a8Ix/wWg2ezbeAgr1gpzgX/IvD9FL3asy27Lqqj2Pvk=
github.com/aws/aws-sdk-go-v2/service/redshift v1.24.1 h1:4s/USOo+YGO75usA9C7q3FxWkhzfAwBpMlS2/ejNby8=
github.com/aws/aws-sdk-go-v2/service/redshift v1.24.1/go.mod h1:3U6tcGGhVMMb3hBSJnnQF1q3f3zgb+2wmHMt1l4ka1k=
github.com/aws/aws-sdk-go-v2/service/route53 v1.20.5 h1:Vex6D07/CmahT0LIaiRk+j9xyVAsvQxBa8iv38p3Ajc=
github.com/aws/aws-sdk-go-v2/service/route53 v1.20.5/go.mod h1:QZWV7sxHUg/qsPJcAtAI9JyLPKZ78weHmdILmYMCqEE=
github.com/aws/aws-sdk-go-v2/service/s3 v1.26.10 h1:GWdLZK0r1AK5sKb8rhB9bEXqXCK8WNuyv4TBAD6ZviQ=
github.com/aws/aws-sdk-go-v2/service/s3 v1.26.10/go.mod h1:+O7qJxF8nLorAhuIVhYTHse6okjHJJm4EwhhzvpnkT0=
github.com/aws/aws-sdk-go-v2/service/sagemaker v1.30.1 h1:RXyHw6/KEWYkpBvClZixLn9ik46SPjVfV049jA+Ue1w=
github.com/aws/aws-sdk-go-v2/service/sagemaker v1.30.1/go.mod h1:zrff1Rp4hoi1URi3Dn+LktXGxoyF2a86K5mbHkPliiI=
github.com/aws/aws-sdk-go-v2/service/secretsmanager v1.15.8 h1:diuSSZTFZpbsLA5CA0wo7Nw04c5kX5Kae37v3f6CsIA=
github.com/aws/aws-sdk-go-v2/service/secretsmanager v1.15.8/go.mod h1:Jt1lSw1fYlQ60lqrZ9ViN2LMGizbWTWbkStm4rbuYuE=
github.com/aws/aws-sdk-go-v2/service/servicecatalog v1.14.3 h1:AEbfvTS+dMmdwrkQLQBtYL8GSxo8Z+0LhjWycgJLEbY=
github.com/aws/aws-sdk-go-v2/service/servicecatalog v1.14.3/go.mod h1:offRRbfxRkw1oCQLYfKLBKV5jMnadPmS3uTitRJYc7g=
github.com/aws/aws-sdk-go-v2/service/servicediscovery v1.17.5 h1:rwZ+vd0xq8jUj+oXRXOkTvf+wWJtCCmzz1M3UceF5vM=
github.com/aws/aws-sdk-go-v2/service/servicediscovery v1.17.5/go.mod h1:wue0pRTZvvY6ntvvDdK/bcDAw+pgto9HzBHs+kdun6Q=
github.com/aws/aws-sdk-go-v2/service/ses v1.14.5 h1:MkCTlHHZacvfv+J8v7TOWKnz5cdqz+SZ+j6XGXGqjyc=
github.com/aws/aws-sdk-go-v2/service/ses v1.14.5/go.mod h1:9pbigrz1Xw/3JrUUAG1DMv7aNZJlC/mZXE+zIoq3fnk=
github.com/aws/aws-sdk-go-v2/service/sfn v1.13.5 h1:GS+6UPVWhLNTcTCjllYKbI4TCt67lLqsen2r0MCLkXU=
github.com/aws/aws-sdk-go-v2/service/sfn v1.13.5/go.mod h1:U1dwSliEDLJW7AnplwJyhXXuJElff7AnsZ74Y8qDRUo=
github.com/aws/aws-sdk-go-v2/service/signer v1.13.5 h1:vA1joMGLZ/NkHaGZQp8yJ64i5fPxZkbTt4+ewXk11is=
github.com/aws/aws-sdk-go-v2/service/signer v1.13.5/go.mod h1:sFKsk3bsMT6+7j4p4T6b67urhPolqQmfY+69+ImIFZg=
github.com/aws/aws-sdk-go-v2/service/sns v1.17.6 h1:ESfYOZpbrkjsRZT1DMfTiYoRdQ9++mTmRAVv+m4zeNs=
github.com/aws/aws-sdk-go-v2/service/sns v1.17.6/go.mod h1:5dkTvZXk8wp8o367VdTw6SNkPk6pXwUx2m89LeC/fWw=
github.com/aws/aws-sdk-go-v2/service/sqs v1.18.5 h1:Nt1QV0zSgC9WNbcRIgHeYIgFtuuEzijKGYEeB8Xa/zY=
github.com/aws/aws-sdk-go-v2/service/sqs v1.18.5/go.mod h1:UCrTk+1stZ/o3VdJVUhtRIMiU99MY+bKNK8lNtySonQ=
github.com/aws/aws-sdk-go-v2/service/ssm v1.27.1 h1:w/HlW+NGK5EU5jf/qekDZ56kg9jhvP/1Egh3bMRTdgo=
github.com/aws/aws-sdk-go-v2/service/ssm v1.27.1/go.mod h1:Ej87mQA2lDTOyPL/ZCjoChhTCU/fwPKg5Em62pOIqVc=
github.com/aws/aws-sdk-go-v2/service/sso v1.11.5 h1:TfJ/zuOYvHnxkvohSwAF3Ppn9KT/SrGZuOZHTPy8Guw=
github.com/aws/aws-sdk-go-v2/service/sso v1.11.5/go.mod h1:TFVe6Rr2joVLsYQ1ABACXgOC6lXip/qpX2x5jWg/A9w=
github.com/aws/aws-sdk-go-v2/service/sts v1.16.6 h1:aYToU0/iazkMY67/BYLt3r6/LT/mUtarLAF5mGof1Kg=
github.com/aws/aws-sdk-go-v2/service/sts v1.16.6/go.mod h1:rP1rEOKAGZoXp4iGDxSXFvODAtXpm34Egf0lL0eshaQ=
github.com/aws/aws-sdk-go-v2/service/transfer v1.19.0 h1:/vk/4ukFrcw6yN9gc9Q377LN8uzjeYFrf2sO8+puOLw=
github.com/aws/aws-sdk-go-v2/service/transfer v1.19.0/go.mod h1:szCpXayHl+qmEyXyc364evcDFSu/nJqwdc0seR5mkak=
github.com/aws/aws-sdk-go-v2/service/waf v1.11.5 h1:J/ZLjYWh++ktaNz2VTKsv/NYkuzSO4bZfzXyD0cGjxk=
github.com/aws/aws-sdk-go-v2/service/waf v1.11.5/go.mod h1:JPQqPUIQBWm0J0Vl+mYUU+AKpEHuKN5fO1RGWuVCRWY=
github.com/aws/aws-sdk-go-v2/service/wafregional v1.12.6 h1:hjK7HYhUw17g8KMAz6v3LJTX3dTWWfdfad7usTmqZLI=
github.com/aws/aws-sdk-go-v2/service/wafregional v1.12.6/go.mod h1:wIAyduk5akGuducJT0S9xuDg/mkv3p+E6ijEZkIDCVk=
github.com/aws/aws-sdk-go-v2/service/wafv2 v1.20.1 h1:qYB1iC3aa9akABS6irCowA/WF0jbms0gYHenpLSJ56E=
github.com/aws/aws-sdk-go-v2/service/wafv2 v1.20.1/go.mod h1:k3Pfvl+09bNl8zdIwdQer7GTAFZce7XQEJg/uhK9CXA=
github.com/aws/aws-sdk-go-v2/service/workspaces v1.18.2 h1:J1qXePEce3I+UP4hiG1wx+oMWMHzE1Wi7ARtgTEaFmM=
github.com/aws/aws-sdk-go-v2/service/workspaces v1.18.2/go.mod h1:ZDbEcfgcK1ZGQA7IdamXWhaozuLwzk6OhxjmcOJJpDc=
github.com/aws/smithy-go v1.11.2 h1:eG/N+CcUMAvsdffgMvjMKwfyDzIkjM6pfxMJ8Mzc6mE=
github.com/aws/smithy-go v1.11.2/go.mod h1:3xHYmszWVx2c0kIwQeEVf9uSm4fYZt67FBJnwub1bgM=
github.com/davecgh/go-spew v1.1.0 h1:ZDRjVQ15GmhC3fiQ8ni8+OwkZQO4DARzQgrnXU1Liz8=
github.com/davecgh/go-spew v1.1.0/go.mod h1:J7Y8YcW2NihsgmVo/mv3lAwl/skON4iLHjSsI+c5H38=
github.com/fatih/structs v1.1.0 h1:Q7juDM0QtcnhCpeyLGQKyg4TOIghuNXrkL32pHAUMxo=
github.com/fatih/structs v1.1.0/go.mod h1:9NiDSp5zOcgEDl+j00MP/WkGVPOlPRLejGD8Ga6PJ7M=
github.com/google/go-cmp v0.5.7 h1:81/ik6ipDQS2aGcBfIN5dHDB36BwrStyeAQquSYCV4o=
github.com/google/go-cmp v0.5.7/go.mod h1:n+brtR0CgQNWTVd5ZUFpTBC8YFBDLK/h/bpaJ8/DtOE=
github.com/jmespath/go-jmespath v0.4.0 h1:BEgLn5cpjn8UN1mAw4NjwDrS35OdebyEtFe+9YPoQUg=
github.com/jmespath/go-jmespath v0.4.0/go.mod h1:T8mJZnbsbmF+m6zOOFylbeCJqk5+pHWvzYPziyZiYoo=
github.com/jmespath/go-jmespath/internal/testify v1.5.1 h1:shLQSRRSCCPj3f2gpwzGwWFoC7ycTf1rcQZHOlsJ6N8=
github.com/jmespath/go-jmespath/internal/testify v1.5.1/go.mod h1:L3OGu8Wl2/fWfCI6z80xFu9LTZmf1ZRjMHUOPmWr69U=
github.com/pmezard/go-difflib v1.0.0 h1:4DBwDE0NGyQoBHbLQYPwSUPoCMWR5BEzIk/f1lZbAQM=
github.com/pmezard/go-difflib v1.0.0/go.mod h1:iKH77koFhYxTK1pcRnkKkqfTogsbg7gZNVY4sRDYZ/4=
github.com/stretchr/objx v0.1.0/go.mod h1:HFkY916IF+rwdDfMAkV7OtwuqBVzrE8GR6GFx+wExME=
golang.org/x/xerrors v0.0.0-20191204190536-9bdfabe68543 h1:E7g+9GITq07hpfrRu66IVDexMakfv52eLZ2CXBWiKr4=
golang.org/x/xerrors v0.0.0-20191204190536-9bdfabe68543/go.mod h1:I/5z698sn9Ka8TeJc9MKroUUfqBBauWjQqLJ2OPfmY0=
gopkg.in/check.v1 v0.0.0-20161208181325-20d25e280405 h1:yhCVgyC4o1eVCa2tZl7eS0r+SDo693bJlVdllGtEeKM=
gopkg.in/check.v1 v0.0.0-20161208181325-20d25e280405/go.mod h1:Co6ibVJAznAaIkqp8huTwlJQCZ016jof/cbN4VW5Yz0=
gopkg.in/yaml.v2 v2.2.8/go.mod h1:hI93XBmqTisBFMUTm0b8Fm+jr3Dg1NNxqwp+5A1VGuI=
gopkg.in/yaml.v2 v2.4.0 h1:D8xgwECY7CYvx+Y2n4sBz93Jn9JRvxdiyyo8CTfuKaY=
gopkg.in/yaml.v2 v2.4.0/go.mod h1:RDklbk79AGWmwhnvt/jBztapEOGDOx6ZbXqjP6csGnQ=
gopkg.in/yaml.v3 v3.0.1 h1:fxVm/GzAzEWqLHuvctI91KS9hhNmmWOoWu0XTYJS7CA=
gopkg.in/yaml.v3 v3.0.1/go.mod h1:K4uyk7z7BCEPqu6E+C64Yfv1cQ7kz7rIZviUmN+EgEM=
