github.com/aws/aws-sdk-go-v2 v0.27.0 h1:8wAIY9hr16U+qOak9djvIIGCu5zbnPThJkPJgQRYCn4=
github.com/aws/aws-sdk-go-v2 v0.27.0/go.mod h1:F9alGopZD03PJvZJSuXC9d0nQuvbmgcKgeIrEmLZG3s=
github.com/aws/aws-sdk-go-v2/service/accessanalyzer v0.27.0 h1:Aij+/zxQbekMlSqKxp6xC4nlgCc1p5/NSTTuI+jgYNg=
github.com/aws/aws-sdk-go-v2/service/accessanalyzer v0.27.0/go.mod h1:9zKEvPwQteTKVSFMV/RNxkvKpiaSFSHibMPqqghwtas=
github.com/aws/aws-sdk-go-v2/service/acm v0.27.0 h1:nbWAr7sI3JOmF8us+2MFz1dx5gMlNhNqtpAtiE3i6cY=
github.com/aws/aws-sdk-go-v2/service/acm v0.27.0/go.mod h1:7cb0NPSvnJJOHoKS+o36aOn7r881b3D4T7Ra14E5PUI=
github.com/aws/aws-sdk-go-v2/service/amplify v0.27.0 h1:3CK1XxlJhW5w+Wl1XsCrXinuXCjEK0ALM7xZGHUZDoI=
github.com/aws/aws-sdk-go-v2/service/amplify v0.27.0/go.mod h1:ieOFY5ZLWjrVKRNvmN4TsAKNnNMwkqlVbzhuevCNwJk=
github.com/aws/aws-sdk-go-v2/service/apigateway v0.27.0 h1:gRLgdB+iTbiYckUf7cwm5TNxjRI3KCvuGledwkCMzbk=
github.com/aws/aws-sdk-go-v2/service/apigateway v0.27.0/go.mod h1:oV9ZEeXv32kvlSVQxvATjGh+xK6wdQbvZt22bRICr3w=
github.com/aws/aws-sdk-go-v2/service/apigatewayv2 v0.27.0 h1:qBz2LY2AN6CHbiDBKsdF55+O4OYmxwLozI8ND1q+Yb0=
github.com/aws/aws-sdk-go-v2/service/apigatewayv2 v0.27.0/go.mod h1:4jGqpPQcww4M3Gp/hn51UcmAhkNnJKxmEm1r0f6hpmw=
github.com/aws/aws-sdk-go-v2/service/applicationautoscaling v0.27.0 h1:ti95Cyl4+L0L8ZPXzZAQow53UMu89fDiTa4N1rKwOw8=
github.com/aws/aws-sdk-go-v2/service/applicationautoscaling v0.27.0/go.mod h1:8XtYELL3b4hH9tLHYEITeG03fvaW+C+YZAjE2AJsPWY=
github.com/aws/aws-sdk-go-v2/service/appmesh v0.27.0 h1:LHDEFgdfNPLROL4o7QOqI1jGSt06CLKcM0iDiugXqxM=
github.com/aws/aws-sdk-go-v2/service/appmesh v0.27.0/go.mod h1:2zCtX7IQApUFINwHh9llQdqmjAffUu+joc1hG5oFi2M=
github.com/aws/aws-sdk-go-v2/service/appsync v0.27.0 h1:FuiWzNuhzs4KDmo45r8O9GRSqfSA3swICms8qiCdgHQ=
github.com/aws/aws-sdk-go-v2/service/appsync v0.27.0/go.mod h1:uQC6vt1E/Pv5U+n5tnh9CXOdEaJgJlgTvtMPJ6MSZGE=
github.com/aws/aws-sdk-go-v2/service/athena v0.27.0 h1:kNOCYS1K9eiaH4BZrYQ3K0WdpcZXwf20C9G5BKf+arg=
github.com/aws/aws-sdk-go-v2/service/athena v0.27.0/go.mod h1:RIZqGjgu8O/t1RODWA8WIPiZIqXFOS+ZkEMjztBFdH8=
github.com/aws/aws-sdk-go-v2/service/autoscaling v0.27.0 h1:GXgeUiXg+L1JAGMM2/7zIDypx6llp5DsXE9OFMmWZG4=
github.com/aws/aws-sdk-go-v2/service/autoscaling v0.27.0/go.mod h1:ZYAyto06WSuzTmNtD3r/3czWtHJyOlsyq0rTMOQyU/w=
github.com/aws/aws-sdk-go-v2/service/backup v0.27.0 h1:dAYvsahqEcqhk4GQAKw7D6fd4ZRer/UPdPUEfLe+toM=
github.com/aws/aws-sdk-go-v2/service/backup v0.27.0/go.mod h1:3lmf+fts5ZnP2LJrdetXRIQ1qvJK2llBlr2tBm2NpD0=
github.com/aws/aws-sdk-go-v2/service/batch v0.27.0 h1:O/D1aMAsJfumbIp/3RXIJ0TvexXCmS42EnTudc+vbds=
github.com/aws/aws-sdk-go-v2/service/batch v0.27.0/go.mod h1:S7oxp3NCj0fNI12367H/u3T8d1/XlFK0+eetfFm5oGk=
github.com/aws/aws-sdk-go-v2/service/budgets v0.27.0 h1:qcAwpJuzi0X1ouhMnTLBM2d0HLHcqr9tW9K4fz3NPMg=
github.com/aws/aws-sdk-go-v2/service/budgets v0.27.0/go.mod h1:6jGGeJEJ42b5BB8RTStLj+3TuVzWt1D1o25dtUAjfJA=
github.com/aws/aws-sdk-go-v2/service/cloud9 v0.27.0 h1:MEsn9+L7spp3DrPd37DRgZNeagHhMiV9JHJWqo4Uz5U=
github.com/aws/aws-sdk-go-v2/service/cloud9 v0.27.0/go.mod h1:omN1I0wp9zjEFebAmgvP9hB56TAISGsS4l5S6F4bLEk=
github.com/aws/aws-sdk-go-v2/service/cloudformation v0.27.0 h1:tKcwFfn4/ocNlNAofxTXw5ajL4Y3dMkcmdmtIzEoE3k=
github.com/aws/aws-sdk-go-v2/service/cloudformation v0.27.0/go.mod h1:KY77zO0tTllO8NcY9LLO2LyKOVGyFY5lCZp9xngDnIU=
github.com/aws/aws-sdk-go-v2/service/cloudfront v0.27.0 h1:rgWqTMkGL6Y/aYTRbSBvF1R5SzNGHMVYzBatdqtnw1k=
github.com/aws/aws-sdk-go-v2/service/cloudfront v0.27.0/go.mod h1:XCC2NF8+sum2Khk9Owi5b27q5ob1qkK+mkezWVMZRbc=
github.com/aws/aws-sdk-go-v2/service/cloudtrail v0.27.0 h1:elNEJ4Aiwds3pZuJwhP+W+ielR0eXLZ/YgG1hpp1X9g=
github.com/aws/aws-sdk-go-v2/service/cloudtrail v0.27.0/go.mod h1:LLpAxjp9mPrynSFAhGOUNQT76boynPxsD8VIQbFqf9Q=
github.com/aws/aws-sdk-go-v2/service/cloudwatch v0.27.0 h1:8rgwo56EA8kTiHzIJFjbLabF6YE9ESLPi7Y5+bY843o=
github.com/aws/aws-sdk-go-v2/service/cloudwatch v0.27.0/go.mod h1:K/Xdp/oqDt/juG6DRfD3dawXa3h4VZ+m2EHGF9QHy9g=
github.com/aws/aws-sdk-go-v2/service/cloudwatchevents v0.27.0 h1:kUZZ2X8cRb0igpa0Ch09iBAB/eigEXoKCA6vg3Kzrp0=
github.com/aws/aws-sdk-go-v2/service/cloudwatchevents v0.27.0/go.mod h1:IF+H2YlNHSiJ99lPgkt/RTCVmRCCaepyx6UZd607p1s=
github.com/aws/aws-sdk-go-v2/service/cloudwatchlogs v0.27.0 h1:5p3v2U8cP51IaWYyJYn9gdU2GF4wq2fSr3gIFN54cXA=
github.com/aws/aws-sdk-go-v2/service/cloudwatchlogs v0.27.0/go.mod h1:0c8tsAWfihPhLbMhGNTT4cBkZ6iqPSShIJrORqkMuOo=
github.com/aws/aws-sdk-go-v2/service/codebuild v0.27.0 h1:9akHKla4MlzFF8QNiveyhNW9dXRIrJFt9LTTD4gVsNw=
github.com/aws/aws-sdk-go-v2/service/codebuild v0.27.0/go.mod h1:InEgSrla3eoT9W+OnXxIxrtawH/n3IkkN67D2DZe/r4=
github.com/aws/aws-sdk-go-v2/service/codecommit v0.27.0 h1:A9D6CDvAA1HyzGWEBOVOm9Uw2iIRIfZ+HEhoAWACJxY=
github.com/aws/aws-sdk-go-v2/service/codecommit v0.27.0/go.mod h1:SnK4mGMcBR+LJQfWQc96eeuRpwdRopLZA7vbg2g62Js=
github.com/aws/aws-sdk-go-v2/service/codedeploy v0.27.0 h1:jUdmabo9iiKhNU0glkZNrbdEo2+PecGf9SWLI0x7AM4=
github.com/aws/aws-sdk-go-v2/service/codedeploy v0.27.0/go.mod h1:0ib8vAbv069EnhyQwanFQCklXzR0Hny/U7Y+3N31YiE=
github.com/aws/aws-sdk-go-v2/service/codepipeline v0.27.0 h1:u1aK/zUZSsPKfe7l24MdkMCclmxOPY1I8jVN/dHDHKM=
github.com/aws/aws-sdk-go-v2/service/codepipeline v0.27.0/go.mod h1:gcu9Bqkig3EHQLlQxUmwKte3vO2fng3W3YmrP5Euof0=
github.com/aws/aws-sdk-go-v2/service/cognitoidentity v0.27.0 h1:EiCBdWnQeQy23/m9XELTKHX22aUn+cpWzWcro5U6Gcs=
github.com/aws/aws-sdk-go-v2/service/cognitoidentity v0.27.0/go.mod h1:bH5nfUwSIADNZdChVAtDo7pHOhAJxze8HEjCdFjmPwA=
github.com/aws/aws-sdk-go-v2/service/cognitoidentityprovider v0.27.0 h1:iUVVK2nZ5Gi2bp8z1QFILjSIA/xteMrYJSOjkRKuVIQ=
github.com/aws/aws-sdk-go-v2/service/cognitoidentityprovider v0.27.0/go.mod h1:sV7CAgHky99QVqP4DNfMPl70zkM3N5w2K2Xl8O0rff4=
github.com/aws/aws-sdk-go-v2/service/configservice v0.27.0 h1:leZ+iMgK7QIFB3YJPpz8D6S1cXb67vF0pChCt9jPDv8=
github.com/aws/aws-sdk-go-v2/service/configservice v0.27.0/go.mod h1:8dKfX3I9sZfmsLy+NDfRqBW8GENGCVH8QSg+2zcVZUM=
github.com/aws/aws-sdk-go-v2/service/databasemigrationservice v0.27.0 h1:tRdsHCH7ZYlSMIjzvbvxrmgiiaGsnyxH6EdbHq8poCo=
github.com/aws/aws-sdk-go-v2/service/databasemigrationservice v0.27.0/go.mod h1:C47xy3JL+r+K773ZlazN6uUnnpbpuGHWEW5sjg2fcaY=
github.com/aws/aws-sdk-go-v2/service/dax v0.27.0 h1:DXi/qoo1CVK3MsJ0LynN09Qv3XCu5C84+zS3HhNs4cI=
github.com/aws/aws-sdk-go-v2/service/dax v0.27.0/go.mod h1:08ExLd/xg6LB5UNONrv28B+kVAgPEb5e8gX58yxjGtA=
github.com/aws/aws-sdk-go-v2/service/docdb v0.27.0 h1:MOddjaspraC14CzfF3E/j41/kvEdk5aOsNmmCTy16jU=
github.com/aws/aws-sdk-go-v2/service/docdb v0.27.0/go.mod h1:D5ka9UmC2jM/jLXZ1yUdMpGS1Ec2JFb+iPBorq1zZ+c=
github.com/aws/aws-sdk-go-v2/service/dynamodb v0.27.0 h1:1sLW9IV66ZbLbXv5WSQT+uQrfhwSWlnFYYkmO3TSxCQ=
github.com/aws/aws-sdk-go-v2/service/dynamodb v0.27.0/go.mod h1:L0pYBuP70DN1N0QpojlfKT7b0lkzDQ1deHH6rPD0Ggs=
github.com/aws/aws-sdk-go-v2/service/ec2 v0.27.0 h1:cO/g71+utgUiF9XDoN5v+JxqVnPG1/yOj/sIMZJmvnM=
github.com/aws/aws-sdk-go-v2/service/ec2 v0.27.0/go.mod h1:8DoisIANhSl/+LaksHpHqwL0xwaKSQ2dlJP5ZGPwgJo=
github.com/aws/aws-sdk-go-v2/service/ecr v0.27.0 h1:JLG1x8vvsZAQYk7dThGpPZG4X/7vucKm491gsnafLOM=
github.com/aws/aws-sdk-go-v2/service/ecr v0.27.0/go.mod h1:KbwnbEqdcnXYp8EhFCq+BHYXcK68LEJkY6CsCD11GYo=
github.com/aws/aws-sdk-go-v2/service/ecs v0.27.0 h1:sNT4c7sdkLNw2nt8tvV4eNIxeRltbqHp3+I2f4yaLB8=
github.com/aws/aws-sdk-go-v2/service/ecs v0.27.0/go.mod h1:FMwMigvoA9g3QZsp90ngwKggjmmvq/dALwBADHu7RNo=
github.com/aws/aws-sdk-go-v2/service/efs v0.27.0 h1:4eC/ES5LEY175mBXL+oqzHFSPLc6HbIcy8QhS7je4wQ=
github.com/aws/aws-sdk-go-v2/service/efs v0.27.0/go.mod h1:n6Ho+5TvBFOfIdnJj7eHnPapF8ObU6736tpmv3WnHd8=
github.com/aws/aws-sdk-go-v2/service/eks v0.27.0 h1:RzjxVRGqt1He8eQMSnH+yxiJend5TzSJfic1+Ao/RiQ=
github.com/aws/aws-sdk-go-v2/service/eks v0.27.0/go.mod h1:ocMJJhbD1LK+kx/DaK1vq1Ob5JVaG+S9da9TK8G35Ik=
github.com/aws/aws-sdk-go-v2/service/elasticache v0.27.0 h1:tBSDEpd5zrFeKqkjyBTWTZY2JIEerIJok+DCzNL6sPc=
github.com/aws/aws-sdk-go-v2/service/elasticache v0.27.0/go.mod h1:reGIBI5bDgrIjZ/Tp3jJH81QTm2e4yPqisoB4+XQPmo=
github.com/aws/aws-sdk-go-v2/service/elasticbeanstalk v0.27.0 h1:1VIKXUG37WPLUhEv1qO8vxoLes9asNGVdmqCl5NELtQ=
github.com/aws/aws-sdk-go-v2/service/elasticbeanstalk v0.27.0/go.mod h1:/Up+6G1MYlcezaoRtdrqSB5BLF/ZQ1zo6XYOgKhO5Ag=
github.com/aws/aws-sdk-go-v2/service/elasticloadbalancing v0.27.0 h1:7QOLQ1wgQ4Izr6TdZagBMtG7AWSky0VNfQIaY5LKv/0=
github.com/aws/aws-sdk-go-v2/service/elasticloadbalancing v0.27.0/go.mod h1:eGsh6Ua/AtsEspAJzAmoWfEurruhkRqAAoBpCmO72Uw=
github.com/aws/aws-sdk-go-v2/service/elasticloadbalancingv2 v0.27.0 h1:GsG/nEJOuPkvUYSAwlO8lRJBsYsvkqIXs8mYFak1q5s=
github.com/aws/aws-sdk-go-v2/service/elasticloadbalancingv2 v0.27.0/go.mod h1:wbxVAgrFvOIHG76jPoDzVkqVg+Kh5oJfVGS/z4Sx/yY=
github.com/aws/aws-sdk-go-v2/service/elasticsearchservice v0.27.0 h1:QlVdiNgbSo1+lQNQ+PudIDe6zJhIZBGMwVsRZhHKt58=
github.com/aws/aws-sdk-go-v2/service/elasticsearchservice v0.27.0/go.mod h1:jmfd7VVMMcikK31NwfggeS0vqEyPs/tueIZHcHEIH7M=
github.com/aws/aws-sdk-go-v2/service/emr v0.27.0 h1:z+U2xAmPOgG10yCN5THWYZuJJ1hLUGX43qg1cSgBYiE=
github.com/aws/aws-sdk-go-v2/service/emr v0.27.0/go.mod h1:KHH4f/808FzjAD26M9uwsf/7nMi4VXgOfdpLcwdd2ZI=
github.com/aws/aws-sdk-go-v2/service/firehose v0.27.0 h1:RXFvNJvDd5BUiFdXIh1HvWQnnN9bCw1FFcXthDU8oUU=
github.com/aws/aws-sdk-go-v2/service/firehose v0.27.0/go.mod h1:Dv5sxIZW5UP2hi4PfOY3zCM7Els4JNuqYJp723OdKrk=
github.com/aws/aws-sdk-go-v2/service/fsx v0.27.0 h1:JbRcr7nFbmzgQOOvs+SXWeZYuHNJtcAUq4nHTf7mO+0=
github.com/aws/aws-sdk-go-v2/service/fsx v0.27.0/go.mod h1:1+ynM7B1nYSdhjqhexK7UO5+rWAcprFwMj1DPofgpZ4=
github.com/aws/aws-sdk-go-v2/service/glue v0.27.0 h1:m9DddXXzTJCmxUPBRWlcYR51bfMZA5x8BCIABLHSdF4=
github.com/aws/aws-sdk-go-v2/service/glue v0.27.0/go.mod h1:FXxjvW9Dgau4aIXmNhI3ckuurXFREI9m77y8GQQYjLw=
github.com/aws/aws-sdk-go-v2/service/greengrass v0.27.0 h1:svo+8WbWP2+NqQdG9KFi0rpy68xY3HFDr55RkP4KW8Y=
github.com/aws/aws-sdk-go-v2/service/greengrass v0.27.0/go.mod h1:DYuczJj211N7hMtnBRjq1qSF+eS9MQc3mpe5r8/lAUw=
github.com/aws/aws-sdk-go-v2/service/iam v0.27.0 h1:bh1D4IvY7MgW+x+An5DegC1/nQGvyDElvL0IPbJ/KB0=
github.com/aws/aws-sdk-go-v2/service/iam v0.27.0/go.mod h1:jI+j47iq6erOzfyPIV0Vt3VaDjKCDXJPUntUHtAJONw=
github.com/aws/aws-sdk-go-v2/service/internal/accept-encoding v0.2.0 h1:uMkGu2WHVYF4VtUtTXlDz46cyG74vsUzaGKbHIbaq7c=
github.com/aws/aws-sdk-go-v2/service/internal/accept-encoding v0.2.0/go.mod h1:OwGVoJrDTkRa64KUs6WmQG8VHHBKr+zec5FonixzXr0=
github.com/aws/aws-sdk-go-v2/service/internal/s3shared v0.2.0 h1:De+s1F9FfyxxO/RSubbc9SlOlPlJ6RsQEyCyclfjNJQ=
github.com/aws/aws-sdk-go-v2/service/internal/s3shared v0.2.0/go.mod h1:K2xJzdNb0Wc+xwk+2CqDXOt1VWtVf72gvIclbATzDzI=
github.com/aws/aws-sdk-go-v2/service/iot v0.27.0 h1:JUTt0J+IEejap2xPNZ9cbmKa6h0v8GLZAcHYns79kEw=
github.com/aws/aws-sdk-go-v2/service/iot v0.27.0/go.mod h1:bpiuJ6xvJAY6gC6H53oYQwlAKOp+cL98S6nWExqRQlQ=
github.com/aws/aws-sdk-go-v2/service/kafka v0.27.0 h1:+bmW9uSFJTl5EoEFCrxa/+WJaoiu0Nw33uSZ7Lsz7lQ=
github.com/aws/aws-sdk-go-v2/service/kafka v0.27.0/go.mod h1:++sPBn++e17TziNZ1BXwGivrvaU9/fnZz6VPE2RMhrc=
github.com/aws/aws-sdk-go-v2/service/kinesis v0.27.0 h1:Np1K+JLOHzY3E2NIoiNMK10ZMtmDarpjdU7VB6Y1KOs=
github.com/aws/aws-sdk-go-v2/service/kinesis v0.27.0/go.mod h1:Bzb7RSKr3a88oc0ZBj3UAAmfU99X0SbnCTzC62ZhKPo=
github.com/aws/aws-sdk-go-v2/service/kms v0.27.0 h1:FSYXhEWbtRxlBGzx+bJWx8a+utRGCG7XmpSuxrw0xYU=
github.com/aws/aws-sdk-go-v2/service/kms v0.27.0/go.mod h1:uGGEOqnBKeQ0XWE6C6GrgjlZUZA18WBkFBDLQfpXXs0=
github.com/aws/aws-sdk-go-v2/service/lambda v0.27.0 h1:sENqm4pn0KQGf/+0ExIo7aM8su2qf6cPGCYURHSkPvo=
github.com/aws/aws-sdk-go-v2/service/lambda v0.27.0/go.mod h1:m8B8wUMpvGysnXP01BbLLuN+JFFc54nDL1d3PRpJjBk=
github.com/aws/aws-sdk-go-v2/service/mq v0.27.0 h1:Ylw/jNwuw2qbaYUghtRegwXOOSISJRecb9O6GSPUpQA=
github.com/aws/aws-sdk-go-v2/service/mq v0.27.0/go.mod h1:rnq8g7povCHbhfJy1CBOWOjzcUk5wmwDsG898Ncq1Xo=
github.com/aws/aws-sdk-go-v2/service/neptune v0.27.0 h1:pbm+/0saU9dKoexmykcIGg7wCqgEUBrsR+VlZMf840U=
github.com/aws/aws-sdk-go-v2/service/neptune v0.27.0/go.mod h1:jn2QCfgHKLhgUjsXYBE7bw8tua1sjAR8VOJU5LxPqfA=
github.com/aws/aws-sdk-go-v2/service/qldb v0.27.0 h1:pQ9MTqZyv0f1EAQmdcPrmvbD9n5L6fayNHpF235EYTg=
github.com/aws/aws-sdk-go-v2/service/qldb v0.27.0/go.mod h1:ztDBHWQc19z3+3EyfeMlhkteshEVD51WLafjk/OEwUY=
github.com/aws/aws-sdk-go-v2/service/rds v0.27.0 h1:d2ta2fotUXpHLzxLqjzELcAm/QsQY9RwnjwqfqRRCHo=
github.com/aws/aws-sdk-go-v2/service/rds v0.27.0/go.mod h1:CPaMGKQfkXcuEhiMPqHPDH82ez8eNcf3AgUJezY+Ko0=
github.com/aws/aws-sdk-go-v2/service/redshift v0.27.0 h1:QpiZAPxei325b5rJzbfYKeiv2ruT1xwCkfRxCMmqGEE=
github.com/aws/aws-sdk-go-v2/service/redshift v0.27.0/go.mod h1:uKToBv/cLSg+iJVBD7qqAs+pYWON5Yw5ebGA/MnW2qk=
github.com/aws/aws-sdk-go-v2/service/route53 v0.27.0 h1:K/q2tBvFFP1sfpfdaCujeYUK8v0tjbsBZv6oD1HLshk=
github.com/aws/aws-sdk-go-v2/service/route53 v0.27.0/go.mod h1:V3E5HcDEBnMNliBSIr+blIjdFswiqzuHB+CJDZ2iDEs=
github.com/aws/aws-sdk-go-v2/service/s3 v0.27.0 h1:6z9PloMPa+rVtteL8HvWNuUkqZ8Dxam5rlygCr6XTHY=
github.com/aws/aws-sdk-go-v2/service/s3 v0.27.0/go.mod h1:b2J57B0VDlSCSeST1a1r3i3xTJrj776FhirTTSFN3CA=
github.com/aws/aws-sdk-go-v2/service/sagemaker v0.27.0 h1:0Pj+US3SvQ3qwp8rcjDIb0tMcE1LM0nRTFar/jHQR48=
github.com/aws/aws-sdk-go-v2/service/sagemaker v0.27.0/go.mod h1:1L+6Hd31gXGNOWUAMOu97uKm/Y1ZeeuMwOlOIWq440I=
github.com/aws/aws-sdk-go-v2/service/secretsmanager v0.27.0 h1:cx3zRs7V78pubLc8miX8VUUu6Xux07s1GYx+q2URS5M=
github.com/aws/aws-sdk-go-v2/service/secretsmanager v0.27.0/go.mod h1:/5/GS5PwyQuHPtuPmZLecaC61gPsaOY9EFuWHG4edkE=
github.com/aws/aws-sdk-go-v2/service/servicecatalog v0.27.0 h1:tNjdsH8uRmPC6BLfjrWxz7COVxE0yxY7LAGuCrpjzD4=
github.com/aws/aws-sdk-go-v2/service/servicecatalog v0.27.0/go.mod h1:TeF9Iut47stoaSfITxADDv121YUu9dHp//19UhZmsOs=
github.com/aws/aws-sdk-go-v2/service/sfn v0.27.0 h1:7aUMyMUXMiJSpFUjq41vistbKoeDCeZxWnFzIVDa8/g=
github.com/aws/aws-sdk-go-v2/service/sfn v0.27.0/go.mod h1:WYuBDcqzmOmMV1gd08NlDAaUNlG+pT6Q4Zd6s81vBGY=
github.com/aws/aws-sdk-go-v2/service/sns v0.27.0 h1:65y8BoEimWpcZ3fFlrlWYLJz1fXKmXWA+icf0y4uuP8=
github.com/aws/aws-sdk-go-v2/service/sns v0.27.0/go.mod h1:yh8ogGvlPUEYBi3etYHoHIJEIcSZjL7CB7tqT6bO6E4=
github.com/aws/aws-sdk-go-v2/service/sqs v0.27.0 h1:0mUPc3mwDCVAEyLijqvlikL70xwmNONAutgHW2pGg+8=
github.com/aws/aws-sdk-go-v2/service/sqs v0.27.0/go.mod h1:A3D+pCp0LCPxgUWdpug2bHQVQSKPgUkFIQgSt8CWoTY=
github.com/aws/aws-sdk-go-v2/service/ssm v0.27.0 h1:EFnEdOj3ESxNp53ZWfGW5IYAxM5QW5e/shdBr1jShVM=
github.com/aws/aws-sdk-go-v2/service/ssm v0.27.0/go.mod h1:Enwu85374D0/J+u2eWBXu65EWZngyln/AGwcPqGfTTM=
github.com/aws/aws-sdk-go-v2/service/sts v0.27.0 h1:9dFiwklBbUgejYe9F9ivK/CVq2uMT2BOPzcvBCsoyr0=
github.com/aws/aws-sdk-go-v2/service/sts v0.27.0/go.mod h1:0N+L7fP2Zm4s8Ib+ZBCjtX4caWMiMG5xV6RB6ec8x/c=
github.com/aws/aws-sdk-go-v2/service/waf v0.27.0 h1:UmI9UWnUL9dexh1e/fcyvG++bRvdBJBt3gMLZriCj6U=
github.com/aws/aws-sdk-go-v2/service/waf v0.27.0/go.mod h1:2C5AQfRjw0IPEVtOpL1jV0UZn4QpkD8di8cH0cjZBPM=
github.com/aws/aws-sdk-go-v2/service/wafregional v0.27.0 h1:+xebYbfMB/RgN+zD5kvz8DEA2jxuIosW6F9VJpBZDPY=
github.com/aws/aws-sdk-go-v2/service/wafregional v0.27.0/go.mod h1:DyZYkTk1GtTa4keIZt7RpARAiCKxrIXwNP2mJuBLUfY=
github.com/aws/aws-sdk-go-v2/service/wafv2 v0.27.0 h1:1uYHlCqWt8pkr3qNijbK7c/yKGCXlviqVgZkBcXKKQw=
github.com/aws/aws-sdk-go-v2/service/wafv2 v0.27.0/go.mod h1:pGvnTKLbuvBKqVl7Q1OedezPnf573eQ5tH9ZVf3QsRY=
github.com/aws/aws-sdk-go-v2/service/workspaces v0.27.0 h1:gVcs1pHLHhfj7HWloPYb5Z1H9fwAlfGaSgli80MmH28=
github.com/aws/aws-sdk-go-v2/service/workspaces v0.27.0/go.mod h1:0MEcwiNKEJv7aaSNY0Fg7jcBsnGwoz4B/kvbSS/oEX4=
github.com/awslabs/smithy-go v0.2.0 h1:lXzqqSYp5pLdLyjo4OMkyS57RrZIFPwkOayjqnBA02I=
github.com/awslabs/smithy-go v0.2.0/go.mod h1:hPOQwnmBLHsUphH13tVSjQhTAFma0/0XoZGbBcOuABI=
github.com/davecgh/go-spew v1.1.0 h1:ZDRjVQ15GmhC3fiQ8ni8+OwkZQO4DARzQgrnXU1Liz8=
github.com/davecgh/go-spew v1.1.0/go.mod h1:J7Y8YcW2NihsgmVo/mv3lAwl/skON4iLHjSsI+c5H38=
github.com/fatih/structs v1.1.0 h1:Q7juDM0QtcnhCpeyLGQKyg4TOIghuNXrkL32pHAUMxo=
github.com/fatih/structs v1.1.0/go.mod h1:9NiDSp5zOcgEDl+j00MP/WkGVPOlPRLejGD8Ga6PJ7M=
github.com/google/go-cmp v0.4.1 h1:/exdXoGamhu5ONeUJH0deniYLWYvQwW66yvlfiiKTu0=
github.com/google/go-cmp v0.4.1/go.mod h1:v8dTdLbMG2kIc/vJvl+f65V22dbkXbowE6jgT/gNBxE=
github.com/jmespath/go-jmespath v0.4.0/go.mod h1:T8mJZnbsbmF+m6zOOFylbeCJqk5+pHWvzYPziyZiYoo=
github.com/jmespath/go-jmespath/internal/testify v1.5.1/go.mod h1:L3OGu8Wl2/fWfCI6z80xFu9LTZmf1ZRjMHUOPmWr69U=
github.com/pmezard/go-difflib v1.0.0 h1:4DBwDE0NGyQoBHbLQYPwSUPoCMWR5BEzIk/f1lZbAQM=
github.com/pmezard/go-difflib v1.0.0/go.mod h1:iKH77koFhYxTK1pcRnkKkqfTogsbg7gZNVY4sRDYZ/4=
github.com/stretchr/objx v0.1.0 h1:4G4v2dO3VZwixGIRoQ5Lfboy6nUhCyYzaqnIAPPhYs4=
github.com/stretchr/objx v0.1.0/go.mod h1:HFkY916IF+rwdDfMAkV7OtwuqBVzrE8GR6GFx+wExME=
golang.org/x/xerrors v0.0.0-20191204190536-9bdfabe68543 h1:E7g+9GITq07hpfrRu66IVDexMakfv52eLZ2CXBWiKr4=
golang.org/x/xerrors v0.0.0-20191204190536-9bdfabe68543/go.mod h1:I/5z698sn9Ka8TeJc9MKroUUfqBBauWjQqLJ2OPfmY0=
golang.org/x/xerrors v0.0.0-20200804184101-5ec99f83aff1 h1:go1bK/D/BFZV2I8cIQd1NKEZ+0owSTG1fDTci4IqFcE=
golang.org/x/xerrors v0.0.0-20200804184101-5ec99f83aff1/go.mod h1:I/5z698sn9Ka8TeJc9MKroUUfqBBauWjQqLJ2OPfmY0=
gopkg.in/check.v1 v0.0.0-20161208181325-20d25e280405 h1:yhCVgyC4o1eVCa2tZl7eS0r+SDo693bJlVdllGtEeKM=
gopkg.in/check.v1 v0.0.0-20161208181325-20d25e280405/go.mod h1:Co6ibVJAznAaIkqp8huTwlJQCZ016jof/cbN4VW5Yz0=
gopkg.in/yaml.v2 v2.2.8 h1:obN1ZagJSUGI0Ek/LBmuj4SNLPfIny3KsKFopxRdj10=
gopkg.in/yaml.v2 v2.2.8/go.mod h1:hI93XBmqTisBFMUTm0b8Fm+jr3Dg1NNxqwp+5A1VGuI=
gopkg.in/yaml.v2 v2.3.0 h1:clyUAQHOM3G0M3f5vQj7LuJrETvjVot3Z5el9nffUtU=
gopkg.in/yaml.v2 v2.3.0/go.mod h1:hI93XBmqTisBFMUTm0b8Fm+jr3Dg1NNxqwp+5A1VGuI=
