github.com/BurntSushi/toml v0.3.1/go.mod h1:xHWCNGjB5oqiDr8zfno3MHue2Ht5sIBksp03qcyfWMU=
github.com/VividCortex/ewma v1.1.1/go.mod h1:2Tkkvm3sRDVXaiyucHiACn4cqf7DpdyLvmxzcbUokwA=
github.com/VividCortex/ewma v1.2.0 h1:f58SaIzcDXrSy3kWaHNvuJgJ3Nmz59Zji6XoJR/q1ow=
github.com/VividCortex/ewma v1.2.0/go.mod h1:nz4BbCtbLyFDeC9SUHbtcT5644juEuWfUAUnGx7j5l4=
github.com/aws/aws-sdk-go-v2 v1.11.2 h1:SDiCYqxdIYi6HgQfAWRhgdZrdnOuGyLDJVRSWLeHWvs=
github.com/aws/aws-sdk-go-v2 v1.11.2/go.mod h1:SQfA+m2ltnu1cA0soUkj4dRSsmITiVQUJvBIZjzfPyQ=
github.com/aws/aws-sdk-go-v2/aws/protocol/eventstream v1.0.0 h1:yVUAwvJC/0WNPbyl0nA3j1L6CW1CN8wBubCRqtG7JLI=
github.com/aws/aws-sdk-go-v2/aws/protocol/eventstream v1.0.0/go.mod h1:Xn6sxgRuIDflLRJFj5Ev7UxABIkNbccFPV/p8itDReM=
github.com/aws/aws-sdk-go-v2/config v1.11.0 h1:Czlld5zBB61A3/aoegA9/buZulwL9mHHfizh/Oq+Kqs=
github.com/aws/aws-sdk-go-v2/config v1.11.0/go.mod h1:VrQDJGFBM5yZe+IOeenNZ/DWoErdny+k2MHEIpwDsEY=
github.com/aws/aws-sdk-go-v2/credentials v1.6.4 h1:2hvbUoHufns0lDIsaK8FVCMukT1WngtZPavN+W2FkSw=
github.com/aws/aws-sdk-go-v2/credentials v1.6.4/go.mod h1:tTrhvBPHyPde4pdIPSba4Nv7RYr4wP9jxXEDa1bKn/8=
github.com/aws/aws-sdk-go-v2/feature/ec2/imds v1.8.2 h1:KiN5TPOLrEjbGCvdTQR4t0U4T87vVwALZ5Bg3jpMqPY=
github.com/aws/aws-sdk-go-v2/feature/ec2/imds v1.8.2/go.mod h1:dF2F6tXEOgmW5X1ZFO/EPtWrcm7XkW07KNcJUGNtt4s=
github.com/aws/aws-sdk-go-v2/internal/configsources v1.1.2 h1:XJLnluKuUxQG255zPNe+04izXl7GSyUVafIsgfv9aw4=
github.com/aws/aws-sdk-go-v2/internal/configsources v1.1.2/go.mod h1:SgKKNBIoDC/E1ZCDhhMW3yalWjwuLjMcpLzsM/QQnWo=
github.com/aws/aws-sdk-go-v2/internal/endpoints/v2 v2.0.2 h1:EauRoYZVNPlidZSZJDscjJBQ22JhVF2+tdteatax2Ak=
github.com/aws/aws-sdk-go-v2/internal/endpoints/v2 v2.0.2/go.mod h1:xT4XX6w5Sa3dhg50JrYyy3e4WPYo/+WjY/BXtqXVunU=
github.com/aws/aws-sdk-go-v2/internal/ini v1.3.2 h1:IQup8Q6lorXeiA/rK72PeToWoWK8h7VAPgHNWdSrtgE=
github.com/aws/aws-sdk-go-v2/internal/ini v1.3.2/go.mod h1:VITe/MdW6EMXPb0o0txu/fsonXbMHUU2OC2Qp7ivU4o=
github.com/aws/aws-sdk-go-v2/service/accessanalyzer v1.10.1 h1:s+irppbev4GCBzj+hH2oUpTwod23qYNHDs+7BGbHRvY=
github.com/aws/aws-sdk-go-v2/service/accessanalyzer v1.10.1/go.mod h1:p5eGhsDgBLmimKfmxoNFEayYV1DZxooVFHkdaIBfbes=
github.com/aws/aws-sdk-go-v2/service/acm v1.9.2 h1:VKgukhl7eodzqAPjxnhhzeust9ghXARzT4fRWDf0wfU=
github.com/aws/aws-sdk-go-v2/service/acm v1.9.2/go.mod h1:I43heu2RNNVqzR8q069JCllVMVgGRlDfNHRThRD70Kc=
github.com/aws/aws-sdk-go-v2/service/amplify v1.7.2 h1:+XwP2GLvoYIF0gj7o9sXqXUwmqkSXucvhzVDPzy03yU=
github.com/aws/aws-sdk-go-v2/service/amplify v1.7.2/go.mod h1:q+UOzFn+G53xgD53Mt9k17Jz4xB2RWGijkNbRCJUaD4=
github.com/aws/aws-sdk-go-v2/service/apigateway v1.10.1 h1:ZJC3m9uL4qvRc7qIyZjbejvivBNJsPE+Vvsug07hUrM=
github.com/aws/aws-sdk-go-v2/service/apigateway v1.10.1/go.mod h1:81rBI522AuALgYFf6L5xw3avwDH4bgzVVWG73FUY1iM=
github.com/aws/aws-sdk-go-v2/service/apigatewayv2 v1.8.2 h1:22qykZoSsbV3WUdOjWy2p5l+spvmtejOQAzKdIH4nGI=
github.com/aws/aws-sdk-go-v2/service/apigatewayv2 v1.8.2/go.mod h1:VY6+RpK0Xnv9CZPx1abHThFug/vbt8FENqTtOQZ3tsE=
github.com/aws/aws-sdk-go-v2/service/applicationautoscaling v1.10.2 h1:GJsq/y3peudaMovMdHJhBiLtfUcwvV37WL7H9SKMDqw=
github.com/aws/aws-sdk-go-v2/service/applicationautoscaling v1.10.2/go.mod h1:JRrNjpM1qIFI25ikEvad6g8Q5qw0B1S8G0di/9kU7DY=
github.com/aws/aws-sdk-go-v2/service/appmesh v1.8.3 h1:RJV2BbpGLB7Cwo6yOYvZ/t4IvOU0vNa1WZG68O1eAOI=
github.com/aws/aws-sdk-go-v2/service/appmesh v1.8.3/go.mod h1:IQdGwOMFbg8ht5gDhGd5m1xJH/2yBY6TdP1GzUceEhU=
github.com/aws/aws-sdk-go-v2/service/appsync v1.9.2 h1:LGu9RKZxflp3cfT4KN9I3JIC+C1hUatmGugE5Bpp00E=
github.com/aws/aws-sdk-go-v2/service/appsync v1.9.2/go.mod h1:VOKFpj+E4nCFiJOr74x+zfKcXrIOOOZ8UO+RCsubbv0=
github.com/aws/aws-sdk-go-v2/service/athena v1.9.2 h1:nVgGiK3Z1DcLYtOEZPr2hjh6hMkfrtjsyZVW3g0YFng=
github.com/aws/aws-sdk-go-v2/service/athena v1.9.2/go.mod h1:J+5byfL/QGEBR8vJnYnxaGiUh+BX8pTRIIOUcVnXx+s=
github.com/aws/aws-sdk-go-v2/service/autoscaling v1.16.1 h1:Zl0p3qSrV3cUNOGi2sUmtZ6RREsQd473RUOpTsG3JZ0=
github.com/aws/aws-sdk-go-v2/service/autoscaling v1.16.1/go.mod h1:Wu0SF1d/ibUOY3Nu3iHQaPufB4SM2XkgQP64sd7r888=
github.com/aws/aws-sdk-go-v2/service/backup v1.10.1 h1:D5KmQ+kNLNeAzDFzQJxsKnRVGbJZvvD+IaTqqG6uYZI=
github.com/aws/aws-sdk-go-v2/service/backup v1.10.1/go.mod h1:gHs/G7yDx+pmDL+nRZSUUh1gMpJOW6je7j2JKB1/KAU=
github.com/aws/aws-sdk-go-v2/service/batch v1.11.1 h1:g997HqtVhoRd8xOcTbPnRO935pdpLLIPWPLCh+pnIp4=
github.com/aws/aws-sdk-go-v2/service/batch v1.11.1/go.mod h1:nqA79R3FfOjLx0f/My3Z4Vpo5iQo3YewW4i5Kq9eWLA=
github.com/aws/aws-sdk-go-v2/service/budgets v1.7.2 h1:NXChLktO2CY+scFfIU6GtiYg/YgKHD4yVZ0kvpAGi8U=
github.com/aws/aws-sdk-go-v2/service/budgets v1.7.2/go.mod h1:7UqyoApm00s4nr/Yhp9VrRYkdUCMbmc1nPh7WhQSP3c=
github.com/aws/aws-sdk-go-v2/service/cloud9 v1.11.2 h1:AhkjK/sGvH81K4VACcIwqDFOG14wh5owxt3oBdg6GMA=
github.com/aws/aws-sdk-go-v2/service/cloud9 v1.11.2/go.mod h1:ULp4NnJBIFGnzU+A9tlUTxDXvdGLJGAMxbcdEYuH5oE=
github.com/aws/aws-sdk-go-v2/service/cloudformation v1.15.1 h1:2JiTlojNKpyR9FvDaR2M36q9H4KyrBe/obwX+0W6cmI=
github.com/aws/aws-sdk-go-v2/service/cloudformation v1.15.1/go.mod h1:CDzNtVr/ymc0vCwh23xQToOEXuH09vM1FYMcwat0sV8=
github.com/aws/aws-sdk-go-v2/service/cloudfront v1.11.2 h1:HsNMWcBIB6nHP0yBhd5NnL3iDX1NpEh6+5sTqazUxUg=
github.com/aws/aws-sdk-go-v2/service/cloudfront v1.11.2/go.mod h1:2FfeVsv2btY6OTqPHj+aY4Xyche40iiartlvJ25xAm4=
github.com/aws/aws-sdk-go-v2/service/cloudtrail v1.10.1 h1:Xm4kLe9IbJdr+91Xo1GcMfS7ko+cOtMhJU7VE4LyZbY=
github.com/aws/aws-sdk-go-v2/service/cloudtrail v1.10.1/go.mod h1:u9jl7BDa0pHi8VB5yDzEnJ3skKCl/Ri/g6ybGoG6DH8=
github.com/aws/aws-sdk-go-v2/service/cloudwatch v1.12.1 h1:EWR5vExgYKWe7p/SwMP/linjmgg63H8RzAaSSUkpHss=
github.com/aws/aws-sdk-go-v2/service/cloudwatch v1.12.1/go.mod h1:eAgmZ4hIzTsTOlAA7yvGJz+RywxZo3KWtGt7J+jAUxU=
github.com/aws/aws-sdk-go-v2/service/cloudwatchevents v1.9.2 h1:3KMmqYzUxNPLuOYo6+n6BbqmIV3T5RfeK2NOpgTtkFU=
github.com/aws/aws-sdk-go-v2/service/cloudwatchevents v1.9.2/go.mod h1:FDL3tQ4lF3/k1xsp4WVNmXgWS/o/v/1uwn+lrAOgolE=
github.com/aws/aws-sdk-go-v2/service/cloudwatchlogs v1.10.2 h1:N0/hUb98vtLhAKcigzc0p11UxjRh8P/2kRX4+amb0DA=
github.com/aws/aws-sdk-go-v2/service/cloudwatchlogs v1.10.2/go.mod h1:DEJOoM7yFVQJepQIHh+zsLCSgz5hl3F2APTUpxTTbUo=
github.com/aws/aws-sdk-go-v2/service/codebuild v1.14.2 h1:6Vry9HATSgAqGoEEVi57JK62g2DoiF60H0Enj7mcG1k=
github.com/aws/aws-sdk-go-v2/service/codebuild v1.14.2/go.mod h1:gxgeWH9WqzRqRtaSjGeJIEZfnVbhHyxi1J1HbM79wf0=
github.com/aws/aws-sdk-go-v2/service/codecommit v1.8.2 h1:sxHB3R5iPkF13IRQw3njeJs94adXn8Ink/6QMiqJZ4k=
github.com/aws/aws-sdk-go-v2/service/codecommit v1.8.2/go.mod h1:Myw1C+65o7Tl6PhTm+WGCejX3t9I0HzIF9CNwsNIze4=
github.com/aws/aws-sdk-go-v2/service/codedeploy v1.9.2 h1:y77Dr3UXDk61+V78uyWkdDGCSLL0FykB5rWs68o6qJc=
github.com/aws/aws-sdk-go-v2/service/codedeploy v1.9.2/go.mod h1:kxyx444+kXTV0yi8BxwIJoD9wd4zwOwQj0NQwUvoioQ=
github.com/aws/aws-sdk-go-v2/service/codepipeline v1.8.2 h1:lQiqz/SiDjDW/O71t6bETXH0eZDvtfo+p+xM3qjtSVU=
github.com/aws/aws-sdk-go-v2/service/codepipeline v1.8.2/go.mod h1:hYo39LLCq8G/JztK+BVeEPzr/XYbKZsaujPgVveVDZU=
github.com/aws/aws-sdk-go-v2/service/codestar v1.7.2 h1:gt30/g7kQLLAcaTSbdvMGSlzA3fcO2hJkU/9ZwJgkKA=
github.com/aws/aws-sdk-go-v2/service/codestar v1.7.2/go.mod h1:/QafqwhW1+j6PLAwA8gJPR3acUg/CiiNgO+h48rlviw=
github.com/aws/aws-sdk-go-v2/service/cognitoidentity v1.8.2 h1:lLpDiJVHPr9W++hE4ty3jFuOdhBXZDFBHW8MgdlcZ6c=
github.com/aws/aws-sdk-go-v2/service/cognitoidentity v1.8.2/go.mod h1:IiPwMduSdVtmQjMIjQSpuCXI2q4NSmFG05M2TejxD4o=
github.com/aws/aws-sdk-go-v2/service/cognitoidentityprovider v1.9.2 h1:uWZYOrTg5ifYPzQTH3Tl1rRoDEzClfG1tWXOLqGdTuQ=
github.com/aws/aws-sdk-go-v2/service/cognitoidentityprovider v1.9.2/go.mod h1:FT6DKtlLfZ7XcjWRaVQAM8XOpSZqyRk/IPzMtVeck0s=
github.com/aws/aws-sdk-go-v2/service/configservice v1.12.2 h1:K6T+dCojvPlMsmn30KVGsORIIv3slbPgEvA3aPQnYLc=
github.com/aws/aws-sdk-go-v2/service/configservice v1.12.2/go.mod h1:N6u2MpZ+PfaCzW4F7EtR8BYt7UIz2hE3M/msH+qA1TY=
github.com/aws/aws-sdk-go-v2/service/databasemigrationservice v1.13.1 h1:oHL908G7FhQrT7By8pgPl4qXV4V8gw+h3YwfAYg4MOM=
github.com/aws/aws-sdk-go-v2/service/databasemigrationservice v1.13.1/go.mod h1:/df8pk/8VZfJmOEzfBMn9LyRwG6XjuZ10Yl8qH+p3yk=
github.com/aws/aws-sdk-go-v2/service/dax v1.7.2 h1:18Nxds4KQoQGUrGREWImE+eTK3CGBz8jtXotk7COTKk=
github.com/aws/aws-sdk-go-v2/service/dax v1.7.2/go.mod h1:nfGaoXs2m4bnNbDF6sfTIaIBSa8o5XVqxbRI8BhFgtU=
github.com/aws/aws-sdk-go-v2/service/docdb v1.12.2 h1:+T9NxXSZlEqz1yW/I+4SlQYflBToJlfBjbRwev0bs7o=
github.com/aws/aws-sdk-go-v2/service/docdb v1.12.2/go.mod h1:+wEMB8G+Mi7EAg8pl6bpZD3W0Yk4ZARBUm4BOHHGprQ=
github.com/aws/aws-sdk-go-v2/service/dynamodb v1.10.0 h1:jzvWaPf99rIjqEBxh9uGKxtnIykU/SOXY/nfvThhJvI=
github.com/aws/aws-sdk-go-v2/service/dynamodb v1.10.0/go.mod h1:ELltfl9ri0n4sZ/VjPZBgemNMd9mYIpCAuZhc7NP7l4=
github.com/aws/aws-sdk-go-v2/service/dynamodbstreams v1.8.1 h1:AQurjazY9KPUxvq4EBN9Q3iWGaDrcqfpfSWtkP0Qy+g=
github.com/aws/aws-sdk-go-v2/service/dynamodbstreams v1.8.1/go.mod h1:RiesWyLiePOOwyT5ySDupQosvbG+OTMv9pws/EhDu4U=
github.com/aws/aws-sdk-go-v2/service/ec2 v1.25.0 h1:IGQu0cPAeYsWz0neqt6FwYg7DED7Prz/fdQxq/PoWI0=
github.com/aws/aws-sdk-go-v2/service/ec2 v1.25.0/go.mod h1:cIbz+b70nxJafXf9lT07Xj03pef6CsVdYTCCR0DQEQc=
github.com/aws/aws-sdk-go-v2/service/ecr v1.11.1 h1:y2Gtk+CgW7MO9pRhigqiQ4ixYeKiaC5wTAs+a8KM6ME=
github.com/aws/aws-sdk-go-v2/service/ecr v1.11.1/go.mod h1:IoE3h7WVE1zmlQzUHEYJ5JtfrF4g3rCG8mPz+fsp0+s=
github.com/aws/aws-sdk-go-v2/service/ecs v1.13.1 h1:8Ougwd/d4PdiNiBg+9AwkXNPOt/0NNdFbRDD9LKC7sM=
github.com/aws/aws-sdk-go-v2/service/ecs v1.13.1/go.mod h1:GFdAetUaJWx8jKUhlKrPp/3XsDWTkdGEEkNaarIuJGA=
github.com/aws/aws-sdk-go-v2/service/efs v1.10.2 h1:whGbn0u7BGUKA1ADiZTVBaB7bqeKoKykYp/n4sw9tso=
github.com/aws/aws-sdk-go-v2/service/efs v1.10.2/go.mod h1:0lj2h08s/8epYfnU+46/HSBY3LBgTl2kd/awfJM5LfU=
github.com/aws/aws-sdk-go-v2/service/eks v1.15.1 h1:ZXSYFvB8bN8JpMJDPenUktAuvMpsTHMMPW1hC+ckEJE=
github.com/aws/aws-sdk-go-v2/service/eks v1.15.1/go.mod h1:xbz8pEpGLX0sMb5xCCWNSmp2mWNWQMZsOj6fFuCskjw=
github.com/aws/aws-sdk-go-v2/service/elasticache v1.15.1 h1:WWsQ+eBwzewhHxQ1foJghzgFgX1vLgvmEmMH5FMjS58=
github.com/aws/aws-sdk-go-v2/service/elasticache v1.15.1/go.mod h1:6O2ce+L9zaOcKzEYG+vGJHSgDVcz+ucETuwNvkKTzeQ=
github.com/aws/aws-sdk-go-v2/service/elasticbeanstalk v1.9.2 h1:7+TRaZXRNSxjKfvGTGkY7iY7qPMGTqd727MiU9OkrPI=
github.com/aws/aws-sdk-go-v2/service/elasticbeanstalk v1.9.2/go.mod h1:F+HdkxyGxjLuSS/MILZ3dtAHNawsQiS8Vj8srEknOsE=
github.com/aws/aws-sdk-go-v2/service/elasticloadbalancing v1.9.2 h1:XPPSrJc1qbn/OTs9/GVSD+DnAh14oS5hGIxE00xHiws=
github.com/aws/aws-sdk-go-v2/service/elasticloadbalancing v1.9.2/go.mod h1:dCzl6Xr3MPAATrjdxRBTE602B/jVrujl7CDfbzu2wks=
github.com/aws/aws-sdk-go-v2/service/elasticloadbalancingv2 v1.13.1 h1:HTcy8LAabsHT1wsKSwoNQishzaiWReGM3GLy9FKgLkg=
github.com/aws/aws-sdk-go-v2/service/elasticloadbalancingv2 v1.13.1/go.mod h1:K19IPbjJzW6rWEm7pPNODMmTio71n1/rRE+96nHJ9sU=
github.com/aws/aws-sdk-go-v2/service/elasticsearchservice v1.10.1 h1:WLn8LMg3x51QFVXnSok1oVaX15vM4FS/mcM7nTHlOvo=
github.com/aws/aws-sdk-go-v2/service/elasticsearchservice v1.10.1/go.mod h1:Vb8LcnQzd5geZ+tZh49YwjtYZFj/NyzXNZOmeB4ncRM=
github.com/aws/aws-sdk-go-v2/service/emr v1.12.2 h1:nxevuMLoMJEECpaDGeOwJFLtZdiLOOLbVqxfH+c7D5U=
github.com/aws/aws-sdk-go-v2/service/emr v1.12.2/go.mod h1:I6eARXWy4eiQNis8FcE5kMzJGtbzPM+Zij56ByTsgSk=
github.com/aws/aws-sdk-go-v2/service/firehose v1.10.2 h1:tCSM520YEKbVO3NcX0Mcnqk3rhPNfD4D/vFucbqeVcM=
github.com/aws/aws-sdk-go-v2/service/firehose v1.10.2/go.mod h1:fJeZ4uxhD+vGcNCE4W7onN/AjAuTcT83Cv/7gH4UjUk=
github.com/aws/aws-sdk-go-v2/service/fsx v1.14.0 h1:EV5ammxHUnbpQ1Hy4I9pKbR30hl1GGzmFzqliU/WkVg=
github.com/aws/aws-sdk-go-v2/service/fsx v1.14.0/go.mod h1:3rgJgkz7rhlYSm7jbBqHPEybcJ+beEZE73+cVabMBUk=
github.com/aws/aws-sdk-go-v2/service/glue v1.16.0 h1:5myWMZmAtuwEynpjHGXBh/qwqIAcLr+XuK+OQ/bYREs=
github.com/aws/aws-sdk-go-v2/service/glue v1.16.0/go.mod h1:/8EMQJ6WR7yNyvknFgoZnXS7bQ+9cNBkVOU/3nXwWbM=
github.com/aws/aws-sdk-go-v2/service/greengrass v1.8.2 h1:gRU28AOXbwwqRk0vpRE0qMAKZumUOiTc3mSPyNdl3cU=
github.com/aws/aws-sdk-go-v2/service/greengrass v1.8.2/go.mod h1:52WkY7wXMHEbJ/fLIECiDk39MYpagri+pUpbHNtZ+4Y=
github.com/aws/aws-sdk-go-v2/service/guardduty v1.7.2 h1:6PGXqmM4KPh5wASf85Y6GJnRCV4Pd02YreYTe1so23M=
github.com/aws/aws-sdk-go-v2/service/guardduty v1.7.2/go.mod h1:ewwPvKJ/r8J0EuBI/8Roaf08rsfHE24746DXGZrhSec=
github.com/aws/aws-sdk-go-v2/service/iam v1.13.2 h1:KiG6os1/nDzDLJ/hx8T2x/gyfbhnwF2Klp7rB/7CbYk=
github.com/aws/aws-sdk-go-v2/service/iam v1.13.2/go.mod h1:O13Qz5IqQmrLCQYw8l4luBDLNxOIlCAYUS0i+0ySOTk=
github.com/aws/aws-sdk-go-v2/service/imagebuilder v1.14.1 h1:4DGfO6L4hVHNYfRJI6DAaShuWJH+g8lnOtOjjjrHwUs=
github.com/aws/aws-sdk-go-v2/service/imagebuilder v1.14.1/go.mod h1:MFCfn5nYqV0qSC7ZC+JW00zzAgUejhpXiCeknDQSX1U=
github.com/aws/aws-sdk-go-v2/service/internal/accept-encoding v1.5.0 h1:lPLbw4Gn59uoKqvOfSnkJr54XWk5Ak1NK20ZEiSWb3U=
github.com/aws/aws-sdk-go-v2/service/internal/accept-encoding v1.5.0/go.mod h1:80NaCIH9YU3rzTTs/J/ECATjXuRqzo/wB6ukO6MZ0XY=
github.com/aws/aws-sdk-go-v2/service/internal/endpoint-discovery v1.3.3 h1:ru9+IpkVIuDvIkm9Q0DEjtWHnh6ITDoZo8fH2dIjlqQ=
github.com/aws/aws-sdk-go-v2/service/internal/endpoint-discovery v1.3.3/go.mod h1:zOyLMYyg60yyZpOCniAUuibWVqTU4TuLmMa/Wh4P+HA=
github.com/aws/aws-sdk-go-v2/service/internal/presigned-url v1.5.2 h1:CKdUNKmuilw/KNmO2Q53Av8u+ZyXMC2M9aX8Z+c/gzg=
github.com/aws/aws-sdk-go-v2/service/internal/presigned-url v1.5.2/go.mod h1:FgR1tCsn8C6+Hf+N5qkfrE4IXvUL1RgW87sunJ+5J4I=
github.com/aws/aws-sdk-go-v2/service/internal/s3shared v1.9.2 h1:GnPGH1FGc4fkn0Jbm/8r2+nPOwSJjYPyHSqFSvY1ii8=
github.com/aws/aws-sdk-go-v2/service/internal/s3shared v1.9.2/go.mod h1:eDUYjOYt4Uio7xfHi5jOsO393ZG8TSfZB92a3ZNadWM=
github.com/aws/aws-sdk-go-v2/service/iot v1.18.0 h1:Om2FdKua7kuUdFdMUrQq5HHaB2FLOUa0XJvEdwWU35M=
github.com/aws/aws-sdk-go-v2/service/iot v1.18.0/go.mod h1:k/GdVzyD5CweIntd9BWVXicFPW7NowCJBh/MkLRTQjg=
github.com/aws/aws-sdk-go-v2/service/iotsitewise v1.15.1 h1:dDJ9KRAc3r9dFULbN2hoE66ILEv1vdEwPj//KoZz5ww=
github.com/aws/aws-sdk-go-v2/service/iotsitewise v1.15.1/go.mod h1:6k2codey7ZdmRNBQ2XMmCKOoD9LTKB/1Thf97uxr30w=
github.com/aws/aws-sdk-go-v2/service/kafka v1.11.0 h1:rlkwopRnSHDdeoww4HnkH+FfuClHTYI3aYEXNgTXW/Y=
github.com/aws/aws-sdk-go-v2/service/kafka v1.11.0/go.mod h1:NbIPPhDPz+o2xJFcDZG5UiasKfIP5KUDFMIA28erkh0=
github.com/aws/aws-sdk-go-v2/service/kinesis v1.10.0 h1:vOqqOA8jhE2Ivo54feqTmh/gqn3kJsdCb+CZZZsCSWU=
github.com/aws/aws-sdk-go-v2/service/kinesis v1.10.0/go.mod h1:B1x58TfECuYHFX/bga902rUvMqQu9C/v2XiCi2GZZXE=
github.com/aws/aws-sdk-go-v2/service/kms v1.11.1 h1:4WsetDYlA3aUYTuQQU76VMi3xH4D/CSbrx9aVqEUwHE=
github.com/aws/aws-sdk-go-v2/service/kms v1.11.1/go.mod h1:e33KkPXn1iEeHHHflmS+Jxx09wbYw2uzAO3sQE1smg0=
github.com/aws/aws-sdk-go-v2/service/lambda v1.14.1 h1:w0t3LUcTyp77GHUGr6hcxHloIryFrz1jzFARiJg7ZFM=
github.com/aws/aws-sdk-go-v2/service/lambda v1.14.1/go.mod h1:SfMSXXcOp/8yW9pMc3/CIxi/y2pl54vZeZqfICX9XYw=
github.com/aws/aws-sdk-go-v2/service/mq v1.7.2 h1:WA0wJ3CGRcn4awvT+yJELXaMzKEDKBivH7qHIUBkVzg=
github.com/aws/aws-sdk-go-v2/service/mq v1.7.2/go.mod h1:7Oyf4jbBkS+qREh1ubV/qSA32QFs0+wtIKmSWnnMVBo=
github.com/aws/aws-sdk-go-v2/service/neptune v1.11.2 h1:eFbc/KFXphH61oOYUPP0psIlmie8wEi9oAmjNbQR5hQ=
github.com/aws/aws-sdk-go-v2/service/neptune v1.11.2/go.mod h1:gqr27UcT0wWYBTHXFn0F9mY5gXHra3aKGklnzflxWe0=
github.com/aws/aws-sdk-go-v2/service/qldb v1.9.1 h1:EGYWpZi7FNz1oStCkUHPZtqc7A1b16Jc3mVx8Bf4R2I=
github.com/aws/aws-sdk-go-v2/service/qldb v1.9.1/go.mod h1:ZrACC1ZEqcXickvVpnPHlsZk9Eh4XSqEvSxZRGCdIsM=
github.com/aws/aws-sdk-go-v2/service/rds v1.13.1 h1:BpJ/vrbyJJvMk+TEnjrLoEZEcsSjWSGo0dYBW4IX6UU=
github.com/aws/aws-sdk-go-v2/service/rds v1.13.1/go.mod h1:Dw97zw/NALZ7oB0NLSGbRNXO9aPkip5cDnjSgudHbCE=
github.com/aws/aws-sdk-go-v2/service/redshift v1.16.1 h1:023w7kEmeo6oFJxT2c3u/SXzmRYw/hzHq1lAzvcz4T8=
github.com/aws/aws-sdk-go-v2/service/redshift v1.16.1/go.mod h1:MFxHzFKSXjT0CUjOpTaeeuqxcP6+uuQMvzkhTEdIEUM=
github.com/aws/aws-sdk-go-v2/service/route53 v1.14.2 h1:06w/iZ7RDTgkumD2w3oVAS55VUzuXjKAj6Fu6QPIRxs=
github.com/aws/aws-sdk-go-v2/service/route53 v1.14.2/go.mod h1:UslaPoP9fD1ayK7ywpkIE9ft5gOEhPVJkT66D4OvSrM=
github.com/aws/aws-sdk-go-v2/service/s3 v1.21.0 h1:vUM2P60BI755i35Gyik4s/lXKcnpEbnvw2Vud+soqpI=
github.com/aws/aws-sdk-go-v2/service/s3 v1.21.0/go.mod h1:lQ5AeEW2XWzu8hwQ3dCqZFWORQ3RntO0Kq135Xd9VCo=
github.com/aws/aws-sdk-go-v2/service/sagemaker v1.20.0 h1:LAh0F/smZNbPMOGdU3LDrd7Qzi36uI8uTuQg7j44Ffc=
github.com/aws/aws-sdk-go-v2/service/sagemaker v1.20.0/go.mod h1:oq3Q3paqEQZKL9i8gfBRfB/yhPnOKH0rB1RCs1eab7E=
github.com/aws/aws-sdk-go-v2/service/secretsmanager v1.10.2 h1:v+mZVbY9IBYPFFFWNwuwfpUwmwD37AoQFW7sa//hNvY=
github.com/aws/aws-sdk-go-v2/service/secretsmanager v1.10.2/go.mod h1:Lo6aZ+bIbBYL6LyElc7tWEcotGHrEUOqMK7uhkYQfoA=
github.com/aws/aws-sdk-go-v2/service/servicecatalog v1.8.2 h1:hQuze6dsOBPdLYeyi9XXXzgh9Vb5HUbLWilHow3pc/8=
github.com/aws/aws-sdk-go-v2/service/servicecatalog v1.8.2/go.mod h1:5mq+AxqsQL5daZdyljYcgoaR3XBl85qlh4Mzs+r1A20=
github.com/aws/aws-sdk-go-v2/service/servicediscovery v1.12.2 h1:HuZiKtwnye1OqVT7Mvwo2yr/iq0Ec8e97VDqBxFm/CQ=
github.com/aws/aws-sdk-go-v2/service/servicediscovery v1.12.2/go.mod h1:SCvVw3nMKhmw3GwAtHpnBIbVl8aHFw0Wt1DJ8B+f8pw=
github.com/aws/aws-sdk-go-v2/service/ses v1.9.2 h1:grf3eGuP6vzj6LBvLIyCrC9Jn7/OT/tUNhVJWJdlC20=
github.com/aws/aws-sdk-go-v2/service/ses v1.9.2/go.mod h1:HWFIXo+Yl1KFuF9iCzS/M/aAGgpK63YvYPdQZ/q+IEo=
github.com/aws/aws-sdk-go-v2/service/sfn v1.8.2 h1:XTPxGVl7gdYLdgyj2aNuxyZNygKKaAmpUUYzod5Qa4A=
github.com/aws/aws-sdk-go-v2/service/sfn v1.8.2/go.mod h1:29p+9b3CxCCD0442v+aMPU3CX5vy6wCKEhnsJIvF8Q0=
github.com/aws/aws-sdk-go-v2/service/signer v1.8.2 h1:xYMx09VQ0kYZIxyeOxkSLDrOtS2X/tQ6cNLiUjyqx8U=
github.com/aws/aws-sdk-go-v2/service/signer v1.8.2/go.mod h1:q6mflKaK/rQucX31cvesUjb1e5QFjlTuaO4sTQl1N4E=
github.com/aws/aws-sdk-go-v2/service/sns v1.12.1 h1:yuok0gdjxFJ7Rq2IgtBL5Oq0Y3fjIx0EAqDin68m+E8=
github.com/aws/aws-sdk-go-v2/service/sns v1.12.1/go.mod h1:ioTOCJnuDbEBqucork8ySl7X/PtPUKs2/b0pIKb1C3g=
github.com/aws/aws-sdk-go-v2/service/sqs v1.13.1 h1:F2+s4Niqvlvmdzi+wNHvqa9tvgy2VfawUuLhsnLaQbQ=
github.com/aws/aws-sdk-go-v2/service/sqs v1.13.1/go.mod h1:gOsepb5p+dWNJqP37uG78TR3cO0zYlGFLJT9zCCaaX8=
github.com/aws/aws-sdk-go-v2/service/ssm v1.17.1 h1:E/2WewR1wegBnthK8Yz+E87E8Mm4RJC/7R6vg6oAfl0=
github.com/aws/aws-sdk-go-v2/service/ssm v1.17.1/go.mod h1:jqRk4h1lv2pV4G1DTYRj71JIMEoU/gEGvLU5O6ZnpLM=
github.com/aws/aws-sdk-go-v2/service/sso v1.6.2 h1:2IDmvSb86KT44lSg1uU4ONpzgWLOuApRl6Tg54mZ6Dk=
github.com/aws/aws-sdk-go-v2/service/sso v1.6.2/go.mod h1:KnIpszaIdwI33tmc/W/GGXyn22c1USYxA/2KyvoeDY0=
github.com/aws/aws-sdk-go-v2/service/sts v1.11.1 h1:QKR7wy5e650q70PFKMfGF9sTo0rZgUevSSJ4wxmyWXk=
github.com/aws/aws-sdk-go-v2/service/sts v1.11.1/go.mod h1:UV2N5HaPfdbDpkgkz4sRzWCvQswZjdO1FfqCWl0t7RA=
github.com/aws/aws-sdk-go-v2/service/transfer v1.12.1 h1:/pPKc8Cq9VA4zZ/ISBSmL1IAtObZHoaELPWJZdmUpIQ=
github.com/aws/aws-sdk-go-v2/service/transfer v1.12.1/go.mod h1:x25RV5w6BAEHcDhHk4xWQsJGs8CwmpOWq3u2+n69qvI=
github.com/aws/aws-sdk-go-v2/service/waf v1.7.2 h1:50N4EaNpRUfoT69Nde76RSlHGOnmkAUqDXa2VuStB90=
github.com/aws/aws-sdk-go-v2/service/waf v1.7.2/go.mod h1:JziEWKIaNRjppaB8QSXIITnZzzLCLG0ow4JgqF12BYw=
github.com/aws/aws-sdk-go-v2/service/wafregional v1.8.2 h1:sLmetzv+V/l3uwRdbUS5uOjqm5qZBhZ9HHB+jLnAuOs=
github.com/aws/aws-sdk-go-v2/service/wafregional v1.8.2/go.mod h1:2GH9UONMrbDKy/WrVqqGnFZLzuuFNORANzwUWHvT7fs=
github.com/aws/aws-sdk-go-v2/service/wafv2 v1.14.1 h1:FM5veotfULmVBBwix2jXH95pkylbEDNB3BpkRVRzIfY=
github.com/aws/aws-sdk-go-v2/service/wafv2 v1.14.1/go.mod h1:PrstCVd44VS0/PhFmnGvy/Re8dRsXfeKB0GXyhGpJZQ=
github.com/aws/aws-sdk-go-v2/service/workspaces v1.11.1 h1:6yA42v9j3LvrxeO784+X3Qb+iJ5/E1Z5JnNLebL2V5Q=
github.com/aws/aws-sdk-go-v2/service/workspaces v1.11.1/go.mod h1:0XYTs6VVMxLhOlncSdBi9NUB//+YIhGUMD5elZwR4T4=
github.com/aws/smithy-go v1.9.0 h1:c7FUdEqrQA1/UVKKCNDFQPNKGp4FQg3YW4Ck5SLTG58=
github.com/aws/smithy-go v1.9.0/go.mod h1:SObp3lf9smib00L/v3U2eAKG8FyQ7iLrJnQiAmR5n+E=
github.com/cheggaaa/pb/v3 v3.0.8 h1:bC8oemdChbke2FHIIGy9mn4DPJ2caZYQnfbRqwmdCoA=
github.com/cheggaaa/pb/v3 v3.0.8/go.mod h1:UICbiLec/XO6Hw6k+BHEtHeQFzzBH4i2/qk/ow1EJTA=
github.com/cpuguy83/go-md2man/v2 v2.0.0-20190314233015-f79a8a8ca69d/go.mod h1:maD7wRr/U5Z6m/iR4s+kqSMx2CaBsrgA7czyZG/E6dU=
github.com/cpuguy83/go-md2man/v2 v2.0.1 h1:r/myEWzV9lfsM1tFLgDyu0atFtJ1fXn261LKYj/3DxU=
github.com/cpuguy83/go-md2man/v2 v2.0.1/go.mod h1:tgQtvFlXSQOSOSIRvRPT7W67SCa46tRHOmNcaadrF8o=
github.com/davecgh/go-spew v1.1.0 h1:ZDRjVQ15GmhC3fiQ8ni8+OwkZQO4DARzQgrnXU1Liz8=
github.com/davecgh/go-spew v1.1.0/go.mod h1:J7Y8YcW2NihsgmVo/mv3lAwl/skON4iLHjSsI+c5H38=
github.com/emicklei/dot v0.16.0 h1:7PseyizTgeQ/aSF1eo4LcEfWlQSlzamFZpzY/nMB9EY=
github.com/emicklei/dot v0.16.0/go.mod h1:DeV7GvQtIw4h2u73RKBkkFdvVAz0D9fzeJrgPW6gy/s=
github.com/fatih/color v1.10.0/go.mod h1:ELkj/draVOlAH/xkhN6mQ50Qd0MPOk5AAr3maGEBuJM=
github.com/fatih/color v1.13.0 h1:8LOYc1KYPPmyKMuN8QV2DNRWNbLo6LZ0iLs8+mlH53w=
github.com/fatih/color v1.13.0/go.mod h1:kLAiJbzzSOZDVNGyDpeOxJ47H46qBXwg5ILebYFFOfk=
github.com/fatih/structs v1.1.0 h1:Q7juDM0QtcnhCpeyLGQKyg4TOIghuNXrkL32pHAUMxo=
github.com/fatih/structs v1.1.0/go.mod h1:9NiDSp5zOcgEDl+j00MP/WkGVPOlPRLejGD8Ga6PJ7M=
github.com/google/go-cmp v0.5.4/go.mod h1:v8dTdLbMG2kIc/vJvl+f65V22dbkXbowE6jgT/gNBxE=
github.com/google/go-cmp v0.5.6 h1:BKbKCqvP6I+rmFHt06ZmyQtvB8xAkWdhFyr0ZUNZcxQ=
github.com/google/go-cmp v0.5.6/go.mod h1:v8dTdLbMG2kIc/vJvl+f65V22dbkXbowE6jgT/gNBxE=
github.com/jmespath/go-jmespath v0.4.0 h1:BEgLn5cpjn8UN1mAw4NjwDrS35OdebyEtFe+9YPoQUg=
github.com/jmespath/go-jmespath v0.4.0/go.mod h1:T8mJZnbsbmF+m6zOOFylbeCJqk5+pHWvzYPziyZiYoo=
github.com/jmespath/go-jmespath/internal/testify v1.5.1 h1:shLQSRRSCCPj3f2gpwzGwWFoC7ycTf1rcQZHOlsJ6N8=
github.com/jmespath/go-jmespath/internal/testify v1.5.1/go.mod h1:L3OGu8Wl2/fWfCI6z80xFu9LTZmf1ZRjMHUOPmWr69U=
github.com/mattn/go-colorable v0.1.8/go.mod h1:u6P/XSegPjTcexA+o6vUJrdnUu04hMope9wVRipJSqc=
github.com/mattn/go-colorable v0.1.9/go.mod h1:u6P/XSegPjTcexA+o6vUJrdnUu04hMope9wVRipJSqc=
github.com/mattn/go-colorable v0.1.12 h1:jF+Du6AlPIjs2BiUiQlKOX0rt3SujHxPnksPKZbaA40=
github.com/mattn/go-colorable v0.1.12/go.mod h1:u5H1YNBxpqRaxsYJYSkiCWKzEfiAb1Gb520KVy5xxl4=
github.com/mattn/go-isatty v0.0.12/go.mod h1:cbi8OIDigv2wuxKPP5vlRcQ1OAZbq2CE4Kysco4FUpU=
github.com/mattn/go-isatty v0.0.14 h1:yVuAays6BHfxijgZPzw+3Zlu5yQgKGP2/hcQbHb7S9Y=
github.com/mattn/go-isatty v0.0.14/go.mod h1:7GGIvUiUoEMVVmxf/4nioHXj79iQHKdU27kJ6hsGG94=
github.com/mattn/go-runewidth v0.0.12/go.mod h1:RAqKPSqVFrSLVXbA8x7dzmKdmGzieGRCM46jaSJTDAk=
github.com/mattn/go-runewidth v0.0.13 h1:lTGmDsbAYt5DmK6OnoV7EuIF1wEIFAcxld6ypU4OSgU=
github.com/mattn/go-runewidth v0.0.13/go.mod h1:Jdepj2loyihRzMpdS35Xk/zdY8IAYHsh153qUoGf23w=
github.com/pmezard/go-difflib v1.0.0 h1:4DBwDE0NGyQoBHbLQYPwSUPoCMWR5BEzIk/f1lZbAQM=
github.com/pmezard/go-difflib v1.0.0/go.mod h1:iKH77koFhYxTK1pcRnkKkqfTogsbg7gZNVY4sRDYZ/4=
github.com/rivo/uniseg v0.1.0/go.mod h1:J6wj4VEh+S6ZtnVlnTBMWIodfgj8LQOQFoIToxlJtxc=
github.com/rivo/uniseg v0.2.0 h1:S1pD9weZBuJdFmowNwbpi7BJ8TNftyUImj/0WQi72jY=
github.com/rivo/uniseg v0.2.0/go.mod h1:J6wj4VEh+S6ZtnVlnTBMWIodfgj8LQOQFoIToxlJtxc=
github.com/russross/blackfriday/v2 v2.0.1/go.mod h1:+Rmxgy9KzJVeS9/2gXHxylqXiyQDYRxCVz55jmeOWTM=
github.com/russross/blackfriday/v2 v2.1.0 h1:JIOH55/0cWyOuilr9/qlrm0BSXldqnqwMsf35Ld67mk=
github.com/russross/blackfriday/v2 v2.1.0/go.mod h1:+Rmxgy9KzJVeS9/2gXHxylqXiyQDYRxCVz55jmeOWTM=
github.com/shurcooL/sanitized_anchor_name v1.0.0/go.mod h1:1NzhyTcUVG4SuEtjjoZeVRXNmyL/1OwPU0+IJeTBvfc=
github.com/stretchr/objx v0.1.0/go.mod h1:HFkY916IF+rwdDfMAkV7OtwuqBVzrE8GR6GFx+wExME=
github.com/urfave/cli/v2 v2.3.0 h1:qph92Y649prgesehzOrQjdWyxFOp/QVM+6imKHad91M=
github.com/urfave/cli/v2 v2.3.0/go.mod h1:LJmUH05zAU44vOAcrfzZQKsZbVcdbOG8rtL3/XcUArI=
go.etcd.io/bbolt v1.3.6 h1:/ecaJf0sk1l4l6V4awd65v2C3ILy7MSj+s/x1ADCIMU=
go.etcd.io/bbolt v1.3.6/go.mod h1:qXsaaIqmgQH0T+OPdb99Bf+PKfBBQVAdyD6TY9G8XM4=
golang.org/x/sys v0.0.0-20200116001909-b77594299b42/go.mod h1:h1NjWce9XRLGQEsW7wpKNCjG9DtNlClVuFLEZdDNbEs=
golang.org/x/sys v0.0.0-20200223170610-d5e6a3e2c0ae/go.mod h1:h1NjWce9XRLGQEsW7wpKNCjG9DtNlClVuFLEZdDNbEs=
golang.org/x/sys v0.0.0-20200923182605-d9f96fdee20d/go.mod h1:h1NjWce9XRLGQEsW7wpKNCjG9DtNlClVuFLEZdDNbEs=
golang.org/x/sys v0.0.0-20210403161142-5e06dd20ab57/go.mod h1:h1NjWce9XRLGQEsW7wpKNCjG9DtNlClVuFLEZdDNbEs=
golang.org/x/sys v0.0.0-20210630005230-0f9fa26af87c/go.mod h1:oPkhp1MJrh7nUepCBck5+mAzfO9JrbApNNgaTdGDITg=
golang.org/x/sys v0.0.0-20210927094055-39ccf1dd6fa6/go.mod h1:oPkhp1MJrh7nUepCBck5+mAzfO9JrbApNNgaTdGDITg=
golang.org/x/sys v0.0.0-20211210111614-af8b64212486 h1:5hpz5aRr+W1erYCL5JRhSUBJRph7l9XkNveoExlrKYk=
golang.org/x/sys v0.0.0-20211210111614-af8b64212486/go.mod h1:oPkhp1MJrh7nUepCBck5+mAzfO9JrbApNNgaTdGDITg=
golang.org/x/xerrors v0.0.0-20191204190536-9bdfabe68543/go.mod h1:I/5z698sn9Ka8TeJc9MKroUUfqBBauWjQqLJ2OPfmY0=
golang.org/x/xerrors v0.0.0-20200804184101-5ec99f83aff1 h1:go1bK/D/BFZV2I8cIQd1NKEZ+0owSTG1fDTci4IqFcE=
golang.org/x/xerrors v0.0.0-20200804184101-5ec99f83aff1/go.mod h1:I/5z698sn9Ka8TeJc9MKroUUfqBBauWjQqLJ2OPfmY0=
gopkg.in/check.v1 v0.0.0-20161208181325-20d25e280405 h1:yhCVgyC4o1eVCa2tZl7eS0r+SDo693bJlVdllGtEeKM=
gopkg.in/check.v1 v0.0.0-20161208181325-20d25e280405/go.mod h1:Co6ibVJAznAaIkqp8huTwlJQCZ016jof/cbN4VW5Yz0=
gopkg.in/yaml.v2 v2.2.3/go.mod h1:hI93XBmqTisBFMUTm0b8Fm+jr3Dg1NNxqwp+5A1VGuI=
gopkg.in/yaml.v2 v2.2.8/go.mod h1:hI93XBmqTisBFMUTm0b8Fm+jr3Dg1NNxqwp+5A1VGuI=
gopkg.in/yaml.v2 v2.4.0 h1:D8xgwECY7CYvx+Y2n4sBz93Jn9JRvxdiyyo8CTfuKaY=
gopkg.in/yaml.v2 v2.4.0/go.mod h1:RDklbk79AGWmwhnvt/jBztapEOGDOx6ZbXqjP6csGnQ=
