github.com/BurntSushi/toml v0.3.1/go.mod h1:xHWCNGjB5oqiDr8zfno3MHue2Ht5sIBksp03qcyfWMU=
github.com/VividCortex/ewma v1.1.1 h1:MnEK4VOv6n0RSY4vtRe3h11qjxL3+t0B8yOL8iMXdcM=
github.com/VividCortex/ewma v1.1.1/go.mod h1:2Tkkvm3sRDVXaiyucHiACn4cqf7DpdyLvmxzcbUokwA=
github.com/aws/aws-sdk-go-v2 v0.30.0 h1:/CjXUnWXnvdgOqHa65UIs2TODa5D5lm3ty7O0wWuYHY=
github.com/aws/aws-sdk-go-v2 v0.30.0/go.mod h1:vEDjzdktTH+FoEOV6BWgYLEzvPti13Onp5/qQrSiLPg=
github.com/aws/aws-sdk-go-v2/config v0.3.0 h1:Vl7ljyGdyZ6AK/WaqHPpweS3xE8OVKQcwU3kt99ofYU=
github.com/aws/aws-sdk-go-v2/config v0.3.0/go.mod h1:grBHx/eKZPbNpGcmntBEu97/nUGCDHfjPhIyJx0e1lc=
github.com/aws/aws-sdk-go-v2/credentials v0.1.5 h1:yPU5tFqRUJoO8RT4vp5O6AINP+W3kN6xHxukDJY0nZY=
github.com/aws/aws-sdk-go-v2/credentials v0.1.5/go.mod h1:DvGY5cZFiPbp++xv8eco5ZF3bO7jp67QuL0OzaChnVQ=
github.com/aws/aws-sdk-go-v2/ec2imds v0.1.5 h1:9vrHx+lXUiFAFHq8n6W/p7XEJ3gGPjFI+CIu243PXbE=
github.com/aws/aws-sdk-go-v2/ec2imds v0.1.5/go.mod h1:DPESW4tlbYYOFLmRThVEKSWsux39VKDIG+5DMKCyoII=
github.com/aws/aws-sdk-go-v2/service/accessanalyzer v0.30.0 h1:VAmdzLBLEEW/YkntdosLA1Vw/xD4bbBJNu8ab3MmBKs=
github.com/aws/aws-sdk-go-v2/service/accessanalyzer v0.30.0/go.mod h1:JDTExb+/PyeN9ffGOt9aYAns/0C1+cTHF827Q1kUJ70=
github.com/aws/aws-sdk-go-v2/service/acm v0.30.0 h1:YbRCW1ep0kC1hVN9yyKyxZrUh+XT7d02y9JkzAx9XxM=
github.com/aws/aws-sdk-go-v2/service/acm v0.30.0/go.mod h1:uMV6bBCi40/lVN0g0suHpiJRezGaS+nUblSYsberUTA=
github.com/aws/aws-sdk-go-v2/service/amplify v0.30.0 h1:5W6d2qbqCMQHdyqhbZpG6Y0cZDdfwcvYX2+vre2mUHA=
github.com/aws/aws-sdk-go-v2/service/amplify v0.30.0/go.mod h1:XNoxZcDXhrXImCWKuvHfLTPy1Q0n8br83Gwqmc5XfZE=
github.com/aws/aws-sdk-go-v2/service/apigateway v0.30.0 h1:Ke/LPQ7W2/N+/hpg67lqIKgLkC7Mg5QSlLMpkj2rE5c=
github.com/aws/aws-sdk-go-v2/service/apigateway v0.30.0/go.mod h1:hBbgTgsBr3/wJwr7kLjQDNDQxHWEWg+P7WvzCszwKmQ=
github.com/aws/aws-sdk-go-v2/service/apigatewayv2 v0.30.0 h1:MRp1r1L+/UDmG1fOAeuMPfwOWXrWKno0+V4g+jaCBao=
github.com/aws/aws-sdk-go-v2/service/apigatewayv2 v0.30.0/go.mod h1:VtKKzKD+7BFmQsS64swjshrznSb4cv2FFkeEgB4l1dA=
github.com/aws/aws-sdk-go-v2/service/applicationautoscaling v0.30.0 h1:zEiKkvFEGERPDOdLR/HTklCdffYygOPJh/vwbnQ9pps=
github.com/aws/aws-sdk-go-v2/service/applicationautoscaling v0.30.0/go.mod h1:lHFdvaW86kqNFGaLpgjQTXw3+HOMVZHOShIwvR09PtM=
github.com/aws/aws-sdk-go-v2/service/appmesh v0.30.0 h1:pNagP/TtlTN3Za/pfuaa8lacqYGTBaPc5Kp1FzU0oxg=
github.com/aws/aws-sdk-go-v2/service/appmesh v0.30.0/go.mod h1:8EGaTQw1h00stD9OzVq22lZuZHsM0JjhDRX5CtN83Ko=
github.com/aws/aws-sdk-go-v2/service/appsync v0.30.0 h1:IimohsK70F/A70rKrEGXOOKsiLo+lVQQ3tFTrorWLUk=
github.com/aws/aws-sdk-go-v2/service/appsync v0.30.0/go.mod h1:i+WvuvSRWSLnIRaoC2lKSkSuxD2+QbKb51m02awxc6M=
github.com/aws/aws-sdk-go-v2/service/athena v0.30.0 h1:1+iiqg7DQARh8zMiSY/LCJPpMDSDnmy72rWaXJQPGyg=
github.com/aws/aws-sdk-go-v2/service/athena v0.30.0/go.mod h1:qBIvc5LBO9z6iSZVwglGDHXfE7MhgRqaLBfcSOvNwKY=
github.com/aws/aws-sdk-go-v2/service/autoscaling v0.30.0 h1:4Bz4fT8ucxMUP0pFODK0wovwGNv0FPMgDpE0ofJU24c=
github.com/aws/aws-sdk-go-v2/service/autoscaling v0.30.0/go.mod h1:jE38OIoRjvrny9wwa5uZgUDjIKlae1I5A4B/ecGr61I=
github.com/aws/aws-sdk-go-v2/service/backup v0.30.0 h1:DO3gv1u4F8uMQwt6cAAQSJv89n/zcqCJTkOUA+HnwP4=
github.com/aws/aws-sdk-go-v2/service/backup v0.30.0/go.mod h1:rBuWAgELe8NfvsKFiCcu+YLH6NU3EBjKtFF9KxdYywY=
github.com/aws/aws-sdk-go-v2/service/batch v0.30.0 h1:ghKsoKMUC/irChMRi4Vl0GZrCxJ8jSIoBuqgUL6Ynmk=
github.com/aws/aws-sdk-go-v2/service/batch v0.30.0/go.mod h1:UDHi918QEQ5KP65Gc9lzTpmjIUaHnQESL654N2faCeM=
github.com/aws/aws-sdk-go-v2/service/budgets v0.30.0 h1:quF5Jc+uGmBrHJhBZ1h7egRE+sSEhjDX6wGNaNxXow8=
github.com/aws/aws-sdk-go-v2/service/budgets v0.30.0/go.mod h1:LjiPhGghckTcPlA4elg0vgwYepxpCMqXev/qNivhm+o=
github.com/aws/aws-sdk-go-v2/service/cloud9 v0.30.0 h1:Vs2Vby29pKoy52Zub11RgAkwtNDXNfb7bayVtCkaXo0=
github.com/aws/aws-sdk-go-v2/service/cloud9 v0.30.0/go.mod h1:62NP2YcPyDV98vfVGX847ZxEDRSYJJhu7I/yKhBAirE=
github.com/aws/aws-sdk-go-v2/service/cloudformation v0.30.0 h1:HihrWHHbvHlpoZUsyV7YeckFK+iXWRdGaxSR7JRSwvM=
github.com/aws/aws-sdk-go-v2/service/cloudformation v0.30.0/go.mod h1:ipH5MmvcuHs0NsGKo4+IwEo/C+i1j2Jr/8B3x8iBj0k=
github.com/aws/aws-sdk-go-v2/service/cloudfront v0.30.0 h1:Y8r/Yw/L74+Lz9Joh0pa5irdCjVGw0CbRN3P2IP501w=
github.com/aws/aws-sdk-go-v2/service/cloudfront v0.30.0/go.mod h1:6X4+9GAxgMN2ku3zaDEEvL6vpxFzNPb7GIiv7FQF8O4=
github.com/aws/aws-sdk-go-v2/service/cloudtrail v0.30.0 h1:TN2/CIbEO6bSh623qglbCQBv8DU02+fRPx0myeQqVtI=
github.com/aws/aws-sdk-go-v2/service/cloudtrail v0.30.0/go.mod h1:dR7ytT0kqmbyg+kk8ddEG2Lo6Idn3DAcDAy1X4ZDSNE=
github.com/aws/aws-sdk-go-v2/service/cloudwatch v0.30.0 h1:GS2e1CuuLBwlmcbwIlfqX9N+meKk8pyZHXEcVG9gjck=
github.com/aws/aws-sdk-go-v2/service/cloudwatch v0.30.0/go.mod h1:IE7hS8F64L5Z+j8g88VNQMctTIkKyixSwxs0e0Yy+gw=
github.com/aws/aws-sdk-go-v2/service/cloudwatchevents v0.30.0 h1:8qh6RCcqOiQFgzhgoyHyE/oqGlsYoAwWNebnCSv2aMY=
github.com/aws/aws-sdk-go-v2/service/cloudwatchevents v0.30.0/go.mod h1:VSNVaXBOTB61rifoEOpwy2R7TVRlJtg2YP/6P0vXhtc=
github.com/aws/aws-sdk-go-v2/service/cloudwatchlogs v0.30.0 h1:5WQ/uOVY7ILg8++P5ZAPT9r1WJKXnnUilibndfp4NQE=
github.com/aws/aws-sdk-go-v2/service/cloudwatchlogs v0.30.0/go.mod h1:9vMq833X6kiZd6lRAIxktwvLIZKd2cAz+8uXbHWKUaU=
github.com/aws/aws-sdk-go-v2/service/codebuild v0.30.0 h1:r42uUrXfm48FtGfiI9YpgchAsZ4EqKGl0OAIdeyIMJI=
github.com/aws/aws-sdk-go-v2/service/codebuild v0.30.0/go.mod h1:cYmxGeTeWyBtTJ8TEK2qo5o9qrgjpHlDuXlJDslanXI=
github.com/aws/aws-sdk-go-v2/service/codecommit v0.30.0 h1:RfgCCM8twkFwkXD11IhyzBmj2GCM+5CgVnUKJvlLAPg=
github.com/aws/aws-sdk-go-v2/service/codecommit v0.30.0/go.mod h1:Pbe6jhsibmU3SzjCSHnjfZBiOW11eL5Vvb/bVlYBWhk=
github.com/aws/aws-sdk-go-v2/service/codedeploy v0.30.0 h1:j7DEQ9xzH0Zs2OA74xX+mYlaojmffy95S2PFzaJjzcg=
github.com/aws/aws-sdk-go-v2/service/codedeploy v0.30.0/go.mod h1:vajdCtyRsMRsjSfTHgXYl472tnCb0MLlTr+9c1XVF6I=
github.com/aws/aws-sdk-go-v2/service/codepipeline v0.30.0 h1:jT5oAsnB/o74rTpJsbdAWw3/8SsGya/dcB1dZi4GEgQ=
github.com/aws/aws-sdk-go-v2/service/codepipeline v0.30.0/go.mod h1:Mhj/zMl0M4fT+y4AA7U451doHStraXoGmUtnrl42goM=
github.com/aws/aws-sdk-go-v2/service/codestar v0.30.0 h1:cl2ttASoWdKFHALMJkjph8stTAvdbbmp43sMMyqb0WI=
github.com/aws/aws-sdk-go-v2/service/codestar v0.30.0/go.mod h1:mPjsDwi/77b5Ehxpzeoik+zaXY+Rwrp9mgPufW7BaXk=
github.com/aws/aws-sdk-go-v2/service/cognitoidentity v0.30.0 h1:RbI2ADxI87OAZgz0AVK/tMc95BtsP2XUPT7JoN0fuPY=
github.com/aws/aws-sdk-go-v2/service/cognitoidentity v0.30.0/go.mod h1:mQmv9houJzOPeyLUiEORsLFsSPkB/1NYCo8R3Q67YmE=
github.com/aws/aws-sdk-go-v2/service/cognitoidentityprovider v0.30.0 h1:Uy8risHb/rwTn7UPDoaSXylB242Ne1X9/hrSkVUkIeE=
github.com/aws/aws-sdk-go-v2/service/cognitoidentityprovider v0.30.0/go.mod h1:140xabS2bv80td0VplV/gW+k9nWPxZOxiCCKhXBt5uM=
github.com/aws/aws-sdk-go-v2/service/configservice v0.30.0 h1:uRhYdYeRUh3pNE+DlRUjtq/iRHLrHMIpRIKqu0ltNIc=
github.com/aws/aws-sdk-go-v2/service/configservice v0.30.0/go.mod h1:YmWHbcRWpz/7DEAuu1IbK9mHMCOzFujyBhRJjiztOwM=
github.com/aws/aws-sdk-go-v2/service/databasemigrationservice v0.30.0 h1:2+7XLRi9aNw9QP3av13Az/UGFHw+s7TNcoLgpGTmnKk=
github.com/aws/aws-sdk-go-v2/service/databasemigrationservice v0.30.0/go.mod h1:XgN0GUXOHEYqoh3hqLlKd/k2Txg1JREX3Dt3mc++3IA=
github.com/aws/aws-sdk-go-v2/service/dax v0.30.0 h1:hgiJM9835ybh11si3o6KSw/e73CTgQTg9ssC+Rezo/Q=
github.com/aws/aws-sdk-go-v2/service/dax v0.30.0/go.mod h1:ObR392g6zppVUoYPyKLh8OVEEOD/+t37k7os4RQQA88=
github.com/aws/aws-sdk-go-v2/service/docdb v0.30.0 h1:jqmZb7seUeZsdkoOWNrVYMArrM53OXXesnWZqvsR+A8=
github.com/aws/aws-sdk-go-v2/service/docdb v0.30.0/go.mod h1:WWJuiFvVXsL+d0SH4TeNPHr74nPTaFN6JXRD83ZIpNQ=
github.com/aws/aws-sdk-go-v2/service/dynamodb v0.30.0 h1:0cYA1iat7Yf12p+XbbqS9F+BVfqfTGmaIq2+GhrniW8=
github.com/aws/aws-sdk-go-v2/service/dynamodb v0.30.0/go.mod h1:1GVEaxVudsKiR4J8lR98sVrXuOlue3oR1m+doKOOEKY=
github.com/aws/aws-sdk-go-v2/service/dynamodbstreams v0.30.0 h1:HyTCk6LXC0DgbkqePqSNWZknKsgXaG3r2A1ESphibo0=
github.com/aws/aws-sdk-go-v2/service/dynamodbstreams v0.30.0/go.mod h1:fVJvwprTXAdghnOlJNWneke0LxVOgRONRPdZQG+1uos=
github.com/aws/aws-sdk-go-v2/service/ec2 v0.30.0 h1:SXVSjA/7OVq0g38hSI5fXiPk2L80SxQ50/c8uboMb1U=
github.com/aws/aws-sdk-go-v2/service/ec2 v0.30.0/go.mod h1:Xo73KcbgqD68xSnSBgc7actJp8HwgZnEhCeMr4t0bX4=
github.com/aws/aws-sdk-go-v2/service/ecr v0.30.0 h1:9enTO/8P3D2fp2VU5I0/UEHzXF8Ld8/G2rUfQ3gxW8Y=
github.com/aws/aws-sdk-go-v2/service/ecr v0.30.0/go.mod h1:dIRMALzuZPsmwD0yVUuZzvKiq3KKOokES+Vgi+Gxp/k=
github.com/aws/aws-sdk-go-v2/service/ecs v0.30.0 h1:hf1Bl6qkmxvvgFdqvt67Wwhzy4OwBIzrpQWvzekU24E=
github.com/aws/aws-sdk-go-v2/service/ecs v0.30.0/go.mod h1:P8Gu3WCbtqBUshnG1odwkHAU280vGmbfhGOre8JRA04=
github.com/aws/aws-sdk-go-v2/service/efs v0.30.0 h1:ijS7FlYQ7CFW/WGclAMv/3PghTjSvOjpEttga0h88WQ=
github.com/aws/aws-sdk-go-v2/service/efs v0.30.0/go.mod h1:F5u4G/Bfvio+VkELFVojXvEae0eS32+V7M640Al1DfE=
github.com/aws/aws-sdk-go-v2/service/eks v0.30.0 h1:6ArujApVr2L2Uh+zJ7UtwDcwAGWVN8mUgNNR39uZans=
github.com/aws/aws-sdk-go-v2/service/eks v0.30.0/go.mod h1:JqdFK73hmcAex+Z7aD0uMQOBvGfPAEmqlYMmahmf0H4=
github.com/aws/aws-sdk-go-v2/service/elasticache v0.30.0 h1:BXqJPtUzLFq7ALRyRmPuisLgd1QBhr6yNZtczMGHV5U=
github.com/aws/aws-sdk-go-v2/service/elasticache v0.30.0/go.mod h1:cJYZdtpCWw32rMaQcyoJDbykqwVyriKvRzS53Nzbaww=
github.com/aws/aws-sdk-go-v2/service/elasticbeanstalk v0.30.0 h1:tom3HjfwEY8z6fIZhXceAmO4vBx8iXAd9RAkpuCrDeA=
github.com/aws/aws-sdk-go-v2/service/elasticbeanstalk v0.30.0/go.mod h1:ASN+APKTSIE63J/LYTLFLd3Dv1c2c7/W6O55RV10+SY=
github.com/aws/aws-sdk-go-v2/service/elasticloadbalancing v0.30.0 h1:+0b9xMGjeTf7CwyRlu3l00FKO+6QrQVowLxHm0NKYUw=
github.com/aws/aws-sdk-go-v2/service/elasticloadbalancing v0.30.0/go.mod h1:pO9r7aM3QlAEC19AgFFm2QcttTjzr/49CuZUHjZZmLk=
github.com/aws/aws-sdk-go-v2/service/elasticloadbalancingv2 v0.30.0 h1:gPQLAXTnDKEUW4zdX/iy5O8cGy/VxYbLKlPRvATCl50=
github.com/aws/aws-sdk-go-v2/service/elasticloadbalancingv2 v0.30.0/go.mod h1:bxu6Gc4WQA5ltb3AEuOFNZHWnkCwEpQqGj6dLqUmFko=
github.com/aws/aws-sdk-go-v2/service/elasticsearchservice v0.30.0 h1:t/9JckhJdATa1yvGHsxbfkIXuxHL3VDkXaVlheDb8j4=
github.com/aws/aws-sdk-go-v2/service/elasticsearchservice v0.30.0/go.mod h1:1ZHhXR8fy3/yJOaiyQake7W+92i+vfPTT5u/SzEDB10=
github.com/aws/aws-sdk-go-v2/service/emr v0.30.0 h1:QIRikKMDGDswrs+4EmfjvRs/KF0ag/ZoUFC4tSWm8ic=
github.com/aws/aws-sdk-go-v2/service/emr v0.30.0/go.mod h1:smkEwfNfZUdUD98EGWZMkd1D7+EpBPIFvT9EQk1RQ44=
github.com/aws/aws-sdk-go-v2/service/firehose v0.30.0 h1:11qJQuN4P46Fu2hOw6ZJOn4UYZdelT47+JvAae1GkAM=
github.com/aws/aws-sdk-go-v2/service/firehose v0.30.0/go.mod h1:9Cs2Ahium8L32X+QYLPNsClGSzjUtOECQK6nAm4Pa6c=
github.com/aws/aws-sdk-go-v2/service/fsx v0.30.0 h1:zfNfpgB3XoHDQd4MBwB6VfZ8JNUj62LKysPQna4CKcI=
github.com/aws/aws-sdk-go-v2/service/fsx v0.30.0/go.mod h1:VzWtCiAnth/cUGfQgZyH6QAL0TE4987CkayyAwVlok4=
github.com/aws/aws-sdk-go-v2/service/glue v0.30.0 h1:Fub9y6yByvjw7HjAFWrRfuar51G0ZId3srZsDYt6G4M=
github.com/aws/aws-sdk-go-v2/service/glue v0.30.0/go.mod h1:VSe8kCN9Ec/+juLYKiIeP1bznwxdgmcwYE1RLJ2k3Gk=
github.com/aws/aws-sdk-go-v2/service/greengrass v0.30.0 h1:lwNqwVZ6WOHubsCRMUd4NPc28sjO6qAv3l7ZwjFfKgY=
github.com/aws/aws-sdk-go-v2/service/greengrass v0.30.0/go.mod h1:zCsrHA3L723FnAAElQ3lSsxX0l0bXYkFyLVu3X0ggU4=
github.com/aws/aws-sdk-go-v2/service/guardduty v0.30.0 h1:mXflq0MryPKtkfxD7/9AEYY0W7vwzpC05gGWcDW6+RM=
github.com/aws/aws-sdk-go-v2/service/guardduty v0.30.0/go.mod h1:AQ3FVG9yJEvh0+xTAJTaHAjE0HWYFhMOONMnlHcnUNg=
github.com/aws/aws-sdk-go-v2/service/iam v0.30.0 h1:bQCYKqwaQqiionT4KXWQyvYtB6jA6qS4Nfe2OlwUwO0=
github.com/aws/aws-sdk-go-v2/service/iam v0.30.0/go.mod h1:Iom2LerDPoVpOOpr1PmyR1p5ZB1JRciq2Zg0nUmOsEY=
github.com/aws/aws-sdk-go-v2/service/imagebuilder v0.30.0 h1:b8dMrlEnFsRVCQeoa7eU9oxk0bnXi8OXgwOF4ugtu/Q=
github.com/aws/aws-sdk-go-v2/service/imagebuilder v0.30.0/go.mod h1:TTzGYMl+Yultc+OaP5yZqOlGvx1zxAABL63Fux0VMG8=
github.com/aws/aws-sdk-go-v2/service/internal/accept-encoding v0.3.1 h1:97Qz2pFoNTlum+0RNwmUaI9IK9SkT+7CikD8zTnlGTs=
github.com/aws/aws-sdk-go-v2/service/internal/accept-encoding v0.3.1/go.mod h1:NPTV0PtdITqVGH/e7Xo1Z0TnnKCn2pIH+ZT23dl5Ut0=
github.com/aws/aws-sdk-go-v2/service/internal/presigned-url v0.1.2 h1:IYzRDYnkTkAVhujX+iTWmLJos4AXi/pvPONAe0wMSP8=
github.com/aws/aws-sdk-go-v2/service/internal/presigned-url v0.1.2/go.mod h1:Y5TaKlPoomdyxvIih6vIqRW34ULrF5u+yynvrt1ZgHs=
github.com/aws/aws-sdk-go-v2/service/internal/s3shared v0.3.2 h1:ee8j1Mhh8fjRWBdwPCjnX5e+F3BgNyJST8MzC+2WHMU=
github.com/aws/aws-sdk-go-v2/service/internal/s3shared v0.3.2/go.mod h1:TEPtn2n/mgjBDhungibao+8f6Dj9WiB0Pmp3l3fDu4s=
github.com/aws/aws-sdk-go-v2/service/iot v0.30.0 h1:OCWQ6xDftb9kTItGM+GY+GqllFNeuIgsKJMwf4ioSU4=
github.com/aws/aws-sdk-go-v2/service/iot v0.30.0/go.mod h1:HWMRRBHukCsbE+nWA3ofT460g/C0+rA9hIvhIb4wSAc=
github.com/aws/aws-sdk-go-v2/service/iotsitewise v0.30.0 h1:6aAaF5G9t6J9bNL+s2ywPYMD3oaJvtsMbnq1LnRFm4I=
github.com/aws/aws-sdk-go-v2/service/iotsitewise v0.30.0/go.mod h1:goVIoysEIELRtv6pRtI1W1XLwaANb97kp9pUi6trbVU=
github.com/aws/aws-sdk-go-v2/service/kafka v0.30.0 h1:i/kH8e+ZPREbEuixZ63SYsgtTeGUU7ZvlosY0fdrQyg=
github.com/aws/aws-sdk-go-v2/service/kafka v0.30.0/go.mod h1:XBM1O0iWm0PDnOALEw99cxle5ztFVZkQ1/rD9rYnQX8=
github.com/aws/aws-sdk-go-v2/service/kinesis v0.30.0 h1:aQOikE5M9dLAfRVS5Z53+FVciGjRso6IyZo/bt3F4vI=
github.com/aws/aws-sdk-go-v2/service/kinesis v0.30.0/go.mod h1:UAclfZbCulcBVT6XjIhp0po/i6WDrkOPu1wSwd0V9SQ=
github.com/aws/aws-sdk-go-v2/service/kms v0.30.0 h1:CHy9Zfz7ZBak9/JT9JVVcsjIqZyyRICMc+d2wHO6WvU=
github.com/aws/aws-sdk-go-v2/service/kms v0.30.0/go.mod h1:G1qDe6BfSPQNKJwSbNEgUL80UwcCRmqqU5LZLPF2sY0=
github.com/aws/aws-sdk-go-v2/service/lambda v0.30.0 h1:fDJdcRjBb1gMEVtxGmKusgTSOlXbf1Hj1cB18HbgZKE=
github.com/aws/aws-sdk-go-v2/service/lambda v0.30.0/go.mod h1:11kONjvu2PWu8w9ig74TzdbcqYAQKhSA8la0DnMgQIg=
github.com/aws/aws-sdk-go-v2/service/mq v0.30.0 h1:bCPKjMKGaDgeNVLmmdC9JMsgAjTYstH/kUFIzoSWKrw=
github.com/aws/aws-sdk-go-v2/service/mq v0.30.0/go.mod h1:H8RguFsREZ8oukKb0kN/ozAgB3HXYXLiPiOG/JE85QE=
github.com/aws/aws-sdk-go-v2/service/neptune v0.30.0 h1:31bVAhTuYfK430adZ3DqLVijZaNHZOwG4O97yzGyF7c=
github.com/aws/aws-sdk-go-v2/service/neptune v0.30.0/go.mod h1:w+a36l38kIwUMgfeyp6hFAjqDUszWKTRy4jR9tyJjwk=
github.com/aws/aws-sdk-go-v2/service/qldb v0.30.0 h1:pNrWRrr2KVYTQ9NaXpnnk9ORQITGHi4NtF43ZtsjBDw=
github.com/aws/aws-sdk-go-v2/service/qldb v0.30.0/go.mod h1:1aCIriGSj/5qMwZI7lxlFhOzAsiZ1DB68L28jGq5nqk=
github.com/aws/aws-sdk-go-v2/service/rds v0.30.0 h1:7uFtbafeDUF83pgueP2kryasCT+6jBoqmGwLgvZ/rEE=
github.com/aws/aws-sdk-go-v2/service/rds v0.30.0/go.mod h1:KJmF8GLd8EoHcLlCEOJEOxf4sM59hRjFsUX3U1EfEYc=
github.com/aws/aws-sdk-go-v2/service/redshift v0.30.0 h1:zFqvHgUm8Ho5oxLMsJsNWrgUOiFkUr86T3ES5anDMn8=
github.com/aws/aws-sdk-go-v2/service/redshift v0.30.0/go.mod h1:UscVKXgBBLUdKIf3HZnmC5RqDKydjxFm85IiQxxmoJk=
github.com/aws/aws-sdk-go-v2/service/route53 v0.30.0 h1:nbjdecnQPsmhCHAqbw6O3K9gCZUX9BJVFdb7XsMB8iI=
github.com/aws/aws-sdk-go-v2/service/route53 v0.30.0/go.mod h1:UXkaueTJlkf5iHrs5lrVUIp3VHu684NyNHlkUrsA3BM=
github.com/aws/aws-sdk-go-v2/service/s3 v0.30.0 h1:6rzwpT/nJYmGFrVxn+p5LBIgyluxcRZrF659466Ng3I=
github.com/aws/aws-sdk-go-v2/service/s3 v0.30.0/go.mod h1:2C83pgeaB438g5NQ9cQVoJ3UXlXJbGAbAor7o5ArNdA=
github.com/aws/aws-sdk-go-v2/service/sagemaker v0.30.0 h1:ltpG9nKVbRtwIP+M6splPvLMBGuHHYVlC5CQveZrZQ0=
github.com/aws/aws-sdk-go-v2/service/sagemaker v0.30.0/go.mod h1:MOJAi2UfKl3Ik4K6cxfTSZmrrmzU342y7oAb9M+ouQs=
github.com/aws/aws-sdk-go-v2/service/secretsmanager v0.30.0 h1:fKqGyUwqO7OIKNYBDPvPFzNWqdK3KHGnn6ojam9BGD4=
github.com/aws/aws-sdk-go-v2/service/secretsmanager v0.30.0/go.mod h1:fB4S5d0tEs75R/9t00k5BZxsh8h0FOifSPozSmu9KGY=
github.com/aws/aws-sdk-go-v2/service/servicecatalog v0.30.0 h1:tzNCzgPzxOcN0q5O7hPktn+gzrmjcma/kvUPb4/ci00=
github.com/aws/aws-sdk-go-v2/service/servicecatalog v0.30.0/go.mod h1:m6jzynC8hirUOVfgYQW9rlAmtqqby3N20hwFIoGJFSc=
github.com/aws/aws-sdk-go-v2/service/servicediscovery v0.30.0 h1:5corpK6bq+5VuIZ1t/gBRlPrDl6cXrTelRetgQY+qoU=
github.com/aws/aws-sdk-go-v2/service/servicediscovery v0.30.0/go.mod h1:zbx2wKTMlSD+HJod5KLfHuuCXB5Utv9C1Kgit5KsR5o=
github.com/aws/aws-sdk-go-v2/service/ses v0.30.0 h1:vSs5519whQExHfrsg7rozxN5LKjPBnDtMfBGRJFeDpg=
github.com/aws/aws-sdk-go-v2/service/ses v0.30.0/go.mod h1:BWBhE75HaqbI0DMoBvyfhag+qs7m4kGDuc2j/SUhOJQ=
github.com/aws/aws-sdk-go-v2/service/sfn v0.30.0 h1:em5NMKrqGpQrtRNFGAqO7DpgHcAQjasubTB07RqS8N4=
github.com/aws/aws-sdk-go-v2/service/sfn v0.30.0/go.mod h1:DiB3im4BHYhVzCZgNoPHCasIvW2KN5pj1ZxVWmYL+is=
github.com/aws/aws-sdk-go-v2/service/signer v0.30.0 h1:oLfEa+RWLWRA5vN/fNS30UNzBmrj0n/kmx16VYmHQv8=
github.com/aws/aws-sdk-go-v2/service/signer v0.30.0/go.mod h1:tCAVw1IBh8buXRBuLjPOCZXOrWlV6S0MofCcyKpCNzg=
github.com/aws/aws-sdk-go-v2/service/sns v0.30.0 h1:k20MH+C7o/O7sr/P9+Wc/HxI/4HMo7D0tXBYhBkzNK8=
github.com/aws/aws-sdk-go-v2/service/sns v0.30.0/go.mod h1:BJw85Ap4N1T7pJ8tTW5QkYtO4zlE+9KL6n5IzdGID04=
github.com/aws/aws-sdk-go-v2/service/sqs v0.30.0 h1:Ptdzb9rMAyWiQDpf9cLrbsgZ8uyJwQYOi+OXDx+hx/g=
github.com/aws/aws-sdk-go-v2/service/sqs v0.30.0/go.mod h1:bcxQMgQgSOko40uXW5515253s89mqIKQ4xZYrIo4SUI=
github.com/aws/aws-sdk-go-v2/service/ssm v0.30.0 h1:wAmS/B8pslk/8TLHZZ5Y+frKtyADi8g3fVgd/0zzYPo=
github.com/aws/aws-sdk-go-v2/service/ssm v0.30.0/go.mod h1:qBuG0WpO/6jvC5sg6f3V3ZWPNuehGWEdgpjXVp3wDx4=
github.com/aws/aws-sdk-go-v2/service/sts v0.30.0 h1:uLJi5/2SHMRarGhWegpzTLNmLWfQHDh38jJz4My1DZM=
github.com/aws/aws-sdk-go-v2/service/sts v0.30.0/go.mod h1:Lef/s/jQBl/f4DXNdq1UhxmjuLrLK1t1a/cJPbeYo20=
github.com/aws/aws-sdk-go-v2/service/transfer v0.30.0 h1:gmrc6EIS7rMGoxpPDlrVKgFd3b5xowypDe3n9z2jZMc=
github.com/aws/aws-sdk-go-v2/service/transfer v0.30.0/go.mod h1:mjsUMkR71djw5K/bs4kFMp9B6yO0X0anK/GVSk/yBjo=
github.com/aws/aws-sdk-go-v2/service/waf v0.30.0 h1:xdHpUOtJDVvhZyvlKXiXSyO5isw2pXyJZo42Zu/G5xg=
github.com/aws/aws-sdk-go-v2/service/waf v0.30.0/go.mod h1:rgngZnHKgw9tuIIfSDfP0SLygOEtO5sEw/N/XlBqhj4=
github.com/aws/aws-sdk-go-v2/service/wafregional v0.30.0 h1:bgXt/DENwK01C1txrGyftbquweyESkC6e/JjsLsNkf0=
github.com/aws/aws-sdk-go-v2/service/wafregional v0.30.0/go.mod h1:tmJFPV3RuU0omwt61zG+Ov7qMgNd+ulC/Iyht/4icOo=
github.com/aws/aws-sdk-go-v2/service/wafv2 v0.30.0 h1:nsU/jsOIGUiPo/Q92IAY7Tjp9OVHX46C41LS08N8bGw=
github.com/aws/aws-sdk-go-v2/service/wafv2 v0.30.0/go.mod h1:5iwHj3qq1ir4LfDUWm0P2rKbzm7mSbM8TNmjfJByCJ8=
github.com/aws/aws-sdk-go-v2/service/workspaces v0.30.0 h1:xkHpVHvHl8RxYK3eWWic7/ykqbLKDmqa73KhKE/Iuew=
github.com/aws/aws-sdk-go-v2/service/workspaces v0.30.0/go.mod h1:D4PI10vRcyoSnsKVMOH+7JvTnFiFzNpvoagyNXz0hwU=
github.com/awslabs/smithy-go v0.4.0 h1:El0KyKn4zdM3pLuWJlgoeitQuu/mjwUPssr7L3xu3vs=
github.com/awslabs/smithy-go v0.4.0/go.mod h1:hPOQwnmBLHsUphH13tVSjQhTAFma0/0XoZGbBcOuABI=
github.com/cheggaaa/pb/v3 v3.0.5 h1:lmZOti7CraK9RSjzExsY53+WWfub9Qv13B5m4ptEoPE=
github.com/cheggaaa/pb/v3 v3.0.5/go.mod h1:X1L61/+36nz9bjIsrDU52qHKOQukUQe2Ge+YvGuquCw=
github.com/cpuguy83/go-md2man/v2 v2.0.0-20190314233015-f79a8a8ca69d h1:U+s90UTSYgptZMwQh2aRr3LuazLJIa+Pg3Kc1ylSYVY=
github.com/cpuguy83/go-md2man/v2 v2.0.0-20190314233015-f79a8a8ca69d/go.mod h1:maD7wRr/U5Z6m/iR4s+kqSMx2CaBsrgA7czyZG/E6dU=
github.com/davecgh/go-spew v1.1.0 h1:ZDRjVQ15GmhC3fiQ8ni8+OwkZQO4DARzQgrnXU1Liz8=
github.com/davecgh/go-spew v1.1.0/go.mod h1:J7Y8YcW2NihsgmVo/mv3lAwl/skON4iLHjSsI+c5H38=
github.com/emicklei/dot v0.14.0 h1:DJbbkKThQ0nW361NB79CqrWcKpYR1JoqJB3FcTUgBEU=
github.com/emicklei/dot v0.14.0/go.mod h1:DeV7GvQtIw4h2u73RKBkkFdvVAz0D9fzeJrgPW6gy/s=
github.com/fatih/color v1.7.0 h1:DkWD4oS2D8LGGgTQ6IvwJJXSL5Vp2ffcQg58nFV38Ys=
github.com/fatih/color v1.7.0/go.mod h1:Zm6kSWBoL9eyXnKyktHP6abPY2pDugNf5KwzbycvMj4=
github.com/fatih/structs v1.1.0 h1:Q7juDM0QtcnhCpeyLGQKyg4TOIghuNXrkL32pHAUMxo=
github.com/fatih/structs v1.1.0/go.mod h1:9NiDSp5zOcgEDl+j00MP/WkGVPOlPRLejGD8Ga6PJ7M=
github.com/google/go-cmp v0.4.1 h1:/exdXoGamhu5ONeUJH0deniYLWYvQwW66yvlfiiKTu0=
github.com/google/go-cmp v0.4.1/go.mod h1:v8dTdLbMG2kIc/vJvl+f65V22dbkXbowE6jgT/gNBxE=
github.com/google/go-cmp v0.5.4 h1:L8R9j+yAqZuZjsqh/z+F1NCffTKKLShY6zXTItVIZ8M=
github.com/google/go-cmp v0.5.4/go.mod h1:v8dTdLbMG2kIc/vJvl+f65V22dbkXbowE6jgT/gNBxE=
github.com/jmespath/go-jmespath v0.4.0 h1:BEgLn5cpjn8UN1mAw4NjwDrS35OdebyEtFe+9YPoQUg=
github.com/jmespath/go-jmespath v0.4.0/go.mod h1:T8mJZnbsbmF+m6zOOFylbeCJqk5+pHWvzYPziyZiYoo=
github.com/jmespath/go-jmespath/internal/testify v1.5.1 h1:shLQSRRSCCPj3f2gpwzGwWFoC7ycTf1rcQZHOlsJ6N8=
github.com/jmespath/go-jmespath/internal/testify v1.5.1/go.mod h1:L3OGu8Wl2/fWfCI6z80xFu9LTZmf1ZRjMHUOPmWr69U=
github.com/mattn/go-colorable v0.1.2 h1:/bC9yWikZXAL9uJdulbSfyVNIR3n3trXl+v8+1sx8mU=
github.com/mattn/go-colorable v0.1.2/go.mod h1:U0ppj6V5qS13XJ6of8GYAs25YV2eR4EVcfRqFIhoBtE=
github.com/mattn/go-isatty v0.0.8/go.mod h1:Iq45c/XA43vh69/j3iqttzPXn0bhXyGjM0Hdxcsrc5s=
github.com/mattn/go-isatty v0.0.12 h1:wuysRhFDzyxgEmMf5xjvJ2M9dZoWAXNNr5LSBS7uHXY=
github.com/mattn/go-isatty v0.0.12/go.mod h1:cbi8OIDigv2wuxKPP5vlRcQ1OAZbq2CE4Kysco4FUpU=
github.com/mattn/go-runewidth v0.0.7 h1:Ei8KR0497xHyKJPAv59M1dkC+rOZCMBJ+t3fZ+twI54=
github.com/mattn/go-runewidth v0.0.7/go.mod h1:H031xJmbD/WCDINGzjvQ9THkh0rPKHF+m2gUSrubnMI=
github.com/pmezard/go-difflib v1.0.0 h1:4DBwDE0NGyQoBHbLQYPwSUPoCMWR5BEzIk/f1lZbAQM=
github.com/pmezard/go-difflib v1.0.0/go.mod h1:iKH77koFhYxTK1pcRnkKkqfTogsbg7gZNVY4sRDYZ/4=
github.com/russross/blackfriday/v2 v2.0.1 h1:lPqVAte+HuHNfhJ/0LC98ESWRz8afy9tM/0RK8m9o+Q=
github.com/russross/blackfriday/v2 v2.0.1/go.mod h1:+Rmxgy9KzJVeS9/2gXHxylqXiyQDYRxCVz55jmeOWTM=
github.com/shurcooL/sanitized_anchor_name v1.0.0 h1:PdmoCO6wvbs+7yrJyMORt4/BmY5IYyJwS/kOiWx8mHo=
github.com/shurcooL/sanitized_anchor_name v1.0.0/go.mod h1:1NzhyTcUVG4SuEtjjoZeVRXNmyL/1OwPU0+IJeTBvfc=
github.com/stretchr/objx v0.1.0/go.mod h1:HFkY916IF+rwdDfMAkV7OtwuqBVzrE8GR6GFx+wExME=
github.com/urfave/cli/v2 v2.2.0 h1:JTTnM6wKzdA0Jqodd966MVj4vWbbquZykeX1sKbe2C4=
github.com/urfave/cli/v2 v2.2.0/go.mod h1:SE9GqnLQmjVa0iPEY0f1w3ygNIYcIJ0OKPMoW2caLfQ=
go.etcd.io/bbolt v1.3.5 h1:XAzx9gjCb0Rxj7EoqcClPD1d5ZBxZJk0jbuoPHenBt0=
go.etcd.io/bbolt v1.3.5/go.mod h1:G5EMThwa9y8QZGBClrRx5EY+Yw9kAhnjy3bSjsnlVTQ=
golang.org/x/sys v0.0.0-20190222072716-a9d3bda3a223/go.mod h1:STP8DvDyc/dI5b8T5hshtkjS+E42TnysNCUPdjciGhY=
golang.org/x/sys v0.0.0-20200116001909-b77594299b42/go.mod h1:h1NjWce9XRLGQEsW7wpKNCjG9DtNlClVuFLEZdDNbEs=
golang.org/x/sys v0.0.0-20200202164722-d101bd2416d5 h1:LfCXLvNmTYH9kEmVgqbnsWfruoXZIrh4YBgqVHtDvw0=
golang.org/x/sys v0.0.0-20200202164722-d101bd2416d5/go.mod h1:h1NjWce9XRLGQEsW7wpKNCjG9DtNlClVuFLEZdDNbEs=
golang.org/x/xerrors v0.0.0-20191204190536-9bdfabe68543 h1:E7g+9GITq07hpfrRu66IVDexMakfv52eLZ2CXBWiKr4=
golang.org/x/xerrors v0.0.0-20191204190536-9bdfabe68543/go.mod h1:I/5z698sn9Ka8TeJc9MKroUUfqBBauWjQqLJ2OPfmY0=
golang.org/x/xerrors v0.0.0-20200804184101-5ec99f83aff1 h1:go1bK/D/BFZV2I8cIQd1NKEZ+0owSTG1fDTci4IqFcE=
golang.org/x/xerrors v0.0.0-20200804184101-5ec99f83aff1/go.mod h1:I/5z698sn9Ka8TeJc9MKroUUfqBBauWjQqLJ2OPfmY0=
gopkg.in/check.v1 v0.0.0-20161208181325-20d25e280405 h1:yhCVgyC4o1eVCa2tZl7eS0r+SDo693bJlVdllGtEeKM=
gopkg.in/check.v1 v0.0.0-20161208181325-20d25e280405/go.mod h1:Co6ibVJAznAaIkqp8huTwlJQCZ016jof/cbN4VW5Yz0=
gopkg.in/yaml.v2 v2.2.2 h1:ZCJp+EgiOT7lHqUV2J862kp8Qj64Jo6az82+3Td9dZw=
gopkg.in/yaml.v2 v2.2.2/go.mod h1:hI93XBmqTisBFMUTm0b8Fm+jr3Dg1NNxqwp+5A1VGuI=
gopkg.in/yaml.v2 v2.2.8 h1:obN1ZagJSUGI0Ek/LBmuj4SNLPfIny3KsKFopxRdj10=
gopkg.in/yaml.v2 v2.2.8/go.mod h1:hI93XBmqTisBFMUTm0b8Fm+jr3Dg1NNxqwp+5A1VGuI=
gopkg.in/yaml.v2 v2.3.0 h1:clyUAQHOM3G0M3f5vQj7LuJrETvjVot3Z5el9nffUtU=
gopkg.in/yaml.v2 v2.3.0/go.mod h1:hI93XBmqTisBFMUTm0b8Fm+jr3Dg1NNxqwp+5A1VGuI=
