github.com/BurntSushi/toml v0.3.1 h1:WXkYYl6Yr3qBf1K79EBnL4mak0OimBfB0XUf9Vl28OQ=
github.com/BurntSushi/toml v0.3.1/go.mod h1:xHWCNGjB5oqiDr8zfno3MHue2Ht5sIBksp03qcyfWMU=
github.com/VividCortex/ewma v1.1.1 h1:MnEK4VOv6n0RSY4vtRe3h11qjxL3+t0B8yOL8iMXdcM=
github.com/VividCortex/ewma v1.1.1/go.mod h1:2Tkkvm3sRDVXaiyucHiACn4cqf7DpdyLvmxzcbUokwA=
github.com/aws/aws-sdk-go-v2 v1.3.2/go.mod h1:7OaACgj2SX3XGWnrIjGlJM22h6yD6MEWKvm7levnnM8=
github.com/aws/aws-sdk-go-v2 v1.3.4 h1:+XY8285OZTxWstzoHHvMewMULowmFSUs2PnU31OSr9I=
github.com/aws/aws-sdk-go-v2 v1.3.4/go.mod h1:7OaACgj2SX3XGWnrIjGlJM22h6yD6MEWKvm7levnnM8=
github.com/aws/aws-sdk-go-v2 v1.4.0 h1:Ryh4fNebT9SwLyCKPSk83dyEZj+KB6KzDyb1gXii7EI=
github.com/aws/aws-sdk-go-v2 v1.4.0/go.mod h1:tI4KhsR5VkzlUa2DZAdwx7wCAYGwkZZ1H31PYrBFx1w=
github.com/aws/aws-sdk-go-v2/config v1.1.6 h1:tg8KyxrxDt1CrYmZXWs9lc6IFE1yxtk9kn6eS/v2fdA=
github.com/aws/aws-sdk-go-v2/config v1.1.6/go.mod h1:Kx90DDOgkMpRfSkzGbF13AVXHHfBNct1liO+95KxXsU=
github.com/aws/aws-sdk-go-v2/config v1.1.7 h1:I9AsaodDiw1WbUBn8b4Ktvr2ltPBe7QfLq4UUZY4GsY=
github.com/aws/aws-sdk-go-v2/config v1.1.7/go.mod h1:6GFyKv06rDCBCIOmWe9vLi7ofCkE7y8aqI6a3tFWNQ0=
github.com/aws/aws-sdk-go-v2/credentials v1.1.6 h1:efaeh6FsO/jzyJ+U4ZxduKC6rRJDrUpu+Z0k5+guqHo=
github.com/aws/aws-sdk-go-v2/credentials v1.1.6/go.mod h1:q1wQ5jHdFNhc4wnNcOEpnovs4keJA5Ds+qESCnfEsgU=
github.com/aws/aws-sdk-go-v2/credentials v1.1.7 h1:hpg13GGT/j7Zv+xkJ+0p2Pj1NvnRSNIX1XI4WI02kq8=
github.com/aws/aws-sdk-go-v2/credentials v1.1.7/go.mod h1:xYCvIyeVCRC9DmG3Zv/pxlZEEIBYf4fY/jSUVSrr58M=
github.com/aws/aws-sdk-go-v2/feature/ec2/imds v1.0.6 h1:zoOz5V56jO/rGixsCDnrQtAzYRYM2hGA/43U6jVMFbo=
github.com/aws/aws-sdk-go-v2/feature/ec2/imds v1.0.6/go.mod h1:0+fWMitrmIpENiY8/1DyhdYPUCAPvd9UNz9mtCsEoLQ=
github.com/aws/aws-sdk-go-v2/feature/ec2/imds v1.0.7 h1:WdPPgbL9Kl4UrEdiy6IdQioPuXSBg8HJcU9eihiCWOE=
github.com/aws/aws-sdk-go-v2/feature/ec2/imds v1.0.7/go.mod h1:51hY5nMAiL2EF8ny/pFovWYoKZTcEfOw0WWKcq2E9AQ=
github.com/aws/aws-sdk-go-v2/service/accessanalyzer v1.3.0 h1:UM0OqzatgAB2cQIi1SsWKGql12ErVBNTViUfau1WmBs=
github.com/aws/aws-sdk-go-v2/service/accessanalyzer v1.3.0/go.mod h1:Uyv6zChu3Bltajf9MLjnzjPnbv4w993jcDXNLBWdgqY=
github.com/aws/aws-sdk-go-v2/service/accessanalyzer v1.3.1 h1:dezlUNb/VpSprpfEP6YoDfRMh8po/AXLQV8gBl34lik=
github.com/aws/aws-sdk-go-v2/service/accessanalyzer v1.3.1/go.mod h1:LvYvfq2H/CxtMDkIGKC5TtLxS2epadHDFdLQb/+bo00=
github.com/aws/aws-sdk-go-v2/service/acm v1.2.2 h1:V/hFBaY4MQyTyCBMnQ9iacetd7+XLzNSLekKJFbUyO4=
github.com/aws/aws-sdk-go-v2/service/acm v1.2.2/go.mod h1:dqFW/dd0pYR+UJzDpaa0DJ3h57EkUon77+TgKIZe9zg=
github.com/aws/aws-sdk-go-v2/service/acm v1.2.3 h1:enz1WrQC0p4hjX2yuam+tabBxlS/LwBQbiIw0lcMsik=
github.com/aws/aws-sdk-go-v2/service/acm v1.2.3/go.mod h1:SRObyrV2zRh671s0IpiwJKhQ2v9cluQw451xWYAGW6w=
github.com/aws/aws-sdk-go-v2/service/amplify v1.1.5 h1:U/pP6r7YdLQBB4KT8NSi9AyqRzvJR9Id7zE3gRxOEoQ=
github.com/aws/aws-sdk-go-v2/service/amplify v1.1.5/go.mod h1:ZlNzNP6GscyUQTsfYHC1gzrTVHY5hIj5lo64ekHPzgA=
github.com/aws/aws-sdk-go-v2/service/amplify v1.1.6 h1:LliOlsYpPAIybIbnKhGPeLIGAvUeWnc//NU0w+vPo+w=
github.com/aws/aws-sdk-go-v2/service/amplify v1.1.6/go.mod h1:ZnnQjH+fE2NnHze3ghwzG/yOsihpGU6bFNjUs22Rhj4=
github.com/aws/aws-sdk-go-v2/service/apigateway v1.2.2 h1:U/33opBj4zJf667z1rei2x0VyA1szpxd/SFTHCTMXCk=
github.com/aws/aws-sdk-go-v2/service/apigateway v1.2.2/go.mod h1:PG5C99oGw1oXybDMmuF8iAHtLT3Y9PfvRHT8uyCk5Vw=
github.com/aws/aws-sdk-go-v2/service/apigateway v1.3.0 h1:r/dtValu/nWQKVSbqNTIZ1MLIq7wJ0CVfcaBcg0xzT4=
github.com/aws/aws-sdk-go-v2/service/apigateway v1.3.0/go.mod h1:vM1HppGyxOGGOtfUpQpueXrAFMVdciKmtopQYHPOC4c=
github.com/aws/aws-sdk-go-v2/service/apigatewayv2 v1.2.2 h1:DG/CMyWpGLjUZlP4R5cuihbfCjbzR7n4ntTXd/ACxX0=
github.com/aws/aws-sdk-go-v2/service/apigatewayv2 v1.2.2/go.mod h1:gRrmvdpLpVqHkBT87QVd9XJkLNM7XzywuVe+KWNZvMc=
github.com/aws/aws-sdk-go-v2/service/apigatewayv2 v1.2.3 h1:HiUx+yK3hhzyBLxbBCfZiKIoz2cSoHlJshdpOR5yjnA=
github.com/aws/aws-sdk-go-v2/service/apigatewayv2 v1.2.3/go.mod h1:jvobJKbHobQfWBfFPHLZSgt0eRmbrs0YXh6BvyTo/4Q=
github.com/aws/aws-sdk-go-v2/service/applicationautoscaling v1.2.2 h1:XjiZh+GzwV9mOmrUv1uul8M6krpwnvd39n9uANcNmvM=
github.com/aws/aws-sdk-go-v2/service/applicationautoscaling v1.2.2/go.mod h1:2C0++IR/UA262dUaAXIcEqdun36oKBrlkslJLVS9wh0=
github.com/aws/aws-sdk-go-v2/service/applicationautoscaling v1.2.3 h1:qJJWyG7RyWTliejTA0K6oO2YacdL7DpbfMx/DLDolVo=
github.com/aws/aws-sdk-go-v2/service/applicationautoscaling v1.2.3/go.mod h1:JFHIoyxEKMUjjFDnOqMOdMRPBQIlSRIxwvQIFk5uw+s=
github.com/aws/aws-sdk-go-v2/service/appmesh v1.2.2 h1:nfi4svG8zVZovKLH16uCIUteFLd+3M3H4XyOgpUfVpY=
github.com/aws/aws-sdk-go-v2/service/appmesh v1.2.2/go.mod h1:vAXae2vpQX/RkMLBwXUDWyjwATyC7fyNrMxTQOebn7Q=
github.com/aws/aws-sdk-go-v2/service/appmesh v1.2.3 h1:qAngjUAYQTOGJ6dCLtdfEJg0Pnbjo5YPhPKWD37o7G0=
github.com/aws/aws-sdk-go-v2/service/appmesh v1.2.3/go.mod h1:s9ipoeAbsQK/Q6m6jfvkvtJw9DuSYvO8tflLUqP1v70=
github.com/aws/aws-sdk-go-v2/service/appsync v1.2.2 h1:dgF/c3yky6NIJdqbZZz5/3WWZFi49tL6bCC4D/H5wtk=
github.com/aws/aws-sdk-go-v2/service/appsync v1.2.2/go.mod h1:z3GPLYmwPl/6JDvjpAG9Wh2tRonHnEvqbqdSHTzElkU=
github.com/aws/aws-sdk-go-v2/service/appsync v1.2.3 h1:MBncpPZFbVZw1RpcnEhDMsB+ZaVsjTsqjFKg5QL+quE=
github.com/aws/aws-sdk-go-v2/service/appsync v1.2.3/go.mod h1:05DZQ2rBQmV1Ms74L+Wth+a9e66aA7ygKov1fKeHbzA=
github.com/aws/aws-sdk-go-v2/service/athena v1.2.2 h1:QVelXZL3kPFcCW6Pu1l4L452plxhw1k9ZFA7kFG9BU0=
github.com/aws/aws-sdk-go-v2/service/athena v1.2.2/go.mod h1:KcYPapeybJ2jsWZa9WfCWSEQGsioAXUZWonR9ncRVb8=
github.com/aws/aws-sdk-go-v2/service/athena v1.2.3 h1:1vGn37TL8L1mBglgOEPS6XJXijcqHZK/YzDkr1E87qs=
github.com/aws/aws-sdk-go-v2/service/athena v1.2.3/go.mod h1:V+Y7OG16nrKQs3ZBeNDmFS9UhZJ93ZeDGR7zVqQqQzA=
github.com/aws/aws-sdk-go-v2/service/autoscaling v1.3.0 h1:2d4dJ122x2DKQ4JCy2DlB5U6YW+TJWwLOjjrQOIAP0E=
github.com/aws/aws-sdk-go-v2/service/autoscaling v1.3.0/go.mod h1:hMFVW0TCp/vzPZmqiaJCofY9B20RyVepiQRrXl0nCIo=
github.com/aws/aws-sdk-go-v2/service/autoscaling v1.3.1 h1:fQkypDE1Ll/W61tm8GoswgLjWfO8y1f50yXw5lA4uFo=
github.com/aws/aws-sdk-go-v2/service/autoscaling v1.3.1/go.mod h1:DVmOqpa3F7vhAuGfs2zse1f3N3mX64hCimRNSYiqnKE=
github.com/aws/aws-sdk-go-v2/service/backup v1.2.2 h1:hy9S4XuQWrSMLTh8NaNfWf8t0M2PHriPlXM2iwxRKMc=
github.com/aws/aws-sdk-go-v2/service/backup v1.2.2/go.mod h1:W7vTWxH4McTQoqxrTsziaIKh/1VHxPM+5XIgwU5sQKo=
github.com/aws/aws-sdk-go-v2/service/backup v1.2.3 h1:rjGn5D3dJLiCH9Bks5aewphHfOku5vNg7rmOacikWys=
github.com/aws/aws-sdk-go-v2/service/backup v1.2.3/go.mod h1:9bPeudCNmGh3zW6jJe3MZrEawCMjyluaGdhDKWIfo30=
github.com/aws/aws-sdk-go-v2/service/batch v1.3.1 h1:dZSRS8i4wL+lB87FCCHBynaD7BgrYyESuEzmx23/pOg=
github.com/aws/aws-sdk-go-v2/service/batch v1.3.1/go.mod h1:sx7fSwDOWJhJ9Z/+SCHfisxlIXmPXqovaksLqQy/+w0=
github.com/aws/aws-sdk-go-v2/service/batch v1.3.2 h1:1AQoiNlTORO4e/9u0czwDGRv2yhXbH4JRXzSlJK7j4E=
github.com/aws/aws-sdk-go-v2/service/batch v1.3.2/go.mod h1:mc5pIkFA9Tr1QjOkZHFwqYXxZkwOWyxNweNhIUsPQfY=
github.com/aws/aws-sdk-go-v2/service/budgets v1.1.5 h1:navyq5egztdzZ11ySWpTWzLxyb+E2IKX+cCtTjFtApQ=
github.com/aws/aws-sdk-go-v2/service/budgets v1.1.5/go.mod h1:XRdKkfXeY4hlXXZ3sTGfqN+kVoagzcwRupI6F7YjU0s=
github.com/aws/aws-sdk-go-v2/service/budgets v1.1.6 h1:jZjZtk23oXfiJtIbhx5BWbOp8ywzzM1BJIvHVLgP+n0=
github.com/aws/aws-sdk-go-v2/service/budgets v1.1.6/go.mod h1:741VOFt+RKq8nd0Fk3Vjw+kxHecLS7rjiypNPcut1wg=
github.com/aws/aws-sdk-go-v2/service/cloud9 v1.3.0 h1:Gn3cNJmfAPxdxxj0Hwirn6r9UwxD7ePoZNvEOjqOe2o=
github.com/aws/aws-sdk-go-v2/service/cloud9 v1.3.0/go.mod h1:SKC1PrYIBEqkB2gXagP+cQvEealIr+pzKz1KD24+JBM=
github.com/aws/aws-sdk-go-v2/service/cloud9 v1.3.1 h1:/8elymwDj+J8kr5GC+mnettLVvEZqoSgotpwcAb0HfI=
github.com/aws/aws-sdk-go-v2/service/cloud9 v1.3.1/go.mod h1:XX8fzKrgxDPGWgUh7u+OtIfXwwDD3QbU2OwJfg1XQ1U=
github.com/aws/aws-sdk-go-v2/service/cloudformation v1.3.2 h1:8C7mEzv69kiycFb4yONaHAIW7PhZCjtFs3Kj//3vZPk=
github.com/aws/aws-sdk-go-v2/service/cloudformation v1.3.2/go.mod h1:MH1u3+6v48cHFGorEvYNBu+QJ6bE8gZVmvQo0NSWZls=
github.com/aws/aws-sdk-go-v2/service/cloudformation v1.4.0 h1:KMrvrZPwbaOQLh4EKGBWQzKQ4djf1I8Id5pWuUdM/lI=
github.com/aws/aws-sdk-go-v2/service/cloudformation v1.4.0/go.mod h1:62sOPaD3mMuhugnDIEACo8frus6RtSDTtI1uY4Ts8JA=
github.com/aws/aws-sdk-go-v2/service/cloudfront v1.3.0 h1:8fOeCj6bb2JtkWvxP6McS4RR/CV20IG4JzZWYz4Z12E=
github.com/aws/aws-sdk-go-v2/service/cloudfront v1.3.0/go.mod h1:J04vwlb6n/oVJNtNyT+sLx2KDgzyo7nDRyHPnnZQYnk=
github.com/aws/aws-sdk-go-v2/service/cloudfront v1.4.0 h1:bTZhbZAR1pbAEvSzfNuPeh+UGI9FfdPxXYPWgZCSaYM=
github.com/aws/aws-sdk-go-v2/service/cloudfront v1.4.0/go.mod h1:qVEABePSf7seVKm3k+JiiCBFG7F2rbiVVCo7LgfZZlQ=
github.com/aws/aws-sdk-go-v2/service/cloudtrail v1.2.2 h1:gpKrPgcK7K766EmXyX2Lie5A3PRhJ0uYe3+OvRsQB6E=
github.com/aws/aws-sdk-go-v2/service/cloudtrail v1.2.2/go.mod h1:gJ6gvtfYCsjlkFxNxopzA6sW2CJ1Ph8Vzu7IQwXendY=
github.com/aws/aws-sdk-go-v2/service/cloudtrail v1.2.3 h1:4w6j+jaHNlt+EM3irmJh+adUaf2GiUZQV2Fi8j9arR8=
github.com/aws/aws-sdk-go-v2/service/cloudtrail v1.2.3/go.mod h1:lBZtlWyeCOQHdQkT8gWFKwn7C7WhkSJ0HV0gGtZc+OA=
github.com/aws/aws-sdk-go-v2/service/cloudwatch v1.3.1 h1:q80e8emiHlaEBVMWknD9jqYDuhSZ/hK2dyinfy+EDKc=
github.com/aws/aws-sdk-go-v2/service/cloudwatch v1.3.1/go.mod h1:7uRsncSvgURKEXORKS4+IIn6RBK8mjBVeAv5v1vS/js=
github.com/aws/aws-sdk-go-v2/service/cloudwatch v1.3.2 h1:sRWlB51tRmNBxIUaFSsL221owoHmqZ5gpfOIUvBrhrg=
github.com/aws/aws-sdk-go-v2/service/cloudwatch v1.3.2/go.mod h1:DVgKFj53j+J3YjKjKyHMQEmXe2f+zsZqL7MOmuoHlfo=
github.com/aws/aws-sdk-go-v2/service/cloudwatchevents v1.3.1 h1:sFwaoLLtbQNobrcwsTwD5NzjnleNJtpY5ePjIppVlHE=
github.com/aws/aws-sdk-go-v2/service/cloudwatchevents v1.3.1/go.mod h1:PhWNHYmwvUEAwzuw5DFv1J3D/sefmOB1Xq6PphLLiDY=
github.com/aws/aws-sdk-go-v2/service/cloudwatchevents v1.3.2 h1:4u47k+v9zdLeptmHifLBGCFIqPfGLfNLmm3b3q2zRu4=
github.com/aws/aws-sdk-go-v2/service/cloudwatchevents v1.3.2/go.mod h1:GOU90Li766zlKWCfBXGUtq1c8PGvZG0p7NOXD06DbVk=
github.com/aws/aws-sdk-go-v2/service/cloudwatchlogs v1.2.2 h1:n0upYlo6IRQI7WwoThLTDziit6r4zo2oWNB8AY28rdE=
github.com/aws/aws-sdk-go-v2/service/cloudwatchlogs v1.2.2/go.mod h1:d7EGzmjLiXW+mk2OnkanXsrGQ6PuPRwouhxLjjRbO30=
github.com/aws/aws-sdk-go-v2/service/cloudwatchlogs v1.2.3 h1:Nndr+JIWrHV7VZOYPvRfI0teEDxRXQuZ/IsPalo8Zg0=
github.com/aws/aws-sdk-go-v2/service/cloudwatchlogs v1.2.3/go.mod h1:SMDBeigW7S6RmOMSAwbukEb5JM5WHwUOvNOzZXDXRR4=
github.com/aws/aws-sdk-go-v2/service/codebuild v1.3.0 h1:3BO1v0HmGYPRek5Ld3L6Ao3phseZxoOtqOgMpRoH480=
github.com/aws/aws-sdk-go-v2/service/codebuild v1.3.0/go.mod h1:ItYplXbqecVEIyiareYt1qHWHuzZm2yC4AVJX49b6Gg=
github.com/aws/aws-sdk-go-v2/service/codebuild v1.3.1 h1:3fYB9s3M2kOjDL1KTkvwDjeSh96KrzR/wliHThDWp0U=
github.com/aws/aws-sdk-go-v2/service/codebuild v1.3.1/go.mod h1:UIUENSiSOSImEijIXt7JSEaJiAnXD35T8ZoABKIfA0c=
github.com/aws/aws-sdk-go-v2/service/codecommit v1.1.5 h1:ZV7xK1yNcLEuJSZf/zc8ZjY8HnbdzF3BZ9m5zLx2+d0=
github.com/aws/aws-sdk-go-v2/service/codecommit v1.1.5/go.mod h1:2FgwS83dRjbkAoFliDanx6tPaFsDsxLjF1xz0UH4vJ0=
github.com/aws/aws-sdk-go-v2/service/codecommit v1.1.6 h1:g58nlv2CLgnrlo+MtvwYhS7mHWqO8+JKS703pf6I9n8=
github.com/aws/aws-sdk-go-v2/service/codecommit v1.1.6/go.mod h1:4Of0fTS+6V+QBJFFRBAA0SKlaYKk3s7m/54uTA4wqhg=
github.com/aws/aws-sdk-go-v2/service/codedeploy v1.3.0 h1:QEZpnIX4Gf7tEGkMSBf/erDybo2HF9ASc6gzsSm7q+M=
github.com/aws/aws-sdk-go-v2/service/codedeploy v1.3.0/go.mod h1:sQGjjmkpYuua2Z9zP63WTtjL3EBFcf72z1fs3VHHoSU=
github.com/aws/aws-sdk-go-v2/service/codedeploy v1.3.1 h1:fyDkDvL6zF6SL1CtfWrwabPeF9Yd1W/XM9AmJyKAU0s=
github.com/aws/aws-sdk-go-v2/service/codedeploy v1.3.1/go.mod h1:po2Zf3He+FIaJS9KihvxEU75fimxbKLMt742DbN/VoA=
github.com/aws/aws-sdk-go-v2/service/codepipeline v1.2.2 h1:N3Ny8kFHmPjcgRTw//OYBj8jVFG+N1hROBv8f4v5juw=
github.com/aws/aws-sdk-go-v2/service/codepipeline v1.2.2/go.mod h1:ezx1UmWA4G9U3LzWAuXnoaUxDfm+tAC9C2n0ig4C29w=
github.com/aws/aws-sdk-go-v2/service/codepipeline v1.2.3 h1:6cvhmMOq7/CieCQL1EWp/OXdMD63SfQ1ikFIMJ1KOf4=
github.com/aws/aws-sdk-go-v2/service/codepipeline v1.2.3/go.mod h1:nZU1akYVWO04PYlQbmbuqWDbsJbtCmvCdPHvxiYDqTY=
github.com/aws/aws-sdk-go-v2/service/codestar v1.1.5 h1:EO282yFlPL84NrUzltyEglFKx35aCgw1Xtm15Ntp/N4=
github.com/aws/aws-sdk-go-v2/service/codestar v1.1.5/go.mod h1:LOUK0tstkT73gTwAEkTIIRdF1Q3EbLMlkkF3SBR9bS8=
github.com/aws/aws-sdk-go-v2/service/codestar v1.1.6 h1:eGyDJC1zGt/ROJmZ1DT9kQqFctG4/QiqaHraM2sPP7s=
github.com/aws/aws-sdk-go-v2/service/codestar v1.1.6/go.mod h1:6fdvraYRIfx2pGIGDZwxeEryAy6EZhGGVQN0tp5Y4SA=
github.com/aws/aws-sdk-go-v2/service/cognitoidentity v1.2.2 h1:XnetOz+jwCP4b3AqL2FXy2AnCRGIwAqzYr6k0m9+siM=
github.com/aws/aws-sdk-go-v2/service/cognitoidentity v1.2.2/go.mod h1:nzcRDoJxktXKnzX3DD4+2VTaXqwPUbwxcWBepR9+AFU=
github.com/aws/aws-sdk-go-v2/service/cognitoidentity v1.2.3 h1:CLRmeqXHLb4zkGJbJM1/GZUGTSLxGDevF7NZ4JWnU5k=
github.com/aws/aws-sdk-go-v2/service/cognitoidentity v1.2.3/go.mod h1:S35DCFtO0HRFMm1TgRZ2BYspTXqT7KwoCH2wbmNt+/E=
github.com/aws/aws-sdk-go-v2/service/cognitoidentityprovider v1.2.3 h1:Xn4coLAhlpwlgDrdqfrmYXV+ii/CEAJm1T4nPkGCQkc=
github.com/aws/aws-sdk-go-v2/service/cognitoidentityprovider v1.2.3/go.mod h1:VT/7bMPAOVC2xBFUuNeJ2PZ3lWG8+Df+9TKa2YWyLFE=
github.com/aws/aws-sdk-go-v2/service/cognitoidentityprovider v1.2.4 h1:NgX6UmUQD2s5J4t2R20NSSsSt/vkCadkjE9dy6suWdE=
github.com/aws/aws-sdk-go-v2/service/cognitoidentityprovider v1.2.4/go.mod h1:TbBcsVbPP7gbzeSVpC2Vc1SlqdOd+uBHPT99jpq5LFA=
github.com/aws/aws-sdk-go-v2/service/configservice v1.4.0 h1:h65BykAnjgBW+FYYmq0NTce+wrO2IkEi1Fwj4GvuCYQ=
github.com/aws/aws-sdk-go-v2/service/configservice v1.4.0/go.mod h1:xP5LuaKHALgGWB7qBkXZiDdJ9ZtEpfYMO3uQIvAyMAY=
github.com/aws/aws-sdk-go-v2/service/configservice v1.4.1 h1:5+PpDnl85WVejcTNH/NIWk4nNBdjSGEDcttO+vs6GQQ=
github.com/aws/aws-sdk-go-v2/service/configservice v1.4.1/go.mod h1:n3K2dALVksrldVgi5D2MCZ567zdmNSq9VhT8OTfxJp0=
github.com/aws/aws-sdk-go-v2/service/databasemigrationservice v1.3.0 h1:Bzz505N7pBQ218TxcQB8WvoCm3+AZdRCaqquWCkoXl4=
github.com/aws/aws-sdk-go-v2/service/databasemigrationservice v1.3.0/go.mod h1:CSdr3wQP7h7m5HQh2LvP/Uz7UGLIXHRd0gnWteLFnXs=
github.com/aws/aws-sdk-go-v2/service/databasemigrationservice v1.3.1 h1:Z9kQ32Lx83+WIqqABaXbxD3thzfATMLfo21sgjVcff8=
github.com/aws/aws-sdk-go-v2/service/databasemigrationservice v1.3.1/go.mod h1:E/FkHn5wAkepUj50V/Sy54SnjWghofloqwKdNCQGobE=
github.com/aws/aws-sdk-go-v2/service/dax v1.1.5 h1:wGFdCdvfpaV2Wzm/LDQUiAPAsw3HYuIOJRBFVpYrudM=
github.com/aws/aws-sdk-go-v2/service/dax v1.1.5/go.mod h1:hVODD7togT3MgQc9FuEyjuLUfnC00snzFVa3S+x1FKk=
github.com/aws/aws-sdk-go-v2/service/dax v1.1.6 h1:eybdFsaYXwgc5Iylr5BGJwy6wtsCKWQWbI1Ek/RFPRw=
github.com/aws/aws-sdk-go-v2/service/dax v1.1.6/go.mod h1:t0P2/Z9uL3FKJ9FSl8rYzPaV9lxBaLWKzOCxL4LE1KY=
github.com/aws/aws-sdk-go-v2/service/docdb v1.3.2 h1:uhmagWNn5ZxrZsnfYV4C6MBPUzGDIr9d4ia6wt9r4zg=
github.com/aws/aws-sdk-go-v2/service/docdb v1.3.2/go.mod h1:PbJIhZTiF1TPMGJNJVa7X4p8PgXqywN9q1t6Jp0zK9w=
github.com/aws/aws-sdk-go-v2/service/docdb v1.4.0 h1:qXmr1ku7LFuvsImX4++Hrv/SG04JmBL0gcV94++rP2U=
github.com/aws/aws-sdk-go-v2/service/docdb v1.4.0/go.mod h1:v8lHyqpwPe7V5aqk21Vk7ItcjEWJ/kqGBy9V0wWF+E8=
github.com/aws/aws-sdk-go-v2/service/dynamodb v1.2.2 h1:8tA7Go+R0crArjhD+Cu7QKmhSy+F24Ll1WHzQN/VOGY=
github.com/aws/aws-sdk-go-v2/service/dynamodb v1.2.2/go.mod h1:1/onFSTaj5Pz/pI/3YjomZQcx1BYdttnOJUJVKSOh7A=
github.com/aws/aws-sdk-go-v2/service/dynamodb v1.2.3 h1:6riWCax3yf7BfWeqnrJb1b50X/qO8nYhqLefVWNdUbc=
github.com/aws/aws-sdk-go-v2/service/dynamodb v1.2.3/go.mod h1:KDrhOqQxtJ4F2wKeF43BS15LZgG5Zx4V1BuUIhPanCc=
github.com/aws/aws-sdk-go-v2/service/dynamodbstreams v1.1.5 h1:mIYhNg/Z2XrmatG83NO1jmGQn6qqC7HgCp1EgWMKSfE=
github.com/aws/aws-sdk-go-v2/service/dynamodbstreams v1.1.5/go.mod h1:B2PQLLUaAWhLDDWa8hxidIv5+hdinrKm7W2LtCNti1c=
github.com/aws/aws-sdk-go-v2/service/dynamodbstreams v1.1.6 h1:BCnc1qu4PCA1NgQ9jK/nykU5U3J0VND2gH8xwbb/4Ek=
github.com/aws/aws-sdk-go-v2/service/dynamodbstreams v1.1.6/go.mod h1:LYwl/0iiaro37VjlsnhpjSQ4KeoUkZSEU21qb3hmS5A=
github.com/aws/aws-sdk-go-v2/service/ec2 v1.5.0 h1:LG5ozCp5FRKOodR2NPtbn9c/yrSrodTkzOGjRJY5yV8=
github.com/aws/aws-sdk-go-v2/service/ec2 v1.5.0/go.mod h1:3iBezuZtNxZnKX7Zv2JB/lGyGCSYOES8TMq4WSXPBl0=
github.com/aws/aws-sdk-go-v2/service/ec2 v1.6.0 h1:WCsqMxDpjs7y/D1rCu4jmnsUCppoIdpKPdMCuJW9JSQ=
github.com/aws/aws-sdk-go-v2/service/ec2 v1.6.0/go.mod h1:Jc0S3ebphyGkMRu4+heOtNgJrEIqDUULdQJBknRSojk=
github.com/aws/aws-sdk-go-v2/service/ecr v1.2.2 h1:2EY0F1skAOArBsRM6nD9kPo0sdK32IPzT8O7PKocVR8=
github.com/aws/aws-sdk-go-v2/service/ecr v1.2.2/go.mod h1:XnQfi4PwRBjy+CQD7zqVRRHKWe529+1nTsrWXvsSSJk=
github.com/aws/aws-sdk-go-v2/service/ecr v1.2.3 h1:r091VMBvuZbYWz0ufhyBA97OGtR1F4Butf+4iYXE4VE=
github.com/aws/aws-sdk-go-v2/service/ecr v1.2.3/go.mod h1:k/W1mhCAgepYQ8F5PHgNJCTNqp0gCqMjKJ0V8KKHk+4=
github.com/aws/aws-sdk-go-v2/service/ecs v1.2.2 h1:Hel1rLI6Wjn/N1xAf7hVfqEPJxwwdOFFBG881M41fPI=
github.com/aws/aws-sdk-go-v2/service/ecs v1.2.2/go.mod h1:wfsCxzXu9fYoNl8NWbjc8OpC3ljwmL+5M/Zfa2xwm+M=
github.com/aws/aws-sdk-go-v2/service/ecs v1.3.0 h1:URwY8rW6NrkRudpZfnLFOhKzYihPccOL1NQDNAhJ1c4=
github.com/aws/aws-sdk-go-v2/service/ecs v1.3.0/go.mod h1:kxSXhwHFTLMVbhvlP9nQ58EW7H7kM9yBaKkQvGExm1o=
github.com/aws/aws-sdk-go-v2/service/efs v1.2.2 h1:TLiTcaBPgfotrory3qCnVqEUn+BCNEYb7GRzsM3U/4Y=
github.com/aws/aws-sdk-go-v2/service/efs v1.2.2/go.mod h1:SmGYkZful67WWgkXxXHyhrigbBOhVoo/t05H61QUY7U=
github.com/aws/aws-sdk-go-v2/service/efs v1.2.3 h1:CGUCg5RUChZ7jF0j8K+fJJp51uF5AZIS2ltD85pb0NM=
github.com/aws/aws-sdk-go-v2/service/efs v1.2.3/go.mod h1:fv43T3gGDhvXw3Qv9yGZwhjoURp8bMEoYHsLlK0SfhM=
github.com/aws/aws-sdk-go-v2/service/eks v1.2.2 h1:WdaRevsJe42tAhEJJ8ShxzR04zNs1Glu9KRDRwhKGrk=
github.com/aws/aws-sdk-go-v2/service/eks v1.2.2/go.mod h1:GlSwCB/FZ8JE0mwhPOS8aYDULY9bUf2GsR0tugQ6D4o=
github.com/aws/aws-sdk-go-v2/service/eks v1.3.0 h1:GmFCD3eXOUJdKBpwxxqCXRaIeEcPj1FFEjLD9DbTAbc=
github.com/aws/aws-sdk-go-v2/service/eks v1.3.0/go.mod h1:xZlQ3VdyhaXOKPdiFKofTs25knyF8qOOZ7BFyrRZACw=
github.com/aws/aws-sdk-go-v2/service/elasticache v1.4.0 h1:nn/e8DOpUKr5C1baMiW75kwsfd41Kgxf+jCMsQjoX90=
github.com/aws/aws-sdk-go-v2/service/elasticache v1.4.0/go.mod h1:e1FkqFNH1T9yPSPyONXxVld5n/si/508e64Is5OX7tk=
github.com/aws/aws-sdk-go-v2/service/elasticache v1.4.1 h1:kLhIMpbdLcA0d6zHp2aD8BIiZ7jt0UqEjrivLU8wRpQ=
github.com/aws/aws-sdk-go-v2/service/elasticache v1.4.1/go.mod h1:yzxg/zRsjQXlyLtepYkFbOarc7GhTP+q2tsxowBMO8c=
github.com/aws/aws-sdk-go-v2/service/elasticbeanstalk v1.2.2 h1:uagPjNH5H0FndneCyYL/tF2CwfZ+jNeDh8LDO6m68Lg=
github.com/aws/aws-sdk-go-v2/service/elasticbeanstalk v1.2.2/go.mod h1:KPfN2IOuLy61sVeKgOfhvww4n5p1vGY9y6qcxQ0ATME=
github.com/aws/aws-sdk-go-v2/service/elasticbeanstalk v1.2.3 h1:yq1OYKaNyArQLDEAL8rt8mj+Y8HLbQlSZYC8joHfE7Y=
github.com/aws/aws-sdk-go-v2/service/elasticbeanstalk v1.2.3/go.mod h1:D6DO3ne0oAtl3SoAlIK1bkNKkYny4X4fVYL4Nb3qOM0=
github.com/aws/aws-sdk-go-v2/service/elasticloadbalancing v1.2.2 h1:fxj1pgVxP0pK80LnwsgQmw4YSKWnreceLEjU63qkGcE=
github.com/aws/aws-sdk-go-v2/service/elasticloadbalancing v1.2.2/go.mod h1:wEAYvdbWnLiDmHY+M2aATX6GGIxtTgOyN8nB55dsn1I=
github.com/aws/aws-sdk-go-v2/service/elasticloadbalancing v1.2.3 h1:nM5GXAcrBJDxswsQjxKKI52PdzhZNbusRB5wARv94W4=
github.com/aws/aws-sdk-go-v2/service/elasticloadbalancing v1.2.3/go.mod h1:vXSKeCB7J5+zTOJ8DiRk4QoxatBvxvpXu0ezHK2DNf0=
github.com/aws/aws-sdk-go-v2/service/elasticloadbalancingv2 v1.2.2 h1:9SJjPuaLEtljstkJGddQu0SdvFMDFdQGPRn029gBws0=
github.com/aws/aws-sdk-go-v2/service/elasticloadbalancingv2 v1.2.2/go.mod h1:PKiFeEhYiSIo+wQr6n4GPLT9NEF91y9872nHxG3FuZQ=
github.com/aws/aws-sdk-go-v2/service/elasticloadbalancingv2 v1.2.3 h1:bldt44i55EsCYF3s6VcE7ZEgWIXeqQPHGAehpPNwHaU=
github.com/aws/aws-sdk-go-v2/service/elasticloadbalancingv2 v1.2.3/go.mod h1:99CMn2Q5YhzCpR9gjn/wn52zz+eY6FA4bpJevZL4ndg=
github.com/aws/aws-sdk-go-v2/service/elasticsearchservice v1.2.2 h1:IG/dl8agaLkT1dq8qqAMWwR92KNbpw41OymsmzcP9wk=
github.com/aws/aws-sdk-go-v2/service/elasticsearchservice v1.2.2/go.mod h1:hopF/hUOXG6USBcn3Pt3mc4qNCf23bR9r1R+VSkPyxE=
github.com/aws/aws-sdk-go-v2/service/elasticsearchservice v1.2.3 h1:qq48s/vm6sjP+2V2N1uoHzzbmgVYPk7VEeJ1ozAeOpw=
github.com/aws/aws-sdk-go-v2/service/elasticsearchservice v1.2.3/go.mod h1:0URIXiiM9SPCZc1xwhDlvKHQ08+m6Gx7Rg1whm7JVWM=
github.com/aws/aws-sdk-go-v2/service/emr v1.2.2 h1:aSCpdIO/Yfho/ZmgA/71sVdK6DBCph2besp+8hEi26g=
github.com/aws/aws-sdk-go-v2/service/emr v1.2.2/go.mod h1:4oqfSZwhhWqAHuHFzNwl0G922xMS2g176BL7fFwmCHo=
github.com/aws/aws-sdk-go-v2/service/emr v1.2.3 h1:EPKIvpsWlCuNtqUACfBruoENIO8i9jCw0RzTzhwRMUQ=
github.com/aws/aws-sdk-go-v2/service/emr v1.2.3/go.mod h1:93qZ4EdoHY8Y3qAodvtJHjtPg3cRrIjvK7iIRu+wCH4=
github.com/aws/aws-sdk-go-v2/service/firehose v1.2.2 h1:pRqP+i6H2vad3pthnZQLVEVTtbygfmfvm6vLMl8urU0=
github.com/aws/aws-sdk-go-v2/service/firehose v1.2.2/go.mod h1:EirX3/zx3KlqrusJyikVSSeRdB5QuyaR3xmtbvzlrnE=
github.com/aws/aws-sdk-go-v2/service/firehose v1.2.3 h1:8IqZHUIXCMRSPScK5RX/OzBjSIRR0ZgrhSiYxFk19i8=
github.com/aws/aws-sdk-go-v2/service/firehose v1.2.3/go.mod h1:wYfBmoS1jSlXs/B8bIuIeGuNFMPPcF2+iFP5Qww+OPM=
github.com/aws/aws-sdk-go-v2/service/fsx v1.3.0 h1:opg1tn8tpuBdzWJMYtS7jmXm32i14UjLmJOBlxabL5Q=
github.com/aws/aws-sdk-go-v2/service/fsx v1.3.0/go.mod h1:5zJfITEcP4sAuq7dJg5gQTVuNknpEObtjNHqYJlcBjA=
github.com/aws/aws-sdk-go-v2/service/fsx v1.3.1 h1:VKpOWSOSxBrXzRHJPw8YeoZAMnuHeUvIl6E4G475ZUE=
github.com/aws/aws-sdk-go-v2/service/fsx v1.3.1/go.mod h1:d1TX8Z8meVFQvp4nMX+30GcM4XG5NUs+5k+QqjRBvOY=
github.com/aws/aws-sdk-go-v2/service/glue v1.3.1 h1:P/5LYR31nIqNJEsDm/qBsiwuLuxHd6lL3QmZh9FIhJk=
github.com/aws/aws-sdk-go-v2/service/glue v1.3.1/go.mod h1:5+2zmLu4763LfhvpBTM3o7ZT2pZwazJhLnVFe0z0Uqs=
github.com/aws/aws-sdk-go-v2/service/glue v1.4.0 h1:KyrfB3dhZNChtRNM6WYm7qtsrk+x5IRhRcFwR2uBwZ8=
github.com/aws/aws-sdk-go-v2/service/glue v1.4.0/go.mod h1:Uo7C8bh7aq+oCcWBXfv8phGEjBxI/FKZGR7f/anDXzI=
github.com/aws/aws-sdk-go-v2/service/greengrass v1.3.1 h1:trnMGtZaiWSsOg3PZxBI4d2VDyO5NdqLh5Yn3rNI5ic=
github.com/aws/aws-sdk-go-v2/service/greengrass v1.3.1/go.mod h1:r0bxuK0pxLlzCWKnFdpUrncCskij6cUfFl+/6bEbNcw=
github.com/aws/aws-sdk-go-v2/service/greengrass v1.3.2 h1:aVoCvn/eee1DdDwmyRUWCzhAd5I4Ye6wvZ5o7/UXUKs=
github.com/aws/aws-sdk-go-v2/service/greengrass v1.3.2/go.mod h1:8DHsyKFT7dgd1PU4Bsi0Vnm0gJuQpCh8dmtnqUYGgqE=
github.com/aws/aws-sdk-go-v2/service/guardduty v1.2.2 h1:cZLG8BU13XVOx1bt/oS2Mt0rf5w2l11878tpH8E1Ikc=
github.com/aws/aws-sdk-go-v2/service/guardduty v1.2.2/go.mod h1:8SdXxhqOcjQDTbSpw/hZ8wMcuNF2WtA714SiQc0tH4U=
github.com/aws/aws-sdk-go-v2/service/guardduty v1.2.3 h1:wYI8eQQsyRtG/TcEr8RzM8cTROK4rJjBP/lnYTwagHI=
github.com/aws/aws-sdk-go-v2/service/guardduty v1.2.3/go.mod h1:EKd1pSKUifU5WUC8UUQUb0oLL4ewSqqZQlWedpKUPAA=
github.com/aws/aws-sdk-go-v2/service/iam v1.3.1 h1:aTJTynJuqZjZ0ptNubJcEEN511FDiajRYI/PTnRO1U8=
github.com/aws/aws-sdk-go-v2/service/iam v1.3.1/go.mod h1:b1K3TViQAwFbfJn8htcD5vtM8AqkMtDc53OreIpCRtk=
github.com/aws/aws-sdk-go-v2/service/iam v1.3.2 h1:nvLUnBgxrh+V5y6NXFZj/bzmT3/nA5ZVmxGRD3vXOjo=
github.com/aws/aws-sdk-go-v2/service/iam v1.3.2/go.mod h1:+jZphfaThPcVZlyKBFEI+Ne+A/D71Yq+LSFXu63OKlk=
github.com/aws/aws-sdk-go-v2/service/imagebuilder v1.3.0 h1:N3PtE75xQSVNXv+ot3m7IIoGQp6R9I3AVVVmjRr324c=
github.com/aws/aws-sdk-go-v2/service/imagebuilder v1.3.0/go.mod h1:A5UKQA4MOBgQk7AIBX+u5ewN2Zx/m+WxfH+yRUDC7Ok=
github.com/aws/aws-sdk-go-v2/service/imagebuilder v1.3.1 h1:3Htk4ZiesKnUYvJKTzFf77sTw+uLR78olaZ5YAzPoRs=
github.com/aws/aws-sdk-go-v2/service/imagebuilder v1.3.1/go.mod h1:ORmUhmyFd//7wsj3w1eGD9I8l2qREO+SiM4MY9PIHVk=
github.com/aws/aws-sdk-go-v2/service/internal/accept-encoding v1.0.4 h1:8yeByqOL6UWBsOOXsHnW93/ukwL66O008tRfxXxnTwA=
github.com/aws/aws-sdk-go-v2/service/internal/accept-encoding v1.0.4/go.mod h1:BCfU3Uo2fhKcMZFp9zU5QQGQxqWCOYmZ/27Dju3S/do=
github.com/aws/aws-sdk-go-v2/service/internal/accept-encoding v1.0.5 h1:+mt5yscnvgVX40gMh4vzZL6DEvwBeG+FQ6Pod+mjBzE=
github.com/aws/aws-sdk-go-v2/service/internal/accept-encoding v1.0.5/go.mod h1:zdjOOy0ojUn3iNELo6ycIHSMCp4xUbycSHfb8PnbbyM=
github.com/aws/aws-sdk-go-v2/service/internal/presigned-url v1.0.6 h1:ldYIsOP4WyjdzW8t6RC/aSieajrlx+3UN3UCZy1KM5Y=
github.com/aws/aws-sdk-go-v2/service/internal/presigned-url v1.0.6/go.mod h1:L0KWr0ASo83PRZu9NaZaDsw3koS6PspKv137DMDZjHo=
github.com/aws/aws-sdk-go-v2/service/internal/presigned-url v1.0.7 h1:/XUEk2eY/QGzCHSX5LH4vp+UMKTSVVCroUfgkzPGIzE=
github.com/aws/aws-sdk-go-v2/service/internal/presigned-url v1.0.7/go.mod h1:Fl3kxN4ucBIPuAHKHRn+wTGylFzMCEjRfmfHqZuEh8o=
github.com/aws/aws-sdk-go-v2/service/internal/s3shared v1.2.2 h1:aU8H58DoYxNo8R1TaSPTofkuxfQNnoqZmWL+G3+k/vA=
github.com/aws/aws-sdk-go-v2/service/internal/s3shared v1.2.2/go.mod h1:nnutjMLuna0s3GVY/MAkpLX03thyNER06gXvnMAPj5g=
github.com/aws/aws-sdk-go-v2/service/internal/s3shared v1.2.3 h1:UdeR29h0zefxsGPfRUTyakG9q00asuRJRxf/0fXZOTc=
github.com/aws/aws-sdk-go-v2/service/internal/s3shared v1.2.3/go.mod h1:5Uu3K+MX4cwGfPbfheZ+OtYD8qJxANqpKDddRkaVpNM=
github.com/aws/aws-sdk-go-v2/service/iot v1.3.1 h1:Y9mGyFBRHt+ASTitIAQrSicYOVauDr4bSNmSijo++CY=
github.com/aws/aws-sdk-go-v2/service/iot v1.3.1/go.mod h1:lTOHtMnNgFBpueaGyB7FkVIcm3MGX9w051x3pAsa0IE=
github.com/aws/aws-sdk-go-v2/service/iot v1.3.2 h1:2E8RKfnD2vNe4dtV7FesQ8cRBxa9AGkGUIe8+61la34=
github.com/aws/aws-sdk-go-v2/service/iot v1.3.2/go.mod h1:hC2shepIwZoAAz1UJY5PyglripA+qaIi5LzJLTUae/A=
github.com/aws/aws-sdk-go-v2/service/iotsitewise v1.2.2 h1:NbJXJBPrLVLtZWQC/+PcEiKU0WsEY77z2PkjZ0KnQuo=
github.com/aws/aws-sdk-go-v2/service/iotsitewise v1.2.2/go.mod h1:OYWZDljg5plFVhXNh5uvn+fcFFAtU54MThy3gocvzbM=
github.com/aws/aws-sdk-go-v2/service/iotsitewise v1.3.0 h1:sqvS2Di3KI9xcNmHyGXBz6/+bF2xwe4N5wIh1t4chzg=
github.com/aws/aws-sdk-go-v2/service/iotsitewise v1.3.0/go.mod h1:hE5kTeOH1BuJ0vGbWDS7y+AmEWIxfGXVF1Y1C+sryo0=
github.com/aws/aws-sdk-go-v2/service/kafka v1.2.2 h1:PEuhKj+k8wOd+Xu0Wv/ONKn+J2sJoiEevi50NTdfPwc=
github.com/aws/aws-sdk-go-v2/service/kafka v1.2.2/go.mod h1:C+OMMf4KutWEMu+EEqcg7Q/Ry9BXA04f+vynMJVe9wA=
github.com/aws/aws-sdk-go-v2/service/kafka v1.3.0 h1:ULCGoAny40qrVCH9DQO2zBVpW2+HYenYd2fuh6fLErE=
github.com/aws/aws-sdk-go-v2/service/kafka v1.3.0/go.mod h1:H7BtVBM+8m/xpyl5QUdxjGL8lYzBR8GMnPg0vdMGxxM=
github.com/aws/aws-sdk-go-v2/service/kinesis v1.2.2 h1:yUbA7VZcykLVML673r2XiG+bnKLZAceyZbBe/X/kSIk=
github.com/aws/aws-sdk-go-v2/service/kinesis v1.2.2/go.mod h1:J9JZs+dk4zhz9NnfGCMPxmhQMAPX4ThHKidWNTxduxg=
github.com/aws/aws-sdk-go-v2/service/kinesis v1.2.3 h1:r/VIRVjgbKjI1jeJPVlmaf1rhPjnx3pl0+MjWURQKAY=
github.com/aws/aws-sdk-go-v2/service/kinesis v1.2.3/go.mod h1:+Dx6PpiqDI0+9XLt9bOnne1rnTxkKNThigGaWeA/dFg=
github.com/aws/aws-sdk-go-v2/service/kms v1.2.2 h1:9CJBrElBVX699f4ugbwsD2EPyHYWEdf9rGZZJwDzPSU=
github.com/aws/aws-sdk-go-v2/service/kms v1.2.2/go.mod h1:aDkYNnoS4NikbSA7AiTomko1eJIZgrIG0ZE0yPJRn+w=
github.com/aws/aws-sdk-go-v2/service/kms v1.2.3 h1:Sn7FAHwdN5/Rnuwg1l0q36oeTFt963FVIoSNyQUYUCM=
github.com/aws/aws-sdk-go-v2/service/kms v1.2.3/go.mod h1:byvZ9ldlrnT6qZK2n5PxpGIQwP8Th8q2JKjenKCuLso=
github.com/aws/aws-sdk-go-v2/service/lambda v1.2.2 h1:F1vBHHT+x008mllAfLncqC0L2sgshS/ka1HFuL4jewc=
github.com/aws/aws-sdk-go-v2/service/lambda v1.2.2/go.mod h1:VjOrBW4srZJGZJmcyW00FDRVJFrBXoDlzd00vW4vCyw=
github.com/aws/aws-sdk-go-v2/service/lambda v1.2.3 h1:F4GGFhEElB1sY7XuKUPIdFM5Iwm11ZbrUUl3fEBO9QU=
github.com/aws/aws-sdk-go-v2/service/lambda v1.2.3/go.mod h1:sbDXqYWU5BzLGQ1xQY1+spn6Ir6voyH/omxUkx8tTBE=
github.com/aws/aws-sdk-go-v2/service/mq v1.1.5 h1:CJolbqAUmMc6MV0f4qwEAI8jR5KJHDJbVc3DAQSuRlg=
github.com/aws/aws-sdk-go-v2/service/mq v1.1.5/go.mod h1:oMCZCQYJ8VOJkLxgo0LqynnfPlHuwxOeqT1KTr2pcAc=
github.com/aws/aws-sdk-go-v2/service/mq v1.1.6 h1:BQKOKJfOXOwP+iyl3IGx+5e2Yk7dJJ/by/SzdF3qswg=
github.com/aws/aws-sdk-go-v2/service/mq v1.1.6/go.mod h1:fyCSKMlNs2vdFkK/ccb6cu2Lyr5gg5EHMO9PfBes/XA=
github.com/aws/aws-sdk-go-v2/service/neptune v1.3.2 h1:Ze0uwi4bFB1Rnbx9uZt61WNv9slFPkrRLCK8ixHvVkU=
github.com/aws/aws-sdk-go-v2/service/neptune v1.3.2/go.mod h1:3j64YRVPArSjoUMQPNdWcgRj0FkMiaq4Ur1PMX2w1wo=
github.com/aws/aws-sdk-go-v2/service/neptune v1.3.3 h1:/BXaYz+nU8hAXADnahCtgiei9TrxPYa0dNPrmgqwkB4=
github.com/aws/aws-sdk-go-v2/service/neptune v1.3.3/go.mod h1:BSNT2D26bWFDiVmjV99nP6c6MVvPHyoFuyQEx0E4Geg=
github.com/aws/aws-sdk-go-v2/service/qldb v1.1.5 h1:UT4M7H3SQq8T8Ki1Baf7GbzWM39gxneHJoxA+yVYPQk=
github.com/aws/aws-sdk-go-v2/service/qldb v1.1.5/go.mod h1:cjG7faHIebuzNrP7+DH1DSubt5+E1lTHnM+Rs1Ydq5o=
github.com/aws/aws-sdk-go-v2/service/qldb v1.1.6 h1:wmio1VXEVhBZTualcBSgo9XrNNoQy6N6aOfl388r+A4=
github.com/aws/aws-sdk-go-v2/service/qldb v1.1.6/go.mod h1:up0BrYznVWSxILAnhIWKIczwha5mVfEt8EvVfA4pDPQ=
github.com/aws/aws-sdk-go-v2/service/rds v1.3.0 h1:nsuJTEqqWoO/28UKPakRafclBuLbsK72KOaTG56nGzw=
github.com/aws/aws-sdk-go-v2/service/rds v1.3.0/go.mod h1:mW+SUZrd1ky9iSCwVmcWNAAiUMDUbIkU51lzNi4XBnU=
github.com/aws/aws-sdk-go-v2/service/rds v1.3.1 h1:bxypysGps7elizmzMhTtHU4vdzbLqnfcCkd6pKCE2+A=
github.com/aws/aws-sdk-go-v2/service/rds v1.3.1/go.mod h1:YUJlJOT4dDHdfZhxR+YYQJT+lWQRcO4PGtMfetqlrmI=
github.com/aws/aws-sdk-go-v2/service/redshift v1.5.0 h1:P4PBqd32nJSpI/acCRModJOpn12aUs3qIns6RUxbKLs=
github.com/aws/aws-sdk-go-v2/service/redshift v1.5.0/go.mod h1:MRsZonKZ+BOVGxGFrCxCwHYbrs5PdWmGZ1udfeL8hIg=
github.com/aws/aws-sdk-go-v2/service/redshift v1.5.1 h1:f8wgSUdlwLKZI/6/RvypUbNqUOO6/aTU+igRyivXjkE=
github.com/aws/aws-sdk-go-v2/service/redshift v1.5.1/go.mod h1:IviRi4znfIqsJXN2gVMDKNnkDrGYGyxqnmxYXJmUjKY=
github.com/aws/aws-sdk-go-v2/service/route53 v1.4.0 h1:O0uJ4SI2f3q84vPcwsVyLTuASS1hAKb8RKnMVGgMqaU=
github.com/aws/aws-sdk-go-v2/service/route53 v1.4.0/go.mod h1:BNPIchdQA/UcqNmWkPBmUruDm7asbm/Q6nxBmURvAHU=
github.com/aws/aws-sdk-go-v2/service/route53 v1.5.0 h1:pElmeJjj+4a/eyOiY7Fhj9cBTuvQP16FrRHcY4YBmVE=
github.com/aws/aws-sdk-go-v2/service/route53 v1.5.0/go.mod h1:rc8BFfeKArrCF8I1wmYOF3Bhm+DW/LWVOZEpSG12v2o=
github.com/aws/aws-sdk-go-v2/service/s3 v1.5.0 h1:VbwXUI3L0hyhVmrFxbDxrs6cBX8TNFX0YxCpooMNjvY=
github.com/aws/aws-sdk-go-v2/service/s3 v1.5.0/go.mod h1:uwA7gs93Qcss43astPUb1eq4RyceNmYWAQjZFDOAMLo=
github.com/aws/aws-sdk-go-v2/service/s3 v1.6.0 h1:EMihU4D4F9S/TytkQGcHSLeUHjRRjnPi0D+Xkoq6odU=
github.com/aws/aws-sdk-go-v2/service/s3 v1.6.0/go.mod h1:ZL2jsEchmM8FG2h+vzb06zoZR3WA2ykKidyT6AopGzA=
github.com/aws/aws-sdk-go-v2/service/sagemaker v1.3.1 h1:OjEzRWmCSRlT/uRSbVN6IabSIbCZ48j9hwTlc5QQS9s=
github.com/aws/aws-sdk-go-v2/service/sagemaker v1.3.1/go.mod h1:TemNRYl2uKv5PkRnxJ6LOme4AL4GyvTXDTGmwXT/q+E=
github.com/aws/aws-sdk-go-v2/service/sagemaker v1.4.0 h1:zw6b3ADzKdnfYPfgrmtIvgL8Qr/USraxLbNumcwE5X8=
github.com/aws/aws-sdk-go-v2/service/sagemaker v1.4.0/go.mod h1:gvrdbKSSuBwrVLk/ouBnR2pMdCfR1biuZ9pU9zY43mI=
github.com/aws/aws-sdk-go-v2/service/secretsmanager v1.2.2 h1:gt5ueN7RuySBmdRnczL0B6oT+LzxxQQ524oTpRv3mU8=
github.com/aws/aws-sdk-go-v2/service/secretsmanager v1.2.2/go.mod h1:RaGPWwyy/DaKCyqzdELQgLS8TVO5uNDZEiFoc6yusKk=
github.com/aws/aws-sdk-go-v2/service/secretsmanager v1.2.3 h1:6uyBa84gephbdxbqQIugV2GyiLxIw9+6cF851Zxrszc=
github.com/aws/aws-sdk-go-v2/service/secretsmanager v1.2.3/go.mod h1:TPZqqdD2BruNpa7ztaCwkoSqwWn6hJNeg5CpeynTsVE=
github.com/aws/aws-sdk-go-v2/service/servicecatalog v1.2.2 h1:WRTKESeTUs9mf36IYLy0NZzsyb7HM2ZL+aH0jCZxg9U=
github.com/aws/aws-sdk-go-v2/service/servicecatalog v1.2.2/go.mod h1:Ub9kxF9jgkl0NWSAQvioSYDSFnujdxvwplEAXMK9gAk=
github.com/aws/aws-sdk-go-v2/service/servicecatalog v1.2.3 h1:Gni38sLAJVvAe1KqX2N+JMaXt4BSEFtGdb5puxiua/c=
github.com/aws/aws-sdk-go-v2/service/servicecatalog v1.2.3/go.mod h1:LvYUZqEoqH6FnvXZSQ0vwIWyQVmEnTZjxU/aQIb76Ec=
github.com/aws/aws-sdk-go-v2/service/servicediscovery v1.2.2 h1:1/ZUtjQpjihvHcYhxxyvtneszZuBiA+TixQ2JO28/wg=
github.com/aws/aws-sdk-go-v2/service/servicediscovery v1.2.2/go.mod h1:+TzwaA3eoR7YmEZwesezNrLMNhKv8hf7pWh6usShAr4=
github.com/aws/aws-sdk-go-v2/service/servicediscovery v1.3.0 h1:ycgJ3hRGzuAtkaHlq1w2vX6YnXovwi04BqqUBP/BFUo=
github.com/aws/aws-sdk-go-v2/service/servicediscovery v1.3.0/go.mod h1:6eFiGCh9Ex6xMi4lHpN9VyynrgSDOysUsAk94qYcbyE=
github.com/aws/aws-sdk-go-v2/service/ses v1.2.2 h1:NVHy0deH7YK3yJc+xB1gA/wZeNXWVtL4zOTSdj5spfI=
github.com/aws/aws-sdk-go-v2/service/ses v1.2.2/go.mod h1:fdj/PsFS59GndzkUKAuWw7cLOjgLHn+V8V6otywinUk=
github.com/aws/aws-sdk-go-v2/service/ses v1.2.3 h1:TLNw9hJCQXWf9edJBzDBUtBP/KJb1mGOHfOECuaTitc=
github.com/aws/aws-sdk-go-v2/service/ses v1.2.3/go.mod h1:qvxM/k7JRj7WjZdeczT2JNSo49N7B7VOu8X65ocOeh0=
github.com/aws/aws-sdk-go-v2/service/sfn v1.2.2 h1:7/6is95fOGLYI1nyIikeqPUJiiYIW6gMbwCi02M1sWo=
github.com/aws/aws-sdk-go-v2/service/sfn v1.2.2/go.mod h1:X+72WWSGIeQy5Ob6pXng+1nLFtikud6VARMHoOuSyEI=
github.com/aws/aws-sdk-go-v2/service/sfn v1.2.3 h1:8PRS0mYtXfgkiqyxbdFEj78MjbAuQLonpez3t4gg1WA=
github.com/aws/aws-sdk-go-v2/service/sfn v1.2.3/go.mod h1:JELe8/vYREOpHJQeyo2pVkYYqYq4wr1D2cDokyBa/W4=
github.com/aws/aws-sdk-go-v2/service/signer v1.2.2 h1:2SDtQ3dFjFOwsIIHxSYnAEMsfUqcHwFPc0UeA5A5/lk=
github.com/aws/aws-sdk-go-v2/service/signer v1.2.2/go.mod h1:igKOejiga4JY1SgvjxwDjHUmsoL0XXLuuxUjS27gBgs=
github.com/aws/aws-sdk-go-v2/service/signer v1.2.3 h1:H97q6yow+PWhMH5/MBdSN0pBEqW29kax9o4Wyy1e37A=
github.com/aws/aws-sdk-go-v2/service/signer v1.2.3/go.mod h1:ViWLCguda5cV90/7dIHUNODs15CaWOfdfFRbGJefWgI=
github.com/aws/aws-sdk-go-v2/service/sns v1.2.2 h1:phLGFAc2O7yX2ZmDENxd8CJ/jwGtsKp+ZycI9vJtCgI=
github.com/aws/aws-sdk-go-v2/service/sns v1.2.2/go.mod h1:bmy5i6vmXNNTOK8ZXGxD1qEuZtzfKaJXy6PEMBMt5sQ=
github.com/aws/aws-sdk-go-v2/service/sns v1.3.0 h1:f8P9Ib+rUInjcnzp3rEOPEIpOPq91howcLicjHnLaYg=
github.com/aws/aws-sdk-go-v2/service/sns v1.3.0/go.mod h1:UK0TgCWPIzyrg1V50xUZeZ0jnuZPtRInH9qvHcESTk4=
github.com/aws/aws-sdk-go-v2/service/sqs v1.3.1 h1:JHv/dumXk3jooM7CrYoYp9+74YRZ4dGsXzMob2Kds5s=
github.com/aws/aws-sdk-go-v2/service/sqs v1.3.1/go.mod h1:E6ASpQhmNCYI1xKp//5LwIsdvtAqcFMFA7chocaSWY8=
github.com/aws/aws-sdk-go-v2/service/sqs v1.3.2 h1:h+MQ5ak5pvIaQU2U7js7/jmU6s8cuPt9tKuSF7tXzYE=
github.com/aws/aws-sdk-go-v2/service/sqs v1.3.2/go.mod h1:azU2fdsGG7VXFyFLUT5LhN19DjGIJIbUFacx29jR6H4=
github.com/aws/aws-sdk-go-v2/service/ssm v1.4.0 h1:gTHcyXVnSTKNECgqTNLuQYmYhaEVUAlxsiog0XXvq60=
github.com/aws/aws-sdk-go-v2/service/ssm v1.4.0/go.mod h1:QcyvOwA2xPxSnC34A+yMZnK8vJEkP0/TwxTcwQdu3Yg=
github.com/aws/aws-sdk-go-v2/service/ssm v1.5.0 h1:i9s2HQ8KSLiSIFHKJ6s2eovQSmmlJqovwMwl4LA4E88=
github.com/aws/aws-sdk-go-v2/service/ssm v1.5.0/go.mod h1:lIltYbvDsd6wW7q0Wj7ao70lcoaIPSOL6QmN6aVu7o4=
github.com/aws/aws-sdk-go-v2/service/sso v1.1.5 h1:B7ec5wE4+3Ldkurmq0C4gfQFtElGTG+/iTpi/YPMzi4=
github.com/aws/aws-sdk-go-v2/service/sso v1.1.5/go.mod h1:bpGz0tidC4y39sZkQSkpO/J0tzWCMXHbw6FZ0j1GkWM=
github.com/aws/aws-sdk-go-v2/service/sso v1.1.6 h1:oS6Jdb6ZwD7U1OqJYqyGbgcU0VJ15E3XbiIIp0clge8=
github.com/aws/aws-sdk-go-v2/service/sso v1.1.6/go.mod h1:EO4s+JzAllrWKgNjS/Q4mj43vGimSvhWCB6BLognegc=
github.com/aws/aws-sdk-go-v2/service/sts v1.3.0 h1:4o69U9waE25xhRbsnXa4jjQac03BFJcNfcZkSedk3e4=
github.com/aws/aws-sdk-go-v2/service/sts v1.3.0/go.mod h1:ssRzzJ2RZOVuKj2Vx1YE7ypfil/BIlgmQnCSW4DistU=
github.com/aws/aws-sdk-go-v2/service/sts v1.3.1 h1:tAn9Kvjfq2F2rCeTbMOLtDBQVjLLSIvm21BTUFoswss=
github.com/aws/aws-sdk-go-v2/service/sts v1.3.1/go.mod h1:QPpnumNNgybBiz3HXGgDRf/QypAMOOsh4+JdOhG5mLU=
github.com/aws/aws-sdk-go-v2/service/transfer v1.2.2 h1:pFMTcAD4gsTxs8BD7ii7PveSsgse5/2+tc1SViD1aXw=
github.com/aws/aws-sdk-go-v2/service/transfer v1.2.2/go.mod h1:Age/hzcmLNV9TFHZ0iEINuCP71DHyWBDeRMNttfZcRw=
github.com/aws/aws-sdk-go-v2/service/transfer v1.2.3 h1:yRSSYF2Rh6DN7t3dXDTgGj3qrOt/ihi7F10qxHaiVHE=
github.com/aws/aws-sdk-go-v2/service/transfer v1.2.3/go.mod h1:Fqbr/zVcpuQLnkjQ67RkBXt6WB6q5tPIZmkaQ1OSMJM=
github.com/aws/aws-sdk-go-v2/service/waf v1.1.5 h1:EBisjXgewS0cSXVeDputnu7wkXfS4+SosXx+lxXQx1k=
github.com/aws/aws-sdk-go-v2/service/waf v1.1.5/go.mod h1:Adfl4Y9hmOJR0CJX7mFRjI7JC1guxF2390AQ2k+ayLw=
github.com/aws/aws-sdk-go-v2/service/waf v1.1.6 h1:hb2yAI0jsa4XZucMEuzAxvUKwgckQV6PDY6tqb4bSnE=
github.com/aws/aws-sdk-go-v2/service/waf v1.1.6/go.mod h1:I6qTRDkuVdjPb+SowaRasCAqt6M4DYsZ34MyvK73QYU=
github.com/aws/aws-sdk-go-v2/service/wafregional v1.2.2 h1:GZlACXtL+5Q8esjK1whJPDkj+TkUAWcjyUg4FcqaUtI=
github.com/aws/aws-sdk-go-v2/service/wafregional v1.2.2/go.mod h1:CjylkNSca6Cx6Omw+F+Je1JlfPorPZojGxUPieOrK50=
github.com/aws/aws-sdk-go-v2/service/wafregional v1.2.3 h1:Ha7rl4hiTHrkU+UPcrJ7f4ktxWyVDLlghevb1kuRqdc=
github.com/aws/aws-sdk-go-v2/service/wafregional v1.2.3/go.mod h1:DA2C5K40/NxZvj4SLxnEaVTiY7DapGmAs7W3aJtwmO8=
github.com/aws/aws-sdk-go-v2/service/wafv2 v1.4.0 h1:6/K6NGGZ/34N8gViwdYWn6hIzUH+xcsNIeo1KQeKwUE=
github.com/aws/aws-sdk-go-v2/service/wafv2 v1.4.0/go.mod h1:mWtvohB2NwqAPMJTuwary4RJsEoVL31JvylZ/XJ5IzY=
github.com/aws/aws-sdk-go-v2/service/wafv2 v1.4.1 h1:F8QKT/8Jk50VeXs0XO1fEefBjzNSLs6FLMfHAEdyuEw=
github.com/aws/aws-sdk-go-v2/service/wafv2 v1.4.1/go.mod h1:OWjvL5LRjkpCIqaGqSq1lATV/A95wgwARoeSFsuxYCU=
github.com/aws/aws-sdk-go-v2/service/workspaces v1.2.2 h1:JHB4L69luscPXGk0LEdQR1GDwGHCAaCry79qeV6spbc=
github.com/aws/aws-sdk-go-v2/service/workspaces v1.2.2/go.mod h1:q3Ej+yyFh3MazI7lHHgXS7DM3Vu0lKsBCdWOoktzjxU=
github.com/aws/aws-sdk-go-v2/service/workspaces v1.2.3 h1:vl1Xoipf+BC2YiYfWUDZVoS4tCBf46WCenkbtm58yFE=
github.com/aws/aws-sdk-go-v2/service/workspaces v1.2.3/go.mod h1:11aF0BjHAHTp+4oxHAFuNhEe1hyuyI6JmLkZKj/C6jQ=
github.com/aws/smithy-go v1.3.1 h1:xJFO4pK0y9J8fCl34uGsSJX5KNnGbdARDlA5BPhXnwE=
github.com/aws/smithy-go v1.3.1/go.mod h1:SObp3lf9smib00L/v3U2eAKG8FyQ7iLrJnQiAmR5n+E=
github.com/aws/smithy-go v1.4.0 h1:3rsQpgRe+OoQgJhEwGNpIkosl0fJLdmQqF4gSFRjg+4=
github.com/aws/smithy-go v1.4.0/go.mod h1:SObp3lf9smib00L/v3U2eAKG8FyQ7iLrJnQiAmR5n+E=
github.com/cheggaaa/pb/v3 v3.0.8 h1:bC8oemdChbke2FHIIGy9mn4DPJ2caZYQnfbRqwmdCoA=
github.com/cheggaaa/pb/v3 v3.0.8/go.mod h1:UICbiLec/XO6Hw6k+BHEtHeQFzzBH4i2/qk/ow1EJTA=
github.com/cpuguy83/go-md2man/v2 v2.0.0-20190314233015-f79a8a8ca69d h1:U+s90UTSYgptZMwQh2aRr3LuazLJIa+Pg3Kc1ylSYVY=
github.com/cpuguy83/go-md2man/v2 v2.0.0-20190314233015-f79a8a8ca69d/go.mod h1:maD7wRr/U5Z6m/iR4s+kqSMx2CaBsrgA7czyZG/E6dU=
github.com/davecgh/go-spew v1.1.0 h1:ZDRjVQ15GmhC3fiQ8ni8+OwkZQO4DARzQgrnXU1Liz8=
github.com/davecgh/go-spew v1.1.0/go.mod h1:J7Y8YcW2NihsgmVo/mv3lAwl/skON4iLHjSsI+c5H38=
github.com/emicklei/dot v0.15.0 h1:XDBW0Xco1QNyRb33cqLe10cT04yMWL1XpCZfa98Q6Og=
github.com/emicklei/dot v0.15.0/go.mod h1:DeV7GvQtIw4h2u73RKBkkFdvVAz0D9fzeJrgPW6gy/s=
github.com/fatih/color v1.10.0 h1:s36xzo75JdqLaaWoiEHk767eHiwo0598uUxyfiPkDsg=
github.com/fatih/color v1.10.0/go.mod h1:ELkj/draVOlAH/xkhN6mQ50Qd0MPOk5AAr3maGEBuJM=
github.com/fatih/structs v1.1.0 h1:Q7juDM0QtcnhCpeyLGQKyg4TOIghuNXrkL32pHAUMxo=
github.com/fatih/structs v1.1.0/go.mod h1:9NiDSp5zOcgEDl+j00MP/WkGVPOlPRLejGD8Ga6PJ7M=
github.com/google/go-cmp v0.5.4 h1:L8R9j+yAqZuZjsqh/z+F1NCffTKKLShY6zXTItVIZ8M=
github.com/google/go-cmp v0.5.4/go.mod h1:v8dTdLbMG2kIc/vJvl+f65V22dbkXbowE6jgT/gNBxE=
github.com/jmespath/go-jmespath v0.4.0 h1:BEgLn5cpjn8UN1mAw4NjwDrS35OdebyEtFe+9YPoQUg=
github.com/jmespath/go-jmespath v0.4.0/go.mod h1:T8mJZnbsbmF+m6zOOFylbeCJqk5+pHWvzYPziyZiYoo=
github.com/jmespath/go-jmespath/internal/testify v1.5.1 h1:shLQSRRSCCPj3f2gpwzGwWFoC7ycTf1rcQZHOlsJ6N8=
github.com/jmespath/go-jmespath/internal/testify v1.5.1/go.mod h1:L3OGu8Wl2/fWfCI6z80xFu9LTZmf1ZRjMHUOPmWr69U=
github.com/mattn/go-colorable v0.1.8 h1:c1ghPdyEDarC70ftn0y+A/Ee++9zz8ljHG1b13eJ0s8=
github.com/mattn/go-colorable v0.1.8/go.mod h1:u6P/XSegPjTcexA+o6vUJrdnUu04hMope9wVRipJSqc=
github.com/mattn/go-isatty v0.0.12 h1:wuysRhFDzyxgEmMf5xjvJ2M9dZoWAXNNr5LSBS7uHXY=
github.com/mattn/go-isatty v0.0.12/go.mod h1:cbi8OIDigv2wuxKPP5vlRcQ1OAZbq2CE4Kysco4FUpU=
github.com/mattn/go-runewidth v0.0.12 h1:Y41i/hVW3Pgwr8gV+J23B9YEY0zxjptBuCWEaxmAOow=
github.com/mattn/go-runewidth v0.0.12/go.mod h1:RAqKPSqVFrSLVXbA8x7dzmKdmGzieGRCM46jaSJTDAk=
github.com/pmezard/go-difflib v1.0.0 h1:4DBwDE0NGyQoBHbLQYPwSUPoCMWR5BEzIk/f1lZbAQM=
github.com/pmezard/go-difflib v1.0.0/go.mod h1:iKH77koFhYxTK1pcRnkKkqfTogsbg7gZNVY4sRDYZ/4=
github.com/rivo/uniseg v0.1.0/go.mod h1:J6wj4VEh+S6ZtnVlnTBMWIodfgj8LQOQFoIToxlJtxc=
github.com/rivo/uniseg v0.2.0 h1:S1pD9weZBuJdFmowNwbpi7BJ8TNftyUImj/0WQi72jY=
github.com/rivo/uniseg v0.2.0/go.mod h1:J6wj4VEh+S6ZtnVlnTBMWIodfgj8LQOQFoIToxlJtxc=
github.com/russross/blackfriday/v2 v2.0.1 h1:lPqVAte+HuHNfhJ/0LC98ESWRz8afy9tM/0RK8m9o+Q=
github.com/russross/blackfriday/v2 v2.0.1/go.mod h1:+Rmxgy9KzJVeS9/2gXHxylqXiyQDYRxCVz55jmeOWTM=
github.com/shurcooL/sanitized_anchor_name v1.0.0 h1:PdmoCO6wvbs+7yrJyMORt4/BmY5IYyJwS/kOiWx8mHo=
github.com/shurcooL/sanitized_anchor_name v1.0.0/go.mod h1:1NzhyTcUVG4SuEtjjoZeVRXNmyL/1OwPU0+IJeTBvfc=
github.com/stretchr/objx v0.1.0 h1:4G4v2dO3VZwixGIRoQ5Lfboy6nUhCyYzaqnIAPPhYs4=
github.com/stretchr/objx v0.1.0/go.mod h1:HFkY916IF+rwdDfMAkV7OtwuqBVzrE8GR6GFx+wExME=
github.com/urfave/cli/v2 v2.3.0 h1:qph92Y649prgesehzOrQjdWyxFOp/QVM+6imKHad91M=
github.com/urfave/cli/v2 v2.3.0/go.mod h1:LJmUH05zAU44vOAcrfzZQKsZbVcdbOG8rtL3/XcUArI=
go.etcd.io/bbolt v1.3.5 h1:XAzx9gjCb0Rxj7EoqcClPD1d5ZBxZJk0jbuoPHenBt0=
go.etcd.io/bbolt v1.3.5/go.mod h1:G5EMThwa9y8QZGBClrRx5EY+Yw9kAhnjy3bSjsnlVTQ=
golang.org/x/sys v0.0.0-20200116001909-b77594299b42/go.mod h1:h1NjWce9XRLGQEsW7wpKNCjG9DtNlClVuFLEZdDNbEs=
golang.org/x/sys v0.0.0-20200202164722-d101bd2416d5/go.mod h1:h1NjWce9XRLGQEsW7wpKNCjG9DtNlClVuFLEZdDNbEs=
golang.org/x/sys v0.0.0-20200223170610-d5e6a3e2c0ae/go.mod h1:h1NjWce9XRLGQEsW7wpKNCjG9DtNlClVuFLEZdDNbEs=
golang.org/x/sys v0.0.0-20210403161142-5e06dd20ab57 h1:F5Gozwx4I1xtr/sr/8CFbb57iKi3297KFs0QDbGN60A=
golang.org/x/sys v0.0.0-20210403161142-5e06dd20ab57/go.mod h1:h1NjWce9XRLGQEsW7wpKNCjG9DtNlClVuFLEZdDNbEs=
golang.org/x/xerrors v0.0.0-20191204190536-9bdfabe68543/go.mod h1:I/5z698sn9Ka8TeJc9MKroUUfqBBauWjQqLJ2OPfmY0=
golang.org/x/xerrors v0.0.0-20200804184101-5ec99f83aff1 h1:go1bK/D/BFZV2I8cIQd1NKEZ+0owSTG1fDTci4IqFcE=
golang.org/x/xerrors v0.0.0-20200804184101-5ec99f83aff1/go.mod h1:I/5z698sn9Ka8TeJc9MKroUUfqBBauWjQqLJ2OPfmY0=
gopkg.in/check.v1 v0.0.0-20161208181325-20d25e280405 h1:yhCVgyC4o1eVCa2tZl7eS0r+SDo693bJlVdllGtEeKM=
gopkg.in/check.v1 v0.0.0-20161208181325-20d25e280405/go.mod h1:Co6ibVJAznAaIkqp8huTwlJQCZ016jof/cbN4VW5Yz0=
gopkg.in/yaml.v2 v2.2.3/go.mod h1:hI93XBmqTisBFMUTm0b8Fm+jr3Dg1NNxqwp+5A1VGuI=
gopkg.in/yaml.v2 v2.2.8/go.mod h1:hI93XBmqTisBFMUTm0b8Fm+jr3Dg1NNxqwp+5A1VGuI=
gopkg.in/yaml.v2 v2.4.0 h1:D8xgwECY7CYvx+Y2n4sBz93Jn9JRvxdiyyo8CTfuKaY=
gopkg.in/yaml.v2 v2.4.0/go.mod h1:RDklbk79AGWmwhnvt/jBztapEOGDOx6ZbXqjP6csGnQ=
